// !$*UTF8*$!
{
	archiveVersion = 1;
	classes = {
	};
	objectVersion = 46;
	objects = {

/* Begin PBXBuildFile section */
		75C139A716BE91E900F81C99 /* Cocoa.framework in Frameworks */ = {isa = PBXBuildFile; fileRef = 75C139A616BE91E900F81C99 /* Cocoa.framework */; };
		75C139B116BE91E900F81C99 /* InfoPlist.strings in Resources */ = {isa = PBXBuildFile; fileRef = 75C139AF16BE91E900F81C99 /* InfoPlist.strings */; };
		75C139B316BE91E900F81C99 /* main.m in Sources */ = {isa = PBXBuildFile; fileRef = 75C139B216BE91E900F81C99 /* main.m */; };
		75C139BD16BE91EA00F81C99 /* MainMenu.xib in Resources */ = {isa = PBXBuildFile; fileRef = 75C139BB16BE91EA00F81C99 /* MainMenu.xib */; };
		75C139C516BE927300F81C99 /* MainController.m in Sources */ = {isa = PBXBuildFile; fileRef = 75C139C416BE927300F81C99 /* MainController.m */; };
		75C139C816BE92AD00F81C99 /* OpenGLView.m in Sources */ = {isa = PBXBuildFile; fileRef = 75C139C716BE92AD00F81C99 /* OpenGLView.m */; };
		75C139CA16BE949A00F81C99 /* CoreGraphics.framework in Frameworks */ = {isa = PBXBuildFile; fileRef = 75C139C916BE949A00F81C99 /* CoreGraphics.framework */; };
		75C139CC16BE94A300F81C99 /* CoreVideo.framework in Frameworks */ = {isa = PBXBuildFile; fileRef = 75C139CB16BE94A300F81C99 /* CoreVideo.framework */; };
		75C139CE16BE94AA00F81C99 /* OpenGL.framework in Frameworks */ = {isa = PBXBuildFile; fileRef = 75C139CD16BE94AA00F81C99 /* OpenGL.framework */; };
		75C13A4F16BE98A400F81C99 /* b2BroadPhase.cpp in Sources */ = {isa = PBXBuildFile; fileRef = 75C139E816BE98A400F81C99 /* b2BroadPhase.cpp */; };
		75C13A5016BE98A400F81C99 /* b2CollideCircle.cpp in Sources */ = {isa = PBXBuildFile; fileRef = 75C139EA16BE98A400F81C99 /* b2CollideCircle.cpp */; };
		75C13A5116BE98A400F81C99 /* b2CollideEdge.cpp in Sources */ = {isa = PBXBuildFile; fileRef = 75C139EB16BE98A400F81C99 /* b2CollideEdge.cpp */; };
		75C13A5216BE98A400F81C99 /* b2CollidePolygon.cpp in Sources */ = {isa = PBXBuildFile; fileRef = 75C139EC16BE98A400F81C99 /* b2CollidePolygon.cpp */; };
		75C13A5316BE98A400F81C99 /* b2Collision.cpp in Sources */ = {isa = PBXBuildFile; fileRef = 75C139ED16BE98A400F81C99 /* b2Collision.cpp */; };
		75C13A5416BE98A400F81C99 /* b2Distance.cpp in Sources */ = {isa = PBXBuildFile; fileRef = 75C139EF16BE98A400F81C99 /* b2Distance.cpp */; };
		75C13A5516BE98A400F81C99 /* b2DynamicTree.cpp in Sources */ = {isa = PBXBuildFile; fileRef = 75C139F116BE98A400F81C99 /* b2DynamicTree.cpp */; };
		75C13A5616BE98A400F81C99 /* b2TimeOfImpact.cpp in Sources */ = {isa = PBXBuildFile; fileRef = 75C139F316BE98A400F81C99 /* b2TimeOfImpact.cpp */; };
		75C13A5716BE98A400F81C99 /* b2ChainShape.cpp in Sources */ = {isa = PBXBuildFile; fileRef = 75C139F616BE98A400F81C99 /* b2ChainShape.cpp */; };
		75C13A5816BE98A400F81C99 /* b2CircleShape.cpp in Sources */ = {isa = PBXBuildFile; fileRef = 75C139F816BE98A400F81C99 /* b2CircleShape.cpp */; };
		75C13A5916BE98A400F81C99 /* b2EdgeShape.cpp in Sources */ = {isa = PBXBuildFile; fileRef = 75C139FA16BE98A400F81C99 /* b2EdgeShape.cpp */; };
		75C13A5A16BE98A400F81C99 /* b2PolygonShape.cpp in Sources */ = {isa = PBXBuildFile; fileRef = 75C139FC16BE98A400F81C99 /* b2PolygonShape.cpp */; };
		75C13A5B16BE98A400F81C99 /* b2BlockAllocator.cpp in Sources */ = {isa = PBXBuildFile; fileRef = 75C13A0016BE98A400F81C99 /* b2BlockAllocator.cpp */; };
		75C13A5C16BE98A400F81C99 /* b2Draw.cpp in Sources */ = {isa = PBXBuildFile; fileRef = 75C13A0216BE98A400F81C99 /* b2Draw.cpp */; };
		75C13A5D16BE98A400F81C99 /* b2Math.cpp in Sources */ = {isa = PBXBuildFile; fileRef = 75C13A0516BE98A400F81C99 /* b2Math.cpp */; };
		75C13A5E16BE98A400F81C99 /* b2Settings.cpp in Sources */ = {isa = PBXBuildFile; fileRef = 75C13A0716BE98A400F81C99 /* b2Settings.cpp */; };
		75C13A5F16BE98A400F81C99 /* b2StackAllocator.cpp in Sources */ = {isa = PBXBuildFile; fileRef = 75C13A0916BE98A400F81C99 /* b2StackAllocator.cpp */; };
		75C13A6016BE98A400F81C99 /* b2Timer.cpp in Sources */ = {isa = PBXBuildFile; fileRef = 75C13A0B16BE98A400F81C99 /* b2Timer.cpp */; };
		75C13A6116BE98A400F81C99 /* b2Polygon.cpp in Sources */ = {isa = PBXBuildFile; fileRef = 75C13A0E16BE98A400F81C99 /* b2Polygon.cpp */; };
		75C13A6216BE98A400F81C99 /* b2Triangle.cpp in Sources */ = {isa = PBXBuildFile; fileRef = 75C13A1016BE98A400F81C99 /* b2Triangle.cpp */; };
		75C13A6316BE98A400F81C99 /* b2Body.cpp in Sources */ = {isa = PBXBuildFile; fileRef = 75C13A1316BE98A400F81C99 /* b2Body.cpp */; };
		75C13A6416BE98A400F81C99 /* b2ContactManager.cpp in Sources */ = {isa = PBXBuildFile; fileRef = 75C13A1516BE98A400F81C99 /* b2ContactManager.cpp */; };
		75C13A6516BE98A400F81C99 /* b2Fixture.cpp in Sources */ = {isa = PBXBuildFile; fileRef = 75C13A1716BE98A400F81C99 /* b2Fixture.cpp */; };
		75C13A6616BE98A400F81C99 /* b2Island.cpp in Sources */ = {isa = PBXBuildFile; fileRef = 75C13A1916BE98A400F81C99 /* b2Island.cpp */; };
		75C13A6716BE98A400F81C99 /* b2World.cpp in Sources */ = {isa = PBXBuildFile; fileRef = 75C13A1C16BE98A400F81C99 /* b2World.cpp */; };
		75C13A6816BE98A400F81C99 /* b2WorldCallbacks.cpp in Sources */ = {isa = PBXBuildFile; fileRef = 75C13A1E16BE98A400F81C99 /* b2WorldCallbacks.cpp */; };
		75C13A6916BE98A400F81C99 /* b2ChainAndCircleContact.cpp in Sources */ = {isa = PBXBuildFile; fileRef = 75C13A2116BE98A400F81C99 /* b2ChainAndCircleContact.cpp */; };
		75C13A6A16BE98A400F81C99 /* b2ChainAndPolygonContact.cpp in Sources */ = {isa = PBXBuildFile; fileRef = 75C13A2316BE98A400F81C99 /* b2ChainAndPolygonContact.cpp */; };
		75C13A6B16BE98A400F81C99 /* b2CircleContact.cpp in Sources */ = {isa = PBXBuildFile; fileRef = 75C13A2516BE98A400F81C99 /* b2CircleContact.cpp */; };
		75C13A6C16BE98A400F81C99 /* b2Contact.cpp in Sources */ = {isa = PBXBuildFile; fileRef = 75C13A2716BE98A400F81C99 /* b2Contact.cpp */; };
		75C13A6D16BE98A400F81C99 /* b2ContactSolver.cpp in Sources */ = {isa = PBXBuildFile; fileRef = 75C13A2916BE98A400F81C99 /* b2ContactSolver.cpp */; };
		75C13A6E16BE98A400F81C99 /* b2EdgeAndCircleContact.cpp in Sources */ = {isa = PBXBuildFile; fileRef = 75C13A2B16BE98A400F81C99 /* b2EdgeAndCircleContact.cpp */; };
		75C13A6F16BE98A400F81C99 /* b2EdgeAndPolygonContact.cpp in Sources */ = {isa = PBXBuildFile; fileRef = 75C13A2D16BE98A400F81C99 /* b2EdgeAndPolygonContact.cpp */; };
		75C13A7016BE98A400F81C99 /* b2PolygonAndCircleContact.cpp in Sources */ = {isa = PBXBuildFile; fileRef = 75C13A2F16BE98A400F81C99 /* b2PolygonAndCircleContact.cpp */; };
		75C13A7116BE98A400F81C99 /* b2PolygonContact.cpp in Sources */ = {isa = PBXBuildFile; fileRef = 75C13A3116BE98A400F81C99 /* b2PolygonContact.cpp */; };
		75C13A7216BE98A400F81C99 /* b2DistanceJoint.cpp in Sources */ = {isa = PBXBuildFile; fileRef = 75C13A3416BE98A400F81C99 /* b2DistanceJoint.cpp */; };
		75C13A7316BE98A400F81C99 /* b2FrictionJoint.cpp in Sources */ = {isa = PBXBuildFile; fileRef = 75C13A3616BE98A400F81C99 /* b2FrictionJoint.cpp */; };
		75C13A7416BE98A400F81C99 /* b2GearJoint.cpp in Sources */ = {isa = PBXBuildFile; fileRef = 75C13A3816BE98A400F81C99 /* b2GearJoint.cpp */; };
		75C13A7516BE98A400F81C99 /* b2Joint.cpp in Sources */ = {isa = PBXBuildFile; fileRef = 75C13A3A16BE98A400F81C99 /* b2Joint.cpp */; };
		75C13A7616BE98A400F81C99 /* b2MouseJoint.cpp in Sources */ = {isa = PBXBuildFile; fileRef = 75C13A3C16BE98A400F81C99 /* b2MouseJoint.cpp */; };
		75C13A7716BE98A400F81C99 /* b2PrismaticJoint.cpp in Sources */ = {isa = PBXBuildFile; fileRef = 75C13A3E16BE98A400F81C99 /* b2PrismaticJoint.cpp */; };
		75C13A7816BE98A400F81C99 /* b2PulleyJoint.cpp in Sources */ = {isa = PBXBuildFile; fileRef = 75C13A4016BE98A400F81C99 /* b2PulleyJoint.cpp */; };
		75C13A7916BE98A400F81C99 /* b2RevoluteJoint.cpp in Sources */ = {isa = PBXBuildFile; fileRef = 75C13A4216BE98A400F81C99 /* b2RevoluteJoint.cpp */; };
		75C13A7A16BE98A400F81C99 /* b2RopeJoint.cpp in Sources */ = {isa = PBXBuildFile; fileRef = 75C13A4416BE98A400F81C99 /* b2RopeJoint.cpp */; };
		75C13A7B16BE98A400F81C99 /* b2WeldJoint.cpp in Sources */ = {isa = PBXBuildFile; fileRef = 75C13A4616BE98A400F81C99 /* b2WeldJoint.cpp */; };
		75C13A7C16BE98A400F81C99 /* b2WheelJoint.cpp in Sources */ = {isa = PBXBuildFile; fileRef = 75C13A4816BE98A400F81C99 /* b2WheelJoint.cpp */; };
		75C13A7D16BE98A400F81C99 /* b2Rope.cpp in Sources */ = {isa = PBXBuildFile; fileRef = 75C13A4B16BE98A400F81C99 /* b2Rope.cpp */; };
		75C13AB516BE997700F81C99 /* lapi.c in Sources */ = {isa = PBXBuildFile; fileRef = 75C13A7F16BE997700F81C99 /* lapi.c */; };
		75C13AB616BE997700F81C99 /* lauxlib.c in Sources */ = {isa = PBXBuildFile; fileRef = 75C13A8116BE997700F81C99 /* lauxlib.c */; };
		75C13AB716BE997700F81C99 /* lbaselib.c in Sources */ = {isa = PBXBuildFile; fileRef = 75C13A8316BE997700F81C99 /* lbaselib.c */; };
		75C13AB816BE997700F81C99 /* lcode.c in Sources */ = {isa = PBXBuildFile; fileRef = 75C13A8416BE997700F81C99 /* lcode.c */; };
		75C13AB916BE997700F81C99 /* ldblib.c in Sources */ = {isa = PBXBuildFile; fileRef = 75C13A8616BE997700F81C99 /* ldblib.c */; };
		75C13ABA16BE997700F81C99 /* ldebug.c in Sources */ = {isa = PBXBuildFile; fileRef = 75C13A8716BE997700F81C99 /* ldebug.c */; };
		75C13ABB16BE997700F81C99 /* ldo.c in Sources */ = {isa = PBXBuildFile; fileRef = 75C13A8916BE997700F81C99 /* ldo.c */; };
		75C13ABC16BE997700F81C99 /* ldump.c in Sources */ = {isa = PBXBuildFile; fileRef = 75C13A8B16BE997700F81C99 /* ldump.c */; };
		75C13ABD16BE997700F81C99 /* lfunc.c in Sources */ = {isa = PBXBuildFile; fileRef = 75C13A8C16BE997700F81C99 /* lfunc.c */; };
		75C13ABE16BE997700F81C99 /* lgc.c in Sources */ = {isa = PBXBuildFile; fileRef = 75C13A8E16BE997700F81C99 /* lgc.c */; };
		75C13ABF16BE997700F81C99 /* linit.c in Sources */ = {isa = PBXBuildFile; fileRef = 75C13A9016BE997700F81C99 /* linit.c */; };
		75C13AC016BE997700F81C99 /* liolib.c in Sources */ = {isa = PBXBuildFile; fileRef = 75C13A9116BE997700F81C99 /* liolib.c */; };
		75C13AC116BE997700F81C99 /* llex.c in Sources */ = {isa = PBXBuildFile; fileRef = 75C13A9216BE997700F81C99 /* llex.c */; };
		75C13AC216BE997700F81C99 /* lmathlib.c in Sources */ = {isa = PBXBuildFile; fileRef = 75C13A9516BE997700F81C99 /* lmathlib.c */; };
		75C13AC316BE997700F81C99 /* lmem.c in Sources */ = {isa = PBXBuildFile; fileRef = 75C13A9616BE997700F81C99 /* lmem.c */; };
		75C13AC416BE997700F81C99 /* loadlib.c in Sources */ = {isa = PBXBuildFile; fileRef = 75C13A9816BE997700F81C99 /* loadlib.c */; };
		75C13AC516BE997700F81C99 /* lobject.c in Sources */ = {isa = PBXBuildFile; fileRef = 75C13A9916BE997700F81C99 /* lobject.c */; };
		75C13AC616BE997700F81C99 /* lopcodes.c in Sources */ = {isa = PBXBuildFile; fileRef = 75C13A9B16BE997700F81C99 /* lopcodes.c */; };
		75C13AC716BE997700F81C99 /* loslib.c in Sources */ = {isa = PBXBuildFile; fileRef = 75C13A9D16BE997700F81C99 /* loslib.c */; };
		75C13AC816BE997700F81C99 /* lparser.c in Sources */ = {isa = PBXBuildFile; fileRef = 75C13A9E16BE997700F81C99 /* lparser.c */; };
		75C13AC916BE997700F81C99 /* lstate.c in Sources */ = {isa = PBXBuildFile; fileRef = 75C13AA016BE997700F81C99 /* lstate.c */; };
		75C13ACA16BE997700F81C99 /* lstring.c in Sources */ = {isa = PBXBuildFile; fileRef = 75C13AA216BE997700F81C99 /* lstring.c */; };
		75C13ACB16BE997700F81C99 /* lstrlib.c in Sources */ = {isa = PBXBuildFile; fileRef = 75C13AA416BE997700F81C99 /* lstrlib.c */; };
		75C13ACC16BE997700F81C99 /* ltable.c in Sources */ = {isa = PBXBuildFile; fileRef = 75C13AA516BE997700F81C99 /* ltable.c */; };
		75C13ACD16BE997700F81C99 /* ltablib.c in Sources */ = {isa = PBXBuildFile; fileRef = 75C13AA716BE997700F81C99 /* ltablib.c */; };
		75C13ACE16BE997700F81C99 /* ltm.c in Sources */ = {isa = PBXBuildFile; fileRef = 75C13AA816BE997700F81C99 /* ltm.c */; };
		75C13ACF16BE997700F81C99 /* lundump.c in Sources */ = {isa = PBXBuildFile; fileRef = 75C13AAE16BE997700F81C99 /* lundump.c */; };
		75C13AD016BE997700F81C99 /* lvm.c in Sources */ = {isa = PBXBuildFile; fileRef = 75C13AB016BE997700F81C99 /* lvm.c */; };
		75C13AD116BE997700F81C99 /* lzio.c in Sources */ = {isa = PBXBuildFile; fileRef = 75C13AB216BE997700F81C99 /* lzio.c */; };
		75C13AD216BE997700F81C99 /* print.c in Sources */ = {isa = PBXBuildFile; fileRef = 75C13AB416BE997700F81C99 /* print.c */; };
		75C13C9B16BEA11B00F81C99 /* Renderer.cpp in Sources */ = {isa = PBXBuildFile; fileRef = 75C13C9916BEA11B00F81C99 /* Renderer.cpp */; };
/* End PBXBuildFile section */

/* Begin PBXFileReference section */
		75A8217816C2F64C00C2E102 /* Vector.h */ = {isa = PBXFileReference; lastKnownFileType = sourcecode.c.h; name = Vector.h; path = Math/Vector.h; sourceTree = "<group>"; };
		75C139A216BE91E900F81C99 /* Wonderland.app */ = {isa = PBXFileReference; explicitFileType = wrapper.application; includeInIndex = 0; path = Wonderland.app; sourceTree = BUILT_PRODUCTS_DIR; };
		75C139A616BE91E900F81C99 /* Cocoa.framework */ = {isa = PBXFileReference; lastKnownFileType = wrapper.framework; name = Cocoa.framework; path = System/Library/Frameworks/Cocoa.framework; sourceTree = SDKROOT; };
		75C139A916BE91E900F81C99 /* AppKit.framework */ = {isa = PBXFileReference; lastKnownFileType = wrapper.framework; name = AppKit.framework; path = System/Library/Frameworks/AppKit.framework; sourceTree = SDKROOT; };
		75C139AA16BE91E900F81C99 /* CoreData.framework */ = {isa = PBXFileReference; lastKnownFileType = wrapper.framework; name = CoreData.framework; path = System/Library/Frameworks/CoreData.framework; sourceTree = SDKROOT; };
		75C139AB16BE91E900F81C99 /* Foundation.framework */ = {isa = PBXFileReference; lastKnownFileType = wrapper.framework; name = Foundation.framework; path = System/Library/Frameworks/Foundation.framework; sourceTree = SDKROOT; };
		75C139AE16BE91E900F81C99 /* Wonderland-Info.plist */ = {isa = PBXFileReference; lastKnownFileType = text.plist.xml; path = "Wonderland-Info.plist"; sourceTree = "<group>"; };
		75C139B016BE91E900F81C99 /* en */ = {isa = PBXFileReference; lastKnownFileType = text.plist.strings; name = en; path = en.lproj/InfoPlist.strings; sourceTree = "<group>"; };
		75C139B216BE91E900F81C99 /* main.m */ = {isa = PBXFileReference; lastKnownFileType = sourcecode.c.objc; path = main.m; sourceTree = "<group>"; };
		75C139B416BE91E900F81C99 /* Wonderland-Prefix.pch */ = {isa = PBXFileReference; lastKnownFileType = sourcecode.c.h; path = "Wonderland-Prefix.pch"; sourceTree = "<group>"; };
		75C139BC16BE91EA00F81C99 /* en */ = {isa = PBXFileReference; lastKnownFileType = file.xib; name = en; path = en.lproj/MainMenu.xib; sourceTree = "<group>"; };
		75C139C316BE927300F81C99 /* MainController.h */ = {isa = PBXFileReference; fileEncoding = 4; lastKnownFileType = sourcecode.c.h; path = MainController.h; sourceTree = "<group>"; };
		75C139C416BE927300F81C99 /* MainController.m */ = {isa = PBXFileReference; fileEncoding = 4; lastKnownFileType = sourcecode.c.objc; path = MainController.m; sourceTree = "<group>"; };
		75C139C616BE92AD00F81C99 /* OpenGLView.h */ = {isa = PBXFileReference; fileEncoding = 4; lastKnownFileType = sourcecode.c.h; path = OpenGLView.h; sourceTree = "<group>"; };
		75C139C716BE92AD00F81C99 /* OpenGLView.m */ = {isa = PBXFileReference; fileEncoding = 4; lastKnownFileType = sourcecode.c.objc; path = OpenGLView.m; sourceTree = "<group>"; };
		75C139C916BE949A00F81C99 /* CoreGraphics.framework */ = {isa = PBXFileReference; lastKnownFileType = wrapper.framework; name = CoreGraphics.framework; path = System/Library/Frameworks/CoreGraphics.framework; sourceTree = SDKROOT; };
		75C139CB16BE94A300F81C99 /* CoreVideo.framework */ = {isa = PBXFileReference; lastKnownFileType = wrapper.framework; name = CoreVideo.framework; path = System/Library/Frameworks/CoreVideo.framework; sourceTree = SDKROOT; };
		75C139CD16BE94AA00F81C99 /* OpenGL.framework */ = {isa = PBXFileReference; lastKnownFileType = wrapper.framework; name = OpenGL.framework; path = System/Library/Frameworks/OpenGL.framework; sourceTree = SDKROOT; };
		75C139E416BE98A400F81C99 /* Box2D.h */ = {isa = PBXFileReference; fileEncoding = 4; lastKnownFileType = sourcecode.c.h; path = Box2D.h; sourceTree = "<group>"; };
		75C139E516BE98A400F81C99 /* Box2DConfig.cmake */ = {isa = PBXFileReference; fileEncoding = 4; lastKnownFileType = text; path = Box2DConfig.cmake; sourceTree = "<group>"; };
		75C139E616BE98A400F81C99 /* CMakeLists.txt */ = {isa = PBXFileReference; fileEncoding = 4; lastKnownFileType = text; path = CMakeLists.txt; sourceTree = "<group>"; };
		75C139E816BE98A400F81C99 /* b2BroadPhase.cpp */ = {isa = PBXFileReference; fileEncoding = 4; lastKnownFileType = sourcecode.cpp.cpp; path = b2BroadPhase.cpp; sourceTree = "<group>"; };
		75C139E916BE98A400F81C99 /* b2BroadPhase.h */ = {isa = PBXFileReference; fileEncoding = 4; lastKnownFileType = sourcecode.c.h; path = b2BroadPhase.h; sourceTree = "<group>"; };
		75C139EA16BE98A400F81C99 /* b2CollideCircle.cpp */ = {isa = PBXFileReference; fileEncoding = 4; lastKnownFileType = sourcecode.cpp.cpp; path = b2CollideCircle.cpp; sourceTree = "<group>"; };
		75C139EB16BE98A400F81C99 /* b2CollideEdge.cpp */ = {isa = PBXFileReference; fileEncoding = 4; lastKnownFileType = sourcecode.cpp.cpp; path = b2CollideEdge.cpp; sourceTree = "<group>"; };
		75C139EC16BE98A400F81C99 /* b2CollidePolygon.cpp */ = {isa = PBXFileReference; fileEncoding = 4; lastKnownFileType = sourcecode.cpp.cpp; path = b2CollidePolygon.cpp; sourceTree = "<group>"; };
		75C139ED16BE98A400F81C99 /* b2Collision.cpp */ = {isa = PBXFileReference; fileEncoding = 4; lastKnownFileType = sourcecode.cpp.cpp; path = b2Collision.cpp; sourceTree = "<group>"; };
		75C139EE16BE98A400F81C99 /* b2Collision.h */ = {isa = PBXFileReference; fileEncoding = 4; lastKnownFileType = sourcecode.c.h; path = b2Collision.h; sourceTree = "<group>"; };
		75C139EF16BE98A400F81C99 /* b2Distance.cpp */ = {isa = PBXFileReference; fileEncoding = 4; lastKnownFileType = sourcecode.cpp.cpp; path = b2Distance.cpp; sourceTree = "<group>"; };
		75C139F016BE98A400F81C99 /* b2Distance.h */ = {isa = PBXFileReference; fileEncoding = 4; lastKnownFileType = sourcecode.c.h; path = b2Distance.h; sourceTree = "<group>"; };
		75C139F116BE98A400F81C99 /* b2DynamicTree.cpp */ = {isa = PBXFileReference; fileEncoding = 4; lastKnownFileType = sourcecode.cpp.cpp; path = b2DynamicTree.cpp; sourceTree = "<group>"; };
		75C139F216BE98A400F81C99 /* b2DynamicTree.h */ = {isa = PBXFileReference; fileEncoding = 4; lastKnownFileType = sourcecode.c.h; path = b2DynamicTree.h; sourceTree = "<group>"; };
		75C139F316BE98A400F81C99 /* b2TimeOfImpact.cpp */ = {isa = PBXFileReference; fileEncoding = 4; lastKnownFileType = sourcecode.cpp.cpp; path = b2TimeOfImpact.cpp; sourceTree = "<group>"; };
		75C139F416BE98A400F81C99 /* b2TimeOfImpact.h */ = {isa = PBXFileReference; fileEncoding = 4; lastKnownFileType = sourcecode.c.h; path = b2TimeOfImpact.h; sourceTree = "<group>"; };
		75C139F616BE98A400F81C99 /* b2ChainShape.cpp */ = {isa = PBXFileReference; fileEncoding = 4; lastKnownFileType = sourcecode.cpp.cpp; path = b2ChainShape.cpp; sourceTree = "<group>"; };
		75C139F716BE98A400F81C99 /* b2ChainShape.h */ = {isa = PBXFileReference; fileEncoding = 4; lastKnownFileType = sourcecode.c.h; path = b2ChainShape.h; sourceTree = "<group>"; };
		75C139F816BE98A400F81C99 /* b2CircleShape.cpp */ = {isa = PBXFileReference; fileEncoding = 4; lastKnownFileType = sourcecode.cpp.cpp; path = b2CircleShape.cpp; sourceTree = "<group>"; };
		75C139F916BE98A400F81C99 /* b2CircleShape.h */ = {isa = PBXFileReference; fileEncoding = 4; lastKnownFileType = sourcecode.c.h; path = b2CircleShape.h; sourceTree = "<group>"; };
		75C139FA16BE98A400F81C99 /* b2EdgeShape.cpp */ = {isa = PBXFileReference; fileEncoding = 4; lastKnownFileType = sourcecode.cpp.cpp; path = b2EdgeShape.cpp; sourceTree = "<group>"; };
		75C139FB16BE98A400F81C99 /* b2EdgeShape.h */ = {isa = PBXFileReference; fileEncoding = 4; lastKnownFileType = sourcecode.c.h; path = b2EdgeShape.h; sourceTree = "<group>"; };
		75C139FC16BE98A400F81C99 /* b2PolygonShape.cpp */ = {isa = PBXFileReference; fileEncoding = 4; lastKnownFileType = sourcecode.cpp.cpp; path = b2PolygonShape.cpp; sourceTree = "<group>"; };
		75C139FD16BE98A400F81C99 /* b2PolygonShape.h */ = {isa = PBXFileReference; fileEncoding = 4; lastKnownFileType = sourcecode.c.h; path = b2PolygonShape.h; sourceTree = "<group>"; };
		75C139FE16BE98A400F81C99 /* b2Shape.h */ = {isa = PBXFileReference; fileEncoding = 4; lastKnownFileType = sourcecode.c.h; path = b2Shape.h; sourceTree = "<group>"; };
		75C13A0016BE98A400F81C99 /* b2BlockAllocator.cpp */ = {isa = PBXFileReference; fileEncoding = 4; lastKnownFileType = sourcecode.cpp.cpp; path = b2BlockAllocator.cpp; sourceTree = "<group>"; };
		75C13A0116BE98A400F81C99 /* b2BlockAllocator.h */ = {isa = PBXFileReference; fileEncoding = 4; lastKnownFileType = sourcecode.c.h; path = b2BlockAllocator.h; sourceTree = "<group>"; };
		75C13A0216BE98A400F81C99 /* b2Draw.cpp */ = {isa = PBXFileReference; fileEncoding = 4; lastKnownFileType = sourcecode.cpp.cpp; path = b2Draw.cpp; sourceTree = "<group>"; };
		75C13A0316BE98A400F81C99 /* b2Draw.h */ = {isa = PBXFileReference; fileEncoding = 4; lastKnownFileType = sourcecode.c.h; path = b2Draw.h; sourceTree = "<group>"; };
		75C13A0416BE98A400F81C99 /* b2GrowableStack.h */ = {isa = PBXFileReference; fileEncoding = 4; lastKnownFileType = sourcecode.c.h; path = b2GrowableStack.h; sourceTree = "<group>"; };
		75C13A0516BE98A400F81C99 /* b2Math.cpp */ = {isa = PBXFileReference; fileEncoding = 4; lastKnownFileType = sourcecode.cpp.cpp; path = b2Math.cpp; sourceTree = "<group>"; };
		75C13A0616BE98A400F81C99 /* b2Math.h */ = {isa = PBXFileReference; fileEncoding = 4; lastKnownFileType = sourcecode.c.h; path = b2Math.h; sourceTree = "<group>"; };
		75C13A0716BE98A400F81C99 /* b2Settings.cpp */ = {isa = PBXFileReference; fileEncoding = 4; lastKnownFileType = sourcecode.cpp.cpp; path = b2Settings.cpp; sourceTree = "<group>"; };
		75C13A0816BE98A400F81C99 /* b2Settings.h */ = {isa = PBXFileReference; fileEncoding = 4; lastKnownFileType = sourcecode.c.h; path = b2Settings.h; sourceTree = "<group>"; };
		75C13A0916BE98A400F81C99 /* b2StackAllocator.cpp */ = {isa = PBXFileReference; fileEncoding = 4; lastKnownFileType = sourcecode.cpp.cpp; path = b2StackAllocator.cpp; sourceTree = "<group>"; };
		75C13A0A16BE98A400F81C99 /* b2StackAllocator.h */ = {isa = PBXFileReference; fileEncoding = 4; lastKnownFileType = sourcecode.c.h; path = b2StackAllocator.h; sourceTree = "<group>"; };
		75C13A0B16BE98A400F81C99 /* b2Timer.cpp */ = {isa = PBXFileReference; fileEncoding = 4; lastKnownFileType = sourcecode.cpp.cpp; path = b2Timer.cpp; sourceTree = "<group>"; };
		75C13A0C16BE98A400F81C99 /* b2Timer.h */ = {isa = PBXFileReference; fileEncoding = 4; lastKnownFileType = sourcecode.c.h; path = b2Timer.h; sourceTree = "<group>"; };
		75C13A0E16BE98A400F81C99 /* b2Polygon.cpp */ = {isa = PBXFileReference; fileEncoding = 4; lastKnownFileType = sourcecode.cpp.cpp; path = b2Polygon.cpp; sourceTree = "<group>"; };
		75C13A0F16BE98A400F81C99 /* b2Polygon.h */ = {isa = PBXFileReference; fileEncoding = 4; lastKnownFileType = sourcecode.c.h; path = b2Polygon.h; sourceTree = "<group>"; };
		75C13A1016BE98A400F81C99 /* b2Triangle.cpp */ = {isa = PBXFileReference; fileEncoding = 4; lastKnownFileType = sourcecode.cpp.cpp; path = b2Triangle.cpp; sourceTree = "<group>"; };
		75C13A1116BE98A400F81C99 /* b2Triangle.h */ = {isa = PBXFileReference; fileEncoding = 4; lastKnownFileType = sourcecode.c.h; path = b2Triangle.h; sourceTree = "<group>"; };
		75C13A1316BE98A400F81C99 /* b2Body.cpp */ = {isa = PBXFileReference; fileEncoding = 4; lastKnownFileType = sourcecode.cpp.cpp; path = b2Body.cpp; sourceTree = "<group>"; };
		75C13A1416BE98A400F81C99 /* b2Body.h */ = {isa = PBXFileReference; fileEncoding = 4; lastKnownFileType = sourcecode.c.h; path = b2Body.h; sourceTree = "<group>"; };
		75C13A1516BE98A400F81C99 /* b2ContactManager.cpp */ = {isa = PBXFileReference; fileEncoding = 4; lastKnownFileType = sourcecode.cpp.cpp; path = b2ContactManager.cpp; sourceTree = "<group>"; };
		75C13A1616BE98A400F81C99 /* b2ContactManager.h */ = {isa = PBXFileReference; fileEncoding = 4; lastKnownFileType = sourcecode.c.h; path = b2ContactManager.h; sourceTree = "<group>"; };
		75C13A1716BE98A400F81C99 /* b2Fixture.cpp */ = {isa = PBXFileReference; fileEncoding = 4; lastKnownFileType = sourcecode.cpp.cpp; path = b2Fixture.cpp; sourceTree = "<group>"; };
		75C13A1816BE98A400F81C99 /* b2Fixture.h */ = {isa = PBXFileReference; fileEncoding = 4; lastKnownFileType = sourcecode.c.h; path = b2Fixture.h; sourceTree = "<group>"; };
		75C13A1916BE98A400F81C99 /* b2Island.cpp */ = {isa = PBXFileReference; fileEncoding = 4; lastKnownFileType = sourcecode.cpp.cpp; path = b2Island.cpp; sourceTree = "<group>"; };
		75C13A1A16BE98A400F81C99 /* b2Island.h */ = {isa = PBXFileReference; fileEncoding = 4; lastKnownFileType = sourcecode.c.h; path = b2Island.h; sourceTree = "<group>"; };
		75C13A1B16BE98A400F81C99 /* b2TimeStep.h */ = {isa = PBXFileReference; fileEncoding = 4; lastKnownFileType = sourcecode.c.h; path = b2TimeStep.h; sourceTree = "<group>"; };
		75C13A1C16BE98A400F81C99 /* b2World.cpp */ = {isa = PBXFileReference; fileEncoding = 4; lastKnownFileType = sourcecode.cpp.cpp; path = b2World.cpp; sourceTree = "<group>"; };
		75C13A1D16BE98A400F81C99 /* b2World.h */ = {isa = PBXFileReference; fileEncoding = 4; lastKnownFileType = sourcecode.c.h; path = b2World.h; sourceTree = "<group>"; };
		75C13A1E16BE98A400F81C99 /* b2WorldCallbacks.cpp */ = {isa = PBXFileReference; fileEncoding = 4; lastKnownFileType = sourcecode.cpp.cpp; path = b2WorldCallbacks.cpp; sourceTree = "<group>"; };
		75C13A1F16BE98A400F81C99 /* b2WorldCallbacks.h */ = {isa = PBXFileReference; fileEncoding = 4; lastKnownFileType = sourcecode.c.h; path = b2WorldCallbacks.h; sourceTree = "<group>"; };
		75C13A2116BE98A400F81C99 /* b2ChainAndCircleContact.cpp */ = {isa = PBXFileReference; fileEncoding = 4; lastKnownFileType = sourcecode.cpp.cpp; path = b2ChainAndCircleContact.cpp; sourceTree = "<group>"; };
		75C13A2216BE98A400F81C99 /* b2ChainAndCircleContact.h */ = {isa = PBXFileReference; fileEncoding = 4; lastKnownFileType = sourcecode.c.h; path = b2ChainAndCircleContact.h; sourceTree = "<group>"; };
		75C13A2316BE98A400F81C99 /* b2ChainAndPolygonContact.cpp */ = {isa = PBXFileReference; fileEncoding = 4; lastKnownFileType = sourcecode.cpp.cpp; path = b2ChainAndPolygonContact.cpp; sourceTree = "<group>"; };
		75C13A2416BE98A400F81C99 /* b2ChainAndPolygonContact.h */ = {isa = PBXFileReference; fileEncoding = 4; lastKnownFileType = sourcecode.c.h; path = b2ChainAndPolygonContact.h; sourceTree = "<group>"; };
		75C13A2516BE98A400F81C99 /* b2CircleContact.cpp */ = {isa = PBXFileReference; fileEncoding = 4; lastKnownFileType = sourcecode.cpp.cpp; path = b2CircleContact.cpp; sourceTree = "<group>"; };
		75C13A2616BE98A400F81C99 /* b2CircleContact.h */ = {isa = PBXFileReference; fileEncoding = 4; lastKnownFileType = sourcecode.c.h; path = b2CircleContact.h; sourceTree = "<group>"; };
		75C13A2716BE98A400F81C99 /* b2Contact.cpp */ = {isa = PBXFileReference; fileEncoding = 4; lastKnownFileType = sourcecode.cpp.cpp; path = b2Contact.cpp; sourceTree = "<group>"; };
		75C13A2816BE98A400F81C99 /* b2Contact.h */ = {isa = PBXFileReference; fileEncoding = 4; lastKnownFileType = sourcecode.c.h; path = b2Contact.h; sourceTree = "<group>"; };
		75C13A2916BE98A400F81C99 /* b2ContactSolver.cpp */ = {isa = PBXFileReference; fileEncoding = 4; lastKnownFileType = sourcecode.cpp.cpp; path = b2ContactSolver.cpp; sourceTree = "<group>"; };
		75C13A2A16BE98A400F81C99 /* b2ContactSolver.h */ = {isa = PBXFileReference; fileEncoding = 4; lastKnownFileType = sourcecode.c.h; path = b2ContactSolver.h; sourceTree = "<group>"; };
		75C13A2B16BE98A400F81C99 /* b2EdgeAndCircleContact.cpp */ = {isa = PBXFileReference; fileEncoding = 4; lastKnownFileType = sourcecode.cpp.cpp; path = b2EdgeAndCircleContact.cpp; sourceTree = "<group>"; };
		75C13A2C16BE98A400F81C99 /* b2EdgeAndCircleContact.h */ = {isa = PBXFileReference; fileEncoding = 4; lastKnownFileType = sourcecode.c.h; path = b2EdgeAndCircleContact.h; sourceTree = "<group>"; };
		75C13A2D16BE98A400F81C99 /* b2EdgeAndPolygonContact.cpp */ = {isa = PBXFileReference; fileEncoding = 4; lastKnownFileType = sourcecode.cpp.cpp; path = b2EdgeAndPolygonContact.cpp; sourceTree = "<group>"; };
		75C13A2E16BE98A400F81C99 /* b2EdgeAndPolygonContact.h */ = {isa = PBXFileReference; fileEncoding = 4; lastKnownFileType = sourcecode.c.h; path = b2EdgeAndPolygonContact.h; sourceTree = "<group>"; };
		75C13A2F16BE98A400F81C99 /* b2PolygonAndCircleContact.cpp */ = {isa = PBXFileReference; fileEncoding = 4; lastKnownFileType = sourcecode.cpp.cpp; path = b2PolygonAndCircleContact.cpp; sourceTree = "<group>"; };
		75C13A3016BE98A400F81C99 /* b2PolygonAndCircleContact.h */ = {isa = PBXFileReference; fileEncoding = 4; lastKnownFileType = sourcecode.c.h; path = b2PolygonAndCircleContact.h; sourceTree = "<group>"; };
		75C13A3116BE98A400F81C99 /* b2PolygonContact.cpp */ = {isa = PBXFileReference; fileEncoding = 4; lastKnownFileType = sourcecode.cpp.cpp; path = b2PolygonContact.cpp; sourceTree = "<group>"; };
		75C13A3216BE98A400F81C99 /* b2PolygonContact.h */ = {isa = PBXFileReference; fileEncoding = 4; lastKnownFileType = sourcecode.c.h; path = b2PolygonContact.h; sourceTree = "<group>"; };
		75C13A3416BE98A400F81C99 /* b2DistanceJoint.cpp */ = {isa = PBXFileReference; fileEncoding = 4; lastKnownFileType = sourcecode.cpp.cpp; path = b2DistanceJoint.cpp; sourceTree = "<group>"; };
		75C13A3516BE98A400F81C99 /* b2DistanceJoint.h */ = {isa = PBXFileReference; fileEncoding = 4; lastKnownFileType = sourcecode.c.h; path = b2DistanceJoint.h; sourceTree = "<group>"; };
		75C13A3616BE98A400F81C99 /* b2FrictionJoint.cpp */ = {isa = PBXFileReference; fileEncoding = 4; lastKnownFileType = sourcecode.cpp.cpp; path = b2FrictionJoint.cpp; sourceTree = "<group>"; };
		75C13A3716BE98A400F81C99 /* b2FrictionJoint.h */ = {isa = PBXFileReference; fileEncoding = 4; lastKnownFileType = sourcecode.c.h; path = b2FrictionJoint.h; sourceTree = "<group>"; };
		75C13A3816BE98A400F81C99 /* b2GearJoint.cpp */ = {isa = PBXFileReference; fileEncoding = 4; lastKnownFileType = sourcecode.cpp.cpp; path = b2GearJoint.cpp; sourceTree = "<group>"; };
		75C13A3916BE98A400F81C99 /* b2GearJoint.h */ = {isa = PBXFileReference; fileEncoding = 4; lastKnownFileType = sourcecode.c.h; path = b2GearJoint.h; sourceTree = "<group>"; };
		75C13A3A16BE98A400F81C99 /* b2Joint.cpp */ = {isa = PBXFileReference; fileEncoding = 4; lastKnownFileType = sourcecode.cpp.cpp; path = b2Joint.cpp; sourceTree = "<group>"; };
		75C13A3B16BE98A400F81C99 /* b2Joint.h */ = {isa = PBXFileReference; fileEncoding = 4; lastKnownFileType = sourcecode.c.h; path = b2Joint.h; sourceTree = "<group>"; };
		75C13A3C16BE98A400F81C99 /* b2MouseJoint.cpp */ = {isa = PBXFileReference; fileEncoding = 4; lastKnownFileType = sourcecode.cpp.cpp; path = b2MouseJoint.cpp; sourceTree = "<group>"; };
		75C13A3D16BE98A400F81C99 /* b2MouseJoint.h */ = {isa = PBXFileReference; fileEncoding = 4; lastKnownFileType = sourcecode.c.h; path = b2MouseJoint.h; sourceTree = "<group>"; };
		75C13A3E16BE98A400F81C99 /* b2PrismaticJoint.cpp */ = {isa = PBXFileReference; fileEncoding = 4; lastKnownFileType = sourcecode.cpp.cpp; path = b2PrismaticJoint.cpp; sourceTree = "<group>"; };
		75C13A3F16BE98A400F81C99 /* b2PrismaticJoint.h */ = {isa = PBXFileReference; fileEncoding = 4; lastKnownFileType = sourcecode.c.h; path = b2PrismaticJoint.h; sourceTree = "<group>"; };
		75C13A4016BE98A400F81C99 /* b2PulleyJoint.cpp */ = {isa = PBXFileReference; fileEncoding = 4; lastKnownFileType = sourcecode.cpp.cpp; path = b2PulleyJoint.cpp; sourceTree = "<group>"; };
		75C13A4116BE98A400F81C99 /* b2PulleyJoint.h */ = {isa = PBXFileReference; fileEncoding = 4; lastKnownFileType = sourcecode.c.h; path = b2PulleyJoint.h; sourceTree = "<group>"; };
		75C13A4216BE98A400F81C99 /* b2RevoluteJoint.cpp */ = {isa = PBXFileReference; fileEncoding = 4; lastKnownFileType = sourcecode.cpp.cpp; path = b2RevoluteJoint.cpp; sourceTree = "<group>"; };
		75C13A4316BE98A400F81C99 /* b2RevoluteJoint.h */ = {isa = PBXFileReference; fileEncoding = 4; lastKnownFileType = sourcecode.c.h; path = b2RevoluteJoint.h; sourceTree = "<group>"; };
		75C13A4416BE98A400F81C99 /* b2RopeJoint.cpp */ = {isa = PBXFileReference; fileEncoding = 4; lastKnownFileType = sourcecode.cpp.cpp; path = b2RopeJoint.cpp; sourceTree = "<group>"; };
		75C13A4516BE98A400F81C99 /* b2RopeJoint.h */ = {isa = PBXFileReference; fileEncoding = 4; lastKnownFileType = sourcecode.c.h; path = b2RopeJoint.h; sourceTree = "<group>"; };
		75C13A4616BE98A400F81C99 /* b2WeldJoint.cpp */ = {isa = PBXFileReference; fileEncoding = 4; lastKnownFileType = sourcecode.cpp.cpp; path = b2WeldJoint.cpp; sourceTree = "<group>"; };
		75C13A4716BE98A400F81C99 /* b2WeldJoint.h */ = {isa = PBXFileReference; fileEncoding = 4; lastKnownFileType = sourcecode.c.h; path = b2WeldJoint.h; sourceTree = "<group>"; };
		75C13A4816BE98A400F81C99 /* b2WheelJoint.cpp */ = {isa = PBXFileReference; fileEncoding = 4; lastKnownFileType = sourcecode.cpp.cpp; path = b2WheelJoint.cpp; sourceTree = "<group>"; };
		75C13A4916BE98A400F81C99 /* b2WheelJoint.h */ = {isa = PBXFileReference; fileEncoding = 4; lastKnownFileType = sourcecode.c.h; path = b2WheelJoint.h; sourceTree = "<group>"; };
		75C13A4B16BE98A400F81C99 /* b2Rope.cpp */ = {isa = PBXFileReference; fileEncoding = 4; lastKnownFileType = sourcecode.cpp.cpp; path = b2Rope.cpp; sourceTree = "<group>"; };
		75C13A4C16BE98A400F81C99 /* b2Rope.h */ = {isa = PBXFileReference; fileEncoding = 4; lastKnownFileType = sourcecode.c.h; path = b2Rope.h; sourceTree = "<group>"; };
		75C13A7F16BE997700F81C99 /* lapi.c */ = {isa = PBXFileReference; fileEncoding = 4; lastKnownFileType = sourcecode.c.c; path = lapi.c; sourceTree = "<group>"; };
		75C13A8016BE997700F81C99 /* lapi.h */ = {isa = PBXFileReference; fileEncoding = 4; lastKnownFileType = sourcecode.c.h; path = lapi.h; sourceTree = "<group>"; };
		75C13A8116BE997700F81C99 /* lauxlib.c */ = {isa = PBXFileReference; fileEncoding = 4; lastKnownFileType = sourcecode.c.c; path = lauxlib.c; sourceTree = "<group>"; };
		75C13A8216BE997700F81C99 /* lauxlib.h */ = {isa = PBXFileReference; fileEncoding = 4; lastKnownFileType = sourcecode.c.h; path = lauxlib.h; sourceTree = "<group>"; };
		75C13A8316BE997700F81C99 /* lbaselib.c */ = {isa = PBXFileReference; fileEncoding = 4; lastKnownFileType = sourcecode.c.c; path = lbaselib.c; sourceTree = "<group>"; };
		75C13A8416BE997700F81C99 /* lcode.c */ = {isa = PBXFileReference; fileEncoding = 4; lastKnownFileType = sourcecode.c.c; path = lcode.c; sourceTree = "<group>"; };
		75C13A8516BE997700F81C99 /* lcode.h */ = {isa = PBXFileReference; fileEncoding = 4; lastKnownFileType = sourcecode.c.h; path = lcode.h; sourceTree = "<group>"; };
		75C13A8616BE997700F81C99 /* ldblib.c */ = {isa = PBXFileReference; fileEncoding = 4; lastKnownFileType = sourcecode.c.c; path = ldblib.c; sourceTree = "<group>"; };
		75C13A8716BE997700F81C99 /* ldebug.c */ = {isa = PBXFileReference; fileEncoding = 4; lastKnownFileType = sourcecode.c.c; path = ldebug.c; sourceTree = "<group>"; };
		75C13A8816BE997700F81C99 /* ldebug.h */ = {isa = PBXFileReference; fileEncoding = 4; lastKnownFileType = sourcecode.c.h; path = ldebug.h; sourceTree = "<group>"; };
		75C13A8916BE997700F81C99 /* ldo.c */ = {isa = PBXFileReference; fileEncoding = 4; lastKnownFileType = sourcecode.c.c; path = ldo.c; sourceTree = "<group>"; };
		75C13A8A16BE997700F81C99 /* ldo.h */ = {isa = PBXFileReference; fileEncoding = 4; lastKnownFileType = sourcecode.c.h; path = ldo.h; sourceTree = "<group>"; };
		75C13A8B16BE997700F81C99 /* ldump.c */ = {isa = PBXFileReference; fileEncoding = 4; lastKnownFileType = sourcecode.c.c; path = ldump.c; sourceTree = "<group>"; };
		75C13A8C16BE997700F81C99 /* lfunc.c */ = {isa = PBXFileReference; fileEncoding = 4; lastKnownFileType = sourcecode.c.c; path = lfunc.c; sourceTree = "<group>"; };
		75C13A8D16BE997700F81C99 /* lfunc.h */ = {isa = PBXFileReference; fileEncoding = 4; lastKnownFileType = sourcecode.c.h; path = lfunc.h; sourceTree = "<group>"; };
		75C13A8E16BE997700F81C99 /* lgc.c */ = {isa = PBXFileReference; fileEncoding = 4; lastKnownFileType = sourcecode.c.c; path = lgc.c; sourceTree = "<group>"; };
		75C13A8F16BE997700F81C99 /* lgc.h */ = {isa = PBXFileReference; fileEncoding = 4; lastKnownFileType = sourcecode.c.h; path = lgc.h; sourceTree = "<group>"; };
		75C13A9016BE997700F81C99 /* linit.c */ = {isa = PBXFileReference; fileEncoding = 4; lastKnownFileType = sourcecode.c.c; path = linit.c; sourceTree = "<group>"; };
		75C13A9116BE997700F81C99 /* liolib.c */ = {isa = PBXFileReference; fileEncoding = 4; lastKnownFileType = sourcecode.c.c; path = liolib.c; sourceTree = "<group>"; };
		75C13A9216BE997700F81C99 /* llex.c */ = {isa = PBXFileReference; fileEncoding = 4; lastKnownFileType = sourcecode.c.c; path = llex.c; sourceTree = "<group>"; };
		75C13A9316BE997700F81C99 /* llex.h */ = {isa = PBXFileReference; fileEncoding = 4; lastKnownFileType = sourcecode.c.h; path = llex.h; sourceTree = "<group>"; };
		75C13A9416BE997700F81C99 /* llimits.h */ = {isa = PBXFileReference; fileEncoding = 4; lastKnownFileType = sourcecode.c.h; path = llimits.h; sourceTree = "<group>"; };
		75C13A9516BE997700F81C99 /* lmathlib.c */ = {isa = PBXFileReference; fileEncoding = 4; lastKnownFileType = sourcecode.c.c; path = lmathlib.c; sourceTree = "<group>"; };
		75C13A9616BE997700F81C99 /* lmem.c */ = {isa = PBXFileReference; fileEncoding = 4; lastKnownFileType = sourcecode.c.c; path = lmem.c; sourceTree = "<group>"; };
		75C13A9716BE997700F81C99 /* lmem.h */ = {isa = PBXFileReference; fileEncoding = 4; lastKnownFileType = sourcecode.c.h; path = lmem.h; sourceTree = "<group>"; };
		75C13A9816BE997700F81C99 /* loadlib.c */ = {isa = PBXFileReference; fileEncoding = 4; lastKnownFileType = sourcecode.c.c; path = loadlib.c; sourceTree = "<group>"; };
		75C13A9916BE997700F81C99 /* lobject.c */ = {isa = PBXFileReference; fileEncoding = 4; lastKnownFileType = sourcecode.c.c; path = lobject.c; sourceTree = "<group>"; };
		75C13A9A16BE997700F81C99 /* lobject.h */ = {isa = PBXFileReference; fileEncoding = 4; lastKnownFileType = sourcecode.c.h; path = lobject.h; sourceTree = "<group>"; };
		75C13A9B16BE997700F81C99 /* lopcodes.c */ = {isa = PBXFileReference; fileEncoding = 4; lastKnownFileType = sourcecode.c.c; path = lopcodes.c; sourceTree = "<group>"; };
		75C13A9C16BE997700F81C99 /* lopcodes.h */ = {isa = PBXFileReference; fileEncoding = 4; lastKnownFileType = sourcecode.c.h; path = lopcodes.h; sourceTree = "<group>"; };
		75C13A9D16BE997700F81C99 /* loslib.c */ = {isa = PBXFileReference; fileEncoding = 4; lastKnownFileType = sourcecode.c.c; path = loslib.c; sourceTree = "<group>"; };
		75C13A9E16BE997700F81C99 /* lparser.c */ = {isa = PBXFileReference; fileEncoding = 4; lastKnownFileType = sourcecode.c.c; path = lparser.c; sourceTree = "<group>"; };
		75C13A9F16BE997700F81C99 /* lparser.h */ = {isa = PBXFileReference; fileEncoding = 4; lastKnownFileType = sourcecode.c.h; path = lparser.h; sourceTree = "<group>"; };
		75C13AA016BE997700F81C99 /* lstate.c */ = {isa = PBXFileReference; fileEncoding = 4; lastKnownFileType = sourcecode.c.c; path = lstate.c; sourceTree = "<group>"; };
		75C13AA116BE997700F81C99 /* lstate.h */ = {isa = PBXFileReference; fileEncoding = 4; lastKnownFileType = sourcecode.c.h; path = lstate.h; sourceTree = "<group>"; };
		75C13AA216BE997700F81C99 /* lstring.c */ = {isa = PBXFileReference; fileEncoding = 4; lastKnownFileType = sourcecode.c.c; path = lstring.c; sourceTree = "<group>"; };
		75C13AA316BE997700F81C99 /* lstring.h */ = {isa = PBXFileReference; fileEncoding = 4; lastKnownFileType = sourcecode.c.h; path = lstring.h; sourceTree = "<group>"; };
		75C13AA416BE997700F81C99 /* lstrlib.c */ = {isa = PBXFileReference; fileEncoding = 4; lastKnownFileType = sourcecode.c.c; path = lstrlib.c; sourceTree = "<group>"; };
		75C13AA516BE997700F81C99 /* ltable.c */ = {isa = PBXFileReference; fileEncoding = 4; lastKnownFileType = sourcecode.c.c; path = ltable.c; sourceTree = "<group>"; };
		75C13AA616BE997700F81C99 /* ltable.h */ = {isa = PBXFileReference; fileEncoding = 4; lastKnownFileType = sourcecode.c.h; path = ltable.h; sourceTree = "<group>"; };
		75C13AA716BE997700F81C99 /* ltablib.c */ = {isa = PBXFileReference; fileEncoding = 4; lastKnownFileType = sourcecode.c.c; path = ltablib.c; sourceTree = "<group>"; };
		75C13AA816BE997700F81C99 /* ltm.c */ = {isa = PBXFileReference; fileEncoding = 4; lastKnownFileType = sourcecode.c.c; path = ltm.c; sourceTree = "<group>"; };
		75C13AA916BE997700F81C99 /* ltm.h */ = {isa = PBXFileReference; fileEncoding = 4; lastKnownFileType = sourcecode.c.h; path = ltm.h; sourceTree = "<group>"; };
		75C13AAA16BE997700F81C99 /* Lua-Prefix.pch */ = {isa = PBXFileReference; fileEncoding = 4; lastKnownFileType = sourcecode.c.h; path = "Lua-Prefix.pch"; sourceTree = "<group>"; };
		75C13AAB16BE997700F81C99 /* lua.h */ = {isa = PBXFileReference; fileEncoding = 4; lastKnownFileType = sourcecode.c.h; path = lua.h; sourceTree = "<group>"; };
		75C13AAC16BE997700F81C99 /* luaconf.h */ = {isa = PBXFileReference; fileEncoding = 4; lastKnownFileType = sourcecode.c.h; path = luaconf.h; sourceTree = "<group>"; };
		75C13AAD16BE997700F81C99 /* lualib.h */ = {isa = PBXFileReference; fileEncoding = 4; lastKnownFileType = sourcecode.c.h; path = lualib.h; sourceTree = "<group>"; };
		75C13AAE16BE997700F81C99 /* lundump.c */ = {isa = PBXFileReference; fileEncoding = 4; lastKnownFileType = sourcecode.c.c; path = lundump.c; sourceTree = "<group>"; };
		75C13AAF16BE997700F81C99 /* lundump.h */ = {isa = PBXFileReference; fileEncoding = 4; lastKnownFileType = sourcecode.c.h; path = lundump.h; sourceTree = "<group>"; };
		75C13AB016BE997700F81C99 /* lvm.c */ = {isa = PBXFileReference; fileEncoding = 4; lastKnownFileType = sourcecode.c.c; path = lvm.c; sourceTree = "<group>"; };
		75C13AB116BE997700F81C99 /* lvm.h */ = {isa = PBXFileReference; fileEncoding = 4; lastKnownFileType = sourcecode.c.h; path = lvm.h; sourceTree = "<group>"; };
		75C13AB216BE997700F81C99 /* lzio.c */ = {isa = PBXFileReference; fileEncoding = 4; lastKnownFileType = sourcecode.c.c; path = lzio.c; sourceTree = "<group>"; };
		75C13AB316BE997700F81C99 /* lzio.h */ = {isa = PBXFileReference; fileEncoding = 4; lastKnownFileType = sourcecode.c.h; path = lzio.h; sourceTree = "<group>"; };
		75C13AB416BE997700F81C99 /* print.c */ = {isa = PBXFileReference; fileEncoding = 4; lastKnownFileType = sourcecode.c.c; path = print.c; sourceTree = "<group>"; };
		75C13C9916BEA11B00F81C99 /* Renderer.cpp */ = {isa = PBXFileReference; fileEncoding = 4; lastKnownFileType = sourcecode.cpp.cpp; name = Renderer.cpp; path = Renderer/Renderer.cpp; sourceTree = "<group>"; };
		75C13C9A16BEA11B00F81C99 /* Renderer.h */ = {isa = PBXFileReference; fileEncoding = 4; lastKnownFileType = sourcecode.c.h; name = Renderer.h; path = Renderer/Renderer.h; sourceTree = "<group>"; };
/* End PBXFileReference section */

/* Begin PBXFrameworksBuildPhase section */
		75C1399F16BE91E900F81C99 /* Frameworks */ = {
			isa = PBXFrameworksBuildPhase;
			buildActionMask = 2147483647;
			files = (
				75C139CE16BE94AA00F81C99 /* OpenGL.framework in Frameworks */,
				75C139CC16BE94A300F81C99 /* CoreVideo.framework in Frameworks */,
				75C139CA16BE949A00F81C99 /* CoreGraphics.framework in Frameworks */,
				75C139A716BE91E900F81C99 /* Cocoa.framework in Frameworks */,
			);
			runOnlyForDeploymentPostprocessing = 0;
		};
/* End PBXFrameworksBuildPhase section */

/* Begin PBXGroup section */
		75A8217716C2F61A00C2E102 /* Math */ = {
			isa = PBXGroup;
			children = (
				75A8217816C2F64C00C2E102 /* Vector.h */,
			);
			name = Math;
			sourceTree = "<group>";
		};
		75C1399716BE91E800F81C99 = {
			isa = PBXGroup;
			children = (
				75A8217716C2F61A00C2E102 /* Math */,
				75C13C9416BEA0DB00F81C99 /* Renderer */,
				75C139CF16BE973700F81C99 /* External */,
				75C139AC16BE91E900F81C99 /* WonderlandMac */,
				75C139A516BE91E900F81C99 /* Frameworks */,
				75C139A316BE91E900F81C99 /* Products */,
			);
			sourceTree = "<group>";
		};
		75C139A316BE91E900F81C99 /* Products */ = {
			isa = PBXGroup;
			children = (
				75C139A216BE91E900F81C99 /* Wonderland.app */,
			);
			name = Products;
			sourceTree = "<group>";
		};
		75C139A516BE91E900F81C99 /* Frameworks */ = {
			isa = PBXGroup;
			children = (
				75C139CD16BE94AA00F81C99 /* OpenGL.framework */,
				75C139CB16BE94A300F81C99 /* CoreVideo.framework */,
				75C139C916BE949A00F81C99 /* CoreGraphics.framework */,
				75C139A616BE91E900F81C99 /* Cocoa.framework */,
				75C139A816BE91E900F81C99 /* Other Frameworks */,
			);
			name = Frameworks;
			sourceTree = "<group>";
		};
		75C139A816BE91E900F81C99 /* Other Frameworks */ = {
			isa = PBXGroup;
			children = (
				75C139A916BE91E900F81C99 /* AppKit.framework */,
				75C139AA16BE91E900F81C99 /* CoreData.framework */,
				75C139AB16BE91E900F81C99 /* Foundation.framework */,
			);
			name = "Other Frameworks";
			sourceTree = "<group>";
		};
		75C139AC16BE91E900F81C99 /* WonderlandMac */ = {
			isa = PBXGroup;
			children = (
				75C139BB16BE91EA00F81C99 /* MainMenu.xib */,
				75C139AD16BE91E900F81C99 /* Supporting Files */,
				75C139C316BE927300F81C99 /* MainController.h */,
				75C139C416BE927300F81C99 /* MainController.m */,
				75C139C616BE92AD00F81C99 /* OpenGLView.h */,
				75C139C716BE92AD00F81C99 /* OpenGLView.m */,
			);
			path = WonderlandMac;
			sourceTree = "<group>";
		};
		75C139AD16BE91E900F81C99 /* Supporting Files */ = {
			isa = PBXGroup;
			children = (
				75C139AE16BE91E900F81C99 /* Wonderland-Info.plist */,
				75C139AF16BE91E900F81C99 /* InfoPlist.strings */,
				75C139B216BE91E900F81C99 /* main.m */,
				75C139B416BE91E900F81C99 /* Wonderland-Prefix.pch */,
			);
			name = "Supporting Files";
			sourceTree = "<group>";
		};
		75C139CF16BE973700F81C99 /* External */ = {
			isa = PBXGroup;
			children = (
				75C13A7E16BE997700F81C99 /* Lua */,
				75C139E316BE98A400F81C99 /* Box2D */,
			);
			name = External;
			sourceTree = "<group>";
		};
		75C139E316BE98A400F81C99 /* Box2D */ = {
			isa = PBXGroup;
			children = (
				75C139E416BE98A400F81C99 /* Box2D.h */,
				75C139E516BE98A400F81C99 /* Box2DConfig.cmake */,
				75C139E616BE98A400F81C99 /* CMakeLists.txt */,
				75C139E716BE98A400F81C99 /* Collision */,
				75C139FF16BE98A400F81C99 /* Common */,
				75C13A0D16BE98A400F81C99 /* ConvexDecomposition */,
				75C13A1216BE98A400F81C99 /* Dynamics */,
				75C13A4A16BE98A400F81C99 /* Rope */,
			);
			name = Box2D;
			path = External/Box2D;
			sourceTree = "<group>";
		};
		75C139E716BE98A400F81C99 /* Collision */ = {
			isa = PBXGroup;
			children = (
				75C139E816BE98A400F81C99 /* b2BroadPhase.cpp */,
				75C139E916BE98A400F81C99 /* b2BroadPhase.h */,
				75C139EA16BE98A400F81C99 /* b2CollideCircle.cpp */,
				75C139EB16BE98A400F81C99 /* b2CollideEdge.cpp */,
				75C139EC16BE98A400F81C99 /* b2CollidePolygon.cpp */,
				75C139ED16BE98A400F81C99 /* b2Collision.cpp */,
				75C139EE16BE98A400F81C99 /* b2Collision.h */,
				75C139EF16BE98A400F81C99 /* b2Distance.cpp */,
				75C139F016BE98A400F81C99 /* b2Distance.h */,
				75C139F116BE98A400F81C99 /* b2DynamicTree.cpp */,
				75C139F216BE98A400F81C99 /* b2DynamicTree.h */,
				75C139F316BE98A400F81C99 /* b2TimeOfImpact.cpp */,
				75C139F416BE98A400F81C99 /* b2TimeOfImpact.h */,
				75C139F516BE98A400F81C99 /* Shapes */,
			);
			path = Collision;
			sourceTree = "<group>";
		};
		75C139F516BE98A400F81C99 /* Shapes */ = {
			isa = PBXGroup;
			children = (
				75C139F616BE98A400F81C99 /* b2ChainShape.cpp */,
				75C139F716BE98A400F81C99 /* b2ChainShape.h */,
				75C139F816BE98A400F81C99 /* b2CircleShape.cpp */,
				75C139F916BE98A400F81C99 /* b2CircleShape.h */,
				75C139FA16BE98A400F81C99 /* b2EdgeShape.cpp */,
				75C139FB16BE98A400F81C99 /* b2EdgeShape.h */,
				75C139FC16BE98A400F81C99 /* b2PolygonShape.cpp */,
				75C139FD16BE98A400F81C99 /* b2PolygonShape.h */,
				75C139FE16BE98A400F81C99 /* b2Shape.h */,
			);
			path = Shapes;
			sourceTree = "<group>";
		};
		75C139FF16BE98A400F81C99 /* Common */ = {
			isa = PBXGroup;
			children = (
				75C13A0016BE98A400F81C99 /* b2BlockAllocator.cpp */,
				75C13A0116BE98A400F81C99 /* b2BlockAllocator.h */,
				75C13A0216BE98A400F81C99 /* b2Draw.cpp */,
				75C13A0316BE98A400F81C99 /* b2Draw.h */,
				75C13A0416BE98A400F81C99 /* b2GrowableStack.h */,
				75C13A0516BE98A400F81C99 /* b2Math.cpp */,
				75C13A0616BE98A400F81C99 /* b2Math.h */,
				75C13A0716BE98A400F81C99 /* b2Settings.cpp */,
				75C13A0816BE98A400F81C99 /* b2Settings.h */,
				75C13A0916BE98A400F81C99 /* b2StackAllocator.cpp */,
				75C13A0A16BE98A400F81C99 /* b2StackAllocator.h */,
				75C13A0B16BE98A400F81C99 /* b2Timer.cpp */,
				75C13A0C16BE98A400F81C99 /* b2Timer.h */,
			);
			path = Common;
			sourceTree = "<group>";
		};
		75C13A0D16BE98A400F81C99 /* ConvexDecomposition */ = {
			isa = PBXGroup;
			children = (
				75C13A0E16BE98A400F81C99 /* b2Polygon.cpp */,
				75C13A0F16BE98A400F81C99 /* b2Polygon.h */,
				75C13A1016BE98A400F81C99 /* b2Triangle.cpp */,
				75C13A1116BE98A400F81C99 /* b2Triangle.h */,
			);
			path = ConvexDecomposition;
			sourceTree = "<group>";
		};
		75C13A1216BE98A400F81C99 /* Dynamics */ = {
			isa = PBXGroup;
			children = (
				75C13A1316BE98A400F81C99 /* b2Body.cpp */,
				75C13A1416BE98A400F81C99 /* b2Body.h */,
				75C13A1516BE98A400F81C99 /* b2ContactManager.cpp */,
				75C13A1616BE98A400F81C99 /* b2ContactManager.h */,
				75C13A1716BE98A400F81C99 /* b2Fixture.cpp */,
				75C13A1816BE98A400F81C99 /* b2Fixture.h */,
				75C13A1916BE98A400F81C99 /* b2Island.cpp */,
				75C13A1A16BE98A400F81C99 /* b2Island.h */,
				75C13A1B16BE98A400F81C99 /* b2TimeStep.h */,
				75C13A1C16BE98A400F81C99 /* b2World.cpp */,
				75C13A1D16BE98A400F81C99 /* b2World.h */,
				75C13A1E16BE98A400F81C99 /* b2WorldCallbacks.cpp */,
				75C13A1F16BE98A400F81C99 /* b2WorldCallbacks.h */,
				75C13A2016BE98A400F81C99 /* Contacts */,
				75C13A3316BE98A400F81C99 /* Joints */,
			);
			path = Dynamics;
			sourceTree = "<group>";
		};
		75C13A2016BE98A400F81C99 /* Contacts */ = {
			isa = PBXGroup;
			children = (
				75C13A2116BE98A400F81C99 /* b2ChainAndCircleContact.cpp */,
				75C13A2216BE98A400F81C99 /* b2ChainAndCircleContact.h */,
				75C13A2316BE98A400F81C99 /* b2ChainAndPolygonContact.cpp */,
				75C13A2416BE98A400F81C99 /* b2ChainAndPolygonContact.h */,
				75C13A2516BE98A400F81C99 /* b2CircleContact.cpp */,
				75C13A2616BE98A400F81C99 /* b2CircleContact.h */,
				75C13A2716BE98A400F81C99 /* b2Contact.cpp */,
				75C13A2816BE98A400F81C99 /* b2Contact.h */,
				75C13A2916BE98A400F81C99 /* b2ContactSolver.cpp */,
				75C13A2A16BE98A400F81C99 /* b2ContactSolver.h */,
				75C13A2B16BE98A400F81C99 /* b2EdgeAndCircleContact.cpp */,
				75C13A2C16BE98A400F81C99 /* b2EdgeAndCircleContact.h */,
				75C13A2D16BE98A400F81C99 /* b2EdgeAndPolygonContact.cpp */,
				75C13A2E16BE98A400F81C99 /* b2EdgeAndPolygonContact.h */,
				75C13A2F16BE98A400F81C99 /* b2PolygonAndCircleContact.cpp */,
				75C13A3016BE98A400F81C99 /* b2PolygonAndCircleContact.h */,
				75C13A3116BE98A400F81C99 /* b2PolygonContact.cpp */,
				75C13A3216BE98A400F81C99 /* b2PolygonContact.h */,
			);
			path = Contacts;
			sourceTree = "<group>";
		};
		75C13A3316BE98A400F81C99 /* Joints */ = {
			isa = PBXGroup;
			children = (
				75C13A3416BE98A400F81C99 /* b2DistanceJoint.cpp */,
				75C13A3516BE98A400F81C99 /* b2DistanceJoint.h */,
				75C13A3616BE98A400F81C99 /* b2FrictionJoint.cpp */,
				75C13A3716BE98A400F81C99 /* b2FrictionJoint.h */,
				75C13A3816BE98A400F81C99 /* b2GearJoint.cpp */,
				75C13A3916BE98A400F81C99 /* b2GearJoint.h */,
				75C13A3A16BE98A400F81C99 /* b2Joint.cpp */,
				75C13A3B16BE98A400F81C99 /* b2Joint.h */,
				75C13A3C16BE98A400F81C99 /* b2MouseJoint.cpp */,
				75C13A3D16BE98A400F81C99 /* b2MouseJoint.h */,
				75C13A3E16BE98A400F81C99 /* b2PrismaticJoint.cpp */,
				75C13A3F16BE98A400F81C99 /* b2PrismaticJoint.h */,
				75C13A4016BE98A400F81C99 /* b2PulleyJoint.cpp */,
				75C13A4116BE98A400F81C99 /* b2PulleyJoint.h */,
				75C13A4216BE98A400F81C99 /* b2RevoluteJoint.cpp */,
				75C13A4316BE98A400F81C99 /* b2RevoluteJoint.h */,
				75C13A4416BE98A400F81C99 /* b2RopeJoint.cpp */,
				75C13A4516BE98A400F81C99 /* b2RopeJoint.h */,
				75C13A4616BE98A400F81C99 /* b2WeldJoint.cpp */,
				75C13A4716BE98A400F81C99 /* b2WeldJoint.h */,
				75C13A4816BE98A400F81C99 /* b2WheelJoint.cpp */,
				75C13A4916BE98A400F81C99 /* b2WheelJoint.h */,
			);
			path = Joints;
			sourceTree = "<group>";
		};
		75C13A4A16BE98A400F81C99 /* Rope */ = {
			isa = PBXGroup;
			children = (
				75C13A4B16BE98A400F81C99 /* b2Rope.cpp */,
				75C13A4C16BE98A400F81C99 /* b2Rope.h */,
			);
			path = Rope;
			sourceTree = "<group>";
		};
		75C13A7E16BE997700F81C99 /* Lua */ = {
			isa = PBXGroup;
			children = (
				75C13A7F16BE997700F81C99 /* lapi.c */,
				75C13A8016BE997700F81C99 /* lapi.h */,
				75C13A8116BE997700F81C99 /* lauxlib.c */,
				75C13A8216BE997700F81C99 /* lauxlib.h */,
				75C13A8316BE997700F81C99 /* lbaselib.c */,
				75C13A8416BE997700F81C99 /* lcode.c */,
				75C13A8516BE997700F81C99 /* lcode.h */,
				75C13A8616BE997700F81C99 /* ldblib.c */,
				75C13A8716BE997700F81C99 /* ldebug.c */,
				75C13A8816BE997700F81C99 /* ldebug.h */,
				75C13A8916BE997700F81C99 /* ldo.c */,
				75C13A8A16BE997700F81C99 /* ldo.h */,
				75C13A8B16BE997700F81C99 /* ldump.c */,
				75C13A8C16BE997700F81C99 /* lfunc.c */,
				75C13A8D16BE997700F81C99 /* lfunc.h */,
				75C13A8E16BE997700F81C99 /* lgc.c */,
				75C13A8F16BE997700F81C99 /* lgc.h */,
				75C13A9016BE997700F81C99 /* linit.c */,
				75C13A9116BE997700F81C99 /* liolib.c */,
				75C13A9216BE997700F81C99 /* llex.c */,
				75C13A9316BE997700F81C99 /* llex.h */,
				75C13A9416BE997700F81C99 /* llimits.h */,
				75C13A9516BE997700F81C99 /* lmathlib.c */,
				75C13A9616BE997700F81C99 /* lmem.c */,
				75C13A9716BE997700F81C99 /* lmem.h */,
				75C13A9816BE997700F81C99 /* loadlib.c */,
				75C13A9916BE997700F81C99 /* lobject.c */,
				75C13A9A16BE997700F81C99 /* lobject.h */,
				75C13A9B16BE997700F81C99 /* lopcodes.c */,
				75C13A9C16BE997700F81C99 /* lopcodes.h */,
				75C13A9D16BE997700F81C99 /* loslib.c */,
				75C13A9E16BE997700F81C99 /* lparser.c */,
				75C13A9F16BE997700F81C99 /* lparser.h */,
				75C13AA016BE997700F81C99 /* lstate.c */,
				75C13AA116BE997700F81C99 /* lstate.h */,
				75C13AA216BE997700F81C99 /* lstring.c */,
				75C13AA316BE997700F81C99 /* lstring.h */,
				75C13AA416BE997700F81C99 /* lstrlib.c */,
				75C13AA516BE997700F81C99 /* ltable.c */,
				75C13AA616BE997700F81C99 /* ltable.h */,
				75C13AA716BE997700F81C99 /* ltablib.c */,
				75C13AA816BE997700F81C99 /* ltm.c */,
				75C13AA916BE997700F81C99 /* ltm.h */,
				75C13AAA16BE997700F81C99 /* Lua-Prefix.pch */,
				75C13AAB16BE997700F81C99 /* lua.h */,
				75C13AAC16BE997700F81C99 /* luaconf.h */,
				75C13AAD16BE997700F81C99 /* lualib.h */,
				75C13AAE16BE997700F81C99 /* lundump.c */,
				75C13AAF16BE997700F81C99 /* lundump.h */,
				75C13AB016BE997700F81C99 /* lvm.c */,
				75C13AB116BE997700F81C99 /* lvm.h */,
				75C13AB216BE997700F81C99 /* lzio.c */,
				75C13AB316BE997700F81C99 /* lzio.h */,
				75C13AB416BE997700F81C99 /* print.c */,
			);
			name = Lua;
			path = External/Lua;
			sourceTree = "<group>";
		};
		75C13C9416BEA0DB00F81C99 /* Renderer */ = {
			isa = PBXGroup;
			children = (
				75C13C9916BEA11B00F81C99 /* Renderer.cpp */,
				75C13C9A16BEA11B00F81C99 /* Renderer.h */,
			);
			name = Renderer;
			sourceTree = "<group>";
		};
/* End PBXGroup section */

/* Begin PBXNativeTarget section */
		75C139A116BE91E900F81C99 /* Wonderland */ = {
			isa = PBXNativeTarget;
			buildConfigurationList = 75C139C016BE91EA00F81C99 /* Build configuration list for PBXNativeTarget "Wonderland" */;
			buildPhases = (
				75C1399E16BE91E900F81C99 /* Sources */,
				75C1399F16BE91E900F81C99 /* Frameworks */,
				75C139A016BE91E900F81C99 /* Resources */,
			);
			buildRules = (
			);
			dependencies = (
			);
			name = Wonderland;
			productName = CodeaMac;
			productReference = 75C139A216BE91E900F81C99 /* Wonderland.app */;
			productType = "com.apple.product-type.application";
		};
/* End PBXNativeTarget section */

/* Begin PBXProject section */
		75C1399916BE91E900F81C99 /* Project object */ = {
			isa = PBXProject;
			attributes = {
				LastUpgradeCheck = 0450;
				ORGANIZATIONNAME = "Artur Mazurek";
			};
			buildConfigurationList = 75C1399C16BE91E900F81C99 /* Build configuration list for PBXProject "Wonderland" */;
			compatibilityVersion = "Xcode 3.2";
			developmentRegion = English;
			hasScannedForEncodings = 0;
			knownRegions = (
				en,
			);
			mainGroup = 75C1399716BE91E800F81C99;
			productRefGroup = 75C139A316BE91E900F81C99 /* Products */;
			projectDirPath = "";
			projectRoot = "";
			targets = (
				75C139A116BE91E900F81C99 /* Wonderland */,
			);
		};
/* End PBXProject section */

/* Begin PBXResourcesBuildPhase section */
		75C139A016BE91E900F81C99 /* Resources */ = {
			isa = PBXResourcesBuildPhase;
			buildActionMask = 2147483647;
			files = (
				75C139B116BE91E900F81C99 /* InfoPlist.strings in Resources */,
				75C139BD16BE91EA00F81C99 /* MainMenu.xib in Resources */,
			);
			runOnlyForDeploymentPostprocessing = 0;
		};
/* End PBXResourcesBuildPhase section */

/* Begin PBXSourcesBuildPhase section */
		75C1399E16BE91E900F81C99 /* Sources */ = {
			isa = PBXSourcesBuildPhase;
			buildActionMask = 2147483647;
			files = (
				75C139B316BE91E900F81C99 /* main.m in Sources */,
				75C139C516BE927300F81C99 /* MainController.m in Sources */,
				75C139C816BE92AD00F81C99 /* OpenGLView.m in Sources */,
				75C13A4F16BE98A400F81C99 /* b2BroadPhase.cpp in Sources */,
				75C13A5016BE98A400F81C99 /* b2CollideCircle.cpp in Sources */,
				75C13A5116BE98A400F81C99 /* b2CollideEdge.cpp in Sources */,
				75C13A5216BE98A400F81C99 /* b2CollidePolygon.cpp in Sources */,
				75C13A5316BE98A400F81C99 /* b2Collision.cpp in Sources */,
				75C13A5416BE98A400F81C99 /* b2Distance.cpp in Sources */,
				75C13A5516BE98A400F81C99 /* b2DynamicTree.cpp in Sources */,
				75C13A5616BE98A400F81C99 /* b2TimeOfImpact.cpp in Sources */,
				75C13A5716BE98A400F81C99 /* b2ChainShape.cpp in Sources */,
				75C13A5816BE98A400F81C99 /* b2CircleShape.cpp in Sources */,
				75C13A5916BE98A400F81C99 /* b2EdgeShape.cpp in Sources */,
				75C13A5A16BE98A400F81C99 /* b2PolygonShape.cpp in Sources */,
				75C13A5B16BE98A400F81C99 /* b2BlockAllocator.cpp in Sources */,
				75C13A5C16BE98A400F81C99 /* b2Draw.cpp in Sources */,
				75C13A5D16BE98A400F81C99 /* b2Math.cpp in Sources */,
				75C13A5E16BE98A400F81C99 /* b2Settings.cpp in Sources */,
				75C13A5F16BE98A400F81C99 /* b2StackAllocator.cpp in Sources */,
				75C13A6016BE98A400F81C99 /* b2Timer.cpp in Sources */,
				75C13A6116BE98A400F81C99 /* b2Polygon.cpp in Sources */,
				75C13A6216BE98A400F81C99 /* b2Triangle.cpp in Sources */,
				75C13A6316BE98A400F81C99 /* b2Body.cpp in Sources */,
				75C13A6416BE98A400F81C99 /* b2ContactManager.cpp in Sources */,
				75C13A6516BE98A400F81C99 /* b2Fixture.cpp in Sources */,
				75C13A6616BE98A400F81C99 /* b2Island.cpp in Sources */,
				75C13A6716BE98A400F81C99 /* b2World.cpp in Sources */,
				75C13A6816BE98A400F81C99 /* b2WorldCallbacks.cpp in Sources */,
				75C13A6916BE98A400F81C99 /* b2ChainAndCircleContact.cpp in Sources */,
				75C13A6A16BE98A400F81C99 /* b2ChainAndPolygonContact.cpp in Sources */,
				75C13A6B16BE98A400F81C99 /* b2CircleContact.cpp in Sources */,
				75C13A6C16BE98A400F81C99 /* b2Contact.cpp in Sources */,
				75C13A6D16BE98A400F81C99 /* b2ContactSolver.cpp in Sources */,
				75C13A6E16BE98A400F81C99 /* b2EdgeAndCircleContact.cpp in Sources */,
				75C13A6F16BE98A400F81C99 /* b2EdgeAndPolygonContact.cpp in Sources */,
				75C13A7016BE98A400F81C99 /* b2PolygonAndCircleContact.cpp in Sources */,
				75C13A7116BE98A400F81C99 /* b2PolygonContact.cpp in Sources */,
				75C13A7216BE98A400F81C99 /* b2DistanceJoint.cpp in Sources */,
				75C13A7316BE98A400F81C99 /* b2FrictionJoint.cpp in Sources */,
				75C13A7416BE98A400F81C99 /* b2GearJoint.cpp in Sources */,
				75C13A7516BE98A400F81C99 /* b2Joint.cpp in Sources */,
				75C13A7616BE98A400F81C99 /* b2MouseJoint.cpp in Sources */,
				75C13A7716BE98A400F81C99 /* b2PrismaticJoint.cpp in Sources */,
				75C13A7816BE98A400F81C99 /* b2PulleyJoint.cpp in Sources */,
				75C13A7916BE98A400F81C99 /* b2RevoluteJoint.cpp in Sources */,
				75C13A7A16BE98A400F81C99 /* b2RopeJoint.cpp in Sources */,
				75C13A7B16BE98A400F81C99 /* b2WeldJoint.cpp in Sources */,
				75C13A7C16BE98A400F81C99 /* b2WheelJoint.cpp in Sources */,
				75C13A7D16BE98A400F81C99 /* b2Rope.cpp in Sources */,
				75C13AB516BE997700F81C99 /* lapi.c in Sources */,
				75C13AB616BE997700F81C99 /* lauxlib.c in Sources */,
				75C13AB716BE997700F81C99 /* lbaselib.c in Sources */,
				75C13AB816BE997700F81C99 /* lcode.c in Sources */,
				75C13AB916BE997700F81C99 /* ldblib.c in Sources */,
				75C13ABA16BE997700F81C99 /* ldebug.c in Sources */,
				75C13ABB16BE997700F81C99 /* ldo.c in Sources */,
				75C13ABC16BE997700F81C99 /* ldump.c in Sources */,
				75C13ABD16BE997700F81C99 /* lfunc.c in Sources */,
				75C13ABE16BE997700F81C99 /* lgc.c in Sources */,
				75C13ABF16BE997700F81C99 /* linit.c in Sources */,
				75C13AC016BE997700F81C99 /* liolib.c in Sources */,
				75C13AC116BE997700F81C99 /* llex.c in Sources */,
				75C13AC216BE997700F81C99 /* lmathlib.c in Sources */,
				75C13AC316BE997700F81C99 /* lmem.c in Sources */,
				75C13AC416BE997700F81C99 /* loadlib.c in Sources */,
				75C13AC516BE997700F81C99 /* lobject.c in Sources */,
				75C13AC616BE997700F81C99 /* lopcodes.c in Sources */,
				75C13AC716BE997700F81C99 /* loslib.c in Sources */,
				75C13AC816BE997700F81C99 /* lparser.c in Sources */,
				75C13AC916BE997700F81C99 /* lstate.c in Sources */,
				75C13ACA16BE997700F81C99 /* lstring.c in Sources */,
				75C13ACB16BE997700F81C99 /* lstrlib.c in Sources */,
				75C13ACC16BE997700F81C99 /* ltable.c in Sources */,
				75C13ACD16BE997700F81C99 /* ltablib.c in Sources */,
				75C13ACE16BE997700F81C99 /* ltm.c in Sources */,
				75C13ACF16BE997700F81C99 /* lundump.c in Sources */,
				75C13AD016BE997700F81C99 /* lvm.c in Sources */,
				75C13AD116BE997700F81C99 /* lzio.c in Sources */,
				75C13AD216BE997700F81C99 /* print.c in Sources */,
				75C13C9B16BEA11B00F81C99 /* Renderer.cpp in Sources */,
			);
			runOnlyForDeploymentPostprocessing = 0;
		};
/* End PBXSourcesBuildPhase section */

/* Begin PBXVariantGroup section */
		75C139AF16BE91E900F81C99 /* InfoPlist.strings */ = {
			isa = PBXVariantGroup;
			children = (
				75C139B016BE91E900F81C99 /* en */,
			);
			name = InfoPlist.strings;
			sourceTree = "<group>";
		};
		75C139BB16BE91EA00F81C99 /* MainMenu.xib */ = {
			isa = PBXVariantGroup;
			children = (
				75C139BC16BE91EA00F81C99 /* en */,
			);
			name = MainMenu.xib;
			sourceTree = "<group>";
		};
/* End PBXVariantGroup section */

/* Begin XCBuildConfiguration section */
		75C139BE16BE91EA00F81C99 /* Debug */ = {
			isa = XCBuildConfiguration;
			buildSettings = {
				ALWAYS_SEARCH_USER_PATHS = NO;
				ARCHS = "$(ARCHS_STANDARD_64_BIT)";
				CLANG_CXX_LANGUAGE_STANDARD = "gnu++0x";
				CLANG_CXX_LIBRARY = "libc++";
				CLANG_WARN_EMPTY_BODY = YES;
				CLANG_WARN__DUPLICATE_METHOD_MATCH = YES;
				COPY_PHASE_STRIP = NO;
				GCC_C_LANGUAGE_STANDARD = gnu99;
				GCC_DYNAMIC_NO_PIC = NO;
				GCC_ENABLE_OBJC_EXCEPTIONS = YES;
				GCC_OPTIMIZATION_LEVEL = 0;
				GCC_PREPROCESSOR_DEFINITIONS = (
					"DEBUG=1",
					"$(inherited)",
				);
				GCC_SYMBOLS_PRIVATE_EXTERN = NO;
				GCC_WARN_64_TO_32_BIT_CONVERSION = YES;
				GCC_WARN_ABOUT_RETURN_TYPE = YES;
				GCC_WARN_UNINITIALIZED_AUTOS = YES;
				GCC_WARN_UNUSED_VARIABLE = YES;
				MACOSX_DEPLOYMENT_TARGET = 10.8;
				ONLY_ACTIVE_ARCH = YES;
				SDKROOT = macosx;
			};
			name = Debug;
		};
		75C139BF16BE91EA00F81C99 /* Release */ = {
			isa = XCBuildConfiguration;
			buildSettings = {
				ALWAYS_SEARCH_USER_PATHS = NO;
				ARCHS = "$(ARCHS_STANDARD_64_BIT)";
				CLANG_CXX_LANGUAGE_STANDARD = "gnu++0x";
				CLANG_CXX_LIBRARY = "libc++";
				CLANG_WARN_EMPTY_BODY = YES;
				CLANG_WARN__DUPLICATE_METHOD_MATCH = YES;
				COPY_PHASE_STRIP = YES;
				DEBUG_INFORMATION_FORMAT = "dwarf-with-dsym";
				GCC_C_LANGUAGE_STANDARD = gnu99;
				GCC_ENABLE_OBJC_EXCEPTIONS = YES;
				GCC_WARN_64_TO_32_BIT_CONVERSION = YES;
				GCC_WARN_ABOUT_RETURN_TYPE = YES;
				GCC_WARN_UNINITIALIZED_AUTOS = YES;
				GCC_WARN_UNUSED_VARIABLE = YES;
				MACOSX_DEPLOYMENT_TARGET = 10.8;
				SDKROOT = macosx;
			};
			name = Release;
		};
		75C139C116BE91EA00F81C99 /* Debug */ = {
			isa = XCBuildConfiguration;
			buildSettings = {
				COMBINE_HIDPI_IMAGES = YES;
				GCC_PRECOMPILE_PREFIX_HEADER = YES;
				GCC_PREFIX_HEADER = "WonderlandMac/Wonderland-Prefix.pch";
				HEADER_SEARCH_PATHS = (
					External,
					.,
				);
				INFOPLIST_FILE = "WonderlandMac/Wonderland-Info.plist";
				PRODUCT_NAME = Wonderland;
				WRAPPER_EXTENSION = app;
			};
			name = Debug;
		};
		75C139C216BE91EA00F81C99 /* Release */ = {
			isa = XCBuildConfiguration;
			buildSettings = {
				COMBINE_HIDPI_IMAGES = YES;
				GCC_PRECOMPILE_PREFIX_HEADER = YES;
				GCC_PREFIX_HEADER = "WonderlandMac/Wonderland-Prefix.pch";
				HEADER_SEARCH_PATHS = (
					External,
					.,
				);
				INFOPLIST_FILE = "WonderlandMac/Wonderland-Info.plist";
				PRODUCT_NAME = Wonderland;
				WRAPPER_EXTENSION = app;
			};
			name = Release;
		};
/* End XCBuildConfiguration section */

/* Begin XCConfigurationList section */
		75C1399C16BE91E900F81C99 /* Build configuration list for PBXProject "Wonderland" */ = {
			isa = XCConfigurationList;
			buildConfigurations = (
				75C139BE16BE91EA00F81C99 /* Debug */,
				75C139BF16BE91EA00F81C99 /* Release */,
			);
			defaultConfigurationIsVisible = 0;
			defaultConfigurationName = Release;
		};
		75C139C016BE91EA00F81C99 /* Build configuration list for PBXNativeTarget "Wonderland" */ = {
			isa = XCConfigurationList;
			buildConfigurations = (
				75C139C116BE91EA00F81C99 /* Debug */,
				75C139C216BE91EA00F81C99 /* Release */,
			);
			defaultConfigurationIsVisible = 0;
			defaultConfigurationName = Release;
		};
/* End XCConfigurationList section */
	};
	rootObject = 75C1399916BE91E900F81C99 /* Project object */;
}
