// !$*UTF8*$!
{
	archiveVersion = 1;
	classes = {
	};
	objectVersion = 46;
	objects = {

/* Begin PBXBuildFile section */
		6D36E02616C3F2CA00BEBCCC /* Box2DConfig.cmake in Resources */ = {isa = PBXBuildFile; fileRef = 6D36DF8716C3F2CA00BEBCCC /* Box2DConfig.cmake */; };
		6D36E02716C3F2CA00BEBCCC /* CMakeLists.txt in Resources */ = {isa = PBXBuildFile; fileRef = 6D36DF8816C3F2CA00BEBCCC /* CMakeLists.txt */; };
		6D36E02816C3F2CA00BEBCCC /* b2BroadPhase.cpp in Sources */ = {isa = PBXBuildFile; fileRef = 6D36DF8A16C3F2CA00BEBCCC /* b2BroadPhase.cpp */; };
		6D36E02916C3F2CA00BEBCCC /* b2CollideCircle.cpp in Sources */ = {isa = PBXBuildFile; fileRef = 6D36DF8C16C3F2CA00BEBCCC /* b2CollideCircle.cpp */; };
		6D36E02A16C3F2CA00BEBCCC /* b2CollideEdge.cpp in Sources */ = {isa = PBXBuildFile; fileRef = 6D36DF8D16C3F2CA00BEBCCC /* b2CollideEdge.cpp */; };
		6D36E02B16C3F2CA00BEBCCC /* b2CollidePolygon.cpp in Sources */ = {isa = PBXBuildFile; fileRef = 6D36DF8E16C3F2CA00BEBCCC /* b2CollidePolygon.cpp */; };
		6D36E02C16C3F2CA00BEBCCC /* b2Collision.cpp in Sources */ = {isa = PBXBuildFile; fileRef = 6D36DF8F16C3F2CA00BEBCCC /* b2Collision.cpp */; };
		6D36E02D16C3F2CA00BEBCCC /* b2Distance.cpp in Sources */ = {isa = PBXBuildFile; fileRef = 6D36DF9116C3F2CA00BEBCCC /* b2Distance.cpp */; };
		6D36E02E16C3F2CA00BEBCCC /* b2DynamicTree.cpp in Sources */ = {isa = PBXBuildFile; fileRef = 6D36DF9316C3F2CA00BEBCCC /* b2DynamicTree.cpp */; };
		6D36E02F16C3F2CA00BEBCCC /* b2TimeOfImpact.cpp in Sources */ = {isa = PBXBuildFile; fileRef = 6D36DF9516C3F2CA00BEBCCC /* b2TimeOfImpact.cpp */; };
		6D36E03016C3F2CA00BEBCCC /* b2ChainShape.cpp in Sources */ = {isa = PBXBuildFile; fileRef = 6D36DF9816C3F2CA00BEBCCC /* b2ChainShape.cpp */; };
		6D36E03116C3F2CA00BEBCCC /* b2CircleShape.cpp in Sources */ = {isa = PBXBuildFile; fileRef = 6D36DF9A16C3F2CA00BEBCCC /* b2CircleShape.cpp */; };
		6D36E03216C3F2CA00BEBCCC /* b2EdgeShape.cpp in Sources */ = {isa = PBXBuildFile; fileRef = 6D36DF9C16C3F2CA00BEBCCC /* b2EdgeShape.cpp */; };
		6D36E03316C3F2CA00BEBCCC /* b2PolygonShape.cpp in Sources */ = {isa = PBXBuildFile; fileRef = 6D36DF9E16C3F2CA00BEBCCC /* b2PolygonShape.cpp */; };
		6D36E03416C3F2CA00BEBCCC /* b2BlockAllocator.cpp in Sources */ = {isa = PBXBuildFile; fileRef = 6D36DFA216C3F2CA00BEBCCC /* b2BlockAllocator.cpp */; };
		6D36E03516C3F2CA00BEBCCC /* b2Draw.cpp in Sources */ = {isa = PBXBuildFile; fileRef = 6D36DFA416C3F2CA00BEBCCC /* b2Draw.cpp */; };
		6D36E03616C3F2CA00BEBCCC /* b2Math.cpp in Sources */ = {isa = PBXBuildFile; fileRef = 6D36DFA716C3F2CA00BEBCCC /* b2Math.cpp */; };
		6D36E03716C3F2CA00BEBCCC /* b2Settings.cpp in Sources */ = {isa = PBXBuildFile; fileRef = 6D36DFA916C3F2CA00BEBCCC /* b2Settings.cpp */; };
		6D36E03816C3F2CA00BEBCCC /* b2StackAllocator.cpp in Sources */ = {isa = PBXBuildFile; fileRef = 6D36DFAB16C3F2CA00BEBCCC /* b2StackAllocator.cpp */; };
		6D36E03916C3F2CA00BEBCCC /* b2Timer.cpp in Sources */ = {isa = PBXBuildFile; fileRef = 6D36DFAD16C3F2CA00BEBCCC /* b2Timer.cpp */; };
		6D36E03A16C3F2CA00BEBCCC /* b2Polygon.cpp in Sources */ = {isa = PBXBuildFile; fileRef = 6D36DFB016C3F2CA00BEBCCC /* b2Polygon.cpp */; };
		6D36E03B16C3F2CA00BEBCCC /* b2Triangle.cpp in Sources */ = {isa = PBXBuildFile; fileRef = 6D36DFB216C3F2CA00BEBCCC /* b2Triangle.cpp */; };
		6D36E03C16C3F2CA00BEBCCC /* b2Body.cpp in Sources */ = {isa = PBXBuildFile; fileRef = 6D36DFB516C3F2CA00BEBCCC /* b2Body.cpp */; };
		6D36E03D16C3F2CA00BEBCCC /* b2ContactManager.cpp in Sources */ = {isa = PBXBuildFile; fileRef = 6D36DFB716C3F2CA00BEBCCC /* b2ContactManager.cpp */; };
		6D36E03E16C3F2CA00BEBCCC /* b2Fixture.cpp in Sources */ = {isa = PBXBuildFile; fileRef = 6D36DFB916C3F2CA00BEBCCC /* b2Fixture.cpp */; };
		6D36E03F16C3F2CA00BEBCCC /* b2Island.cpp in Sources */ = {isa = PBXBuildFile; fileRef = 6D36DFBB16C3F2CA00BEBCCC /* b2Island.cpp */; };
		6D36E04016C3F2CA00BEBCCC /* b2World.cpp in Sources */ = {isa = PBXBuildFile; fileRef = 6D36DFBE16C3F2CA00BEBCCC /* b2World.cpp */; };
		6D36E04116C3F2CA00BEBCCC /* b2WorldCallbacks.cpp in Sources */ = {isa = PBXBuildFile; fileRef = 6D36DFC016C3F2CA00BEBCCC /* b2WorldCallbacks.cpp */; };
		6D36E04216C3F2CA00BEBCCC /* b2ChainAndCircleContact.cpp in Sources */ = {isa = PBXBuildFile; fileRef = 6D36DFC316C3F2CA00BEBCCC /* b2ChainAndCircleContact.cpp */; };
		6D36E04316C3F2CA00BEBCCC /* b2ChainAndPolygonContact.cpp in Sources */ = {isa = PBXBuildFile; fileRef = 6D36DFC516C3F2CA00BEBCCC /* b2ChainAndPolygonContact.cpp */; };
		6D36E04416C3F2CA00BEBCCC /* b2CircleContact.cpp in Sources */ = {isa = PBXBuildFile; fileRef = 6D36DFC716C3F2CA00BEBCCC /* b2CircleContact.cpp */; };
		6D36E04516C3F2CA00BEBCCC /* b2Contact.cpp in Sources */ = {isa = PBXBuildFile; fileRef = 6D36DFC916C3F2CA00BEBCCC /* b2Contact.cpp */; };
		6D36E04616C3F2CA00BEBCCC /* b2ContactSolver.cpp in Sources */ = {isa = PBXBuildFile; fileRef = 6D36DFCB16C3F2CA00BEBCCC /* b2ContactSolver.cpp */; };
		6D36E04716C3F2CA00BEBCCC /* b2EdgeAndCircleContact.cpp in Sources */ = {isa = PBXBuildFile; fileRef = 6D36DFCD16C3F2CA00BEBCCC /* b2EdgeAndCircleContact.cpp */; };
		6D36E04816C3F2CA00BEBCCC /* b2EdgeAndPolygonContact.cpp in Sources */ = {isa = PBXBuildFile; fileRef = 6D36DFCF16C3F2CA00BEBCCC /* b2EdgeAndPolygonContact.cpp */; };
		6D36E04916C3F2CA00BEBCCC /* b2PolygonAndCircleContact.cpp in Sources */ = {isa = PBXBuildFile; fileRef = 6D36DFD116C3F2CA00BEBCCC /* b2PolygonAndCircleContact.cpp */; };
		6D36E04A16C3F2CA00BEBCCC /* b2PolygonContact.cpp in Sources */ = {isa = PBXBuildFile; fileRef = 6D36DFD316C3F2CA00BEBCCC /* b2PolygonContact.cpp */; };
		6D36E04B16C3F2CA00BEBCCC /* b2DistanceJoint.cpp in Sources */ = {isa = PBXBuildFile; fileRef = 6D36DFD616C3F2CA00BEBCCC /* b2DistanceJoint.cpp */; };
		6D36E04C16C3F2CA00BEBCCC /* b2FrictionJoint.cpp in Sources */ = {isa = PBXBuildFile; fileRef = 6D36DFD816C3F2CA00BEBCCC /* b2FrictionJoint.cpp */; };
		6D36E04D16C3F2CA00BEBCCC /* b2GearJoint.cpp in Sources */ = {isa = PBXBuildFile; fileRef = 6D36DFDA16C3F2CA00BEBCCC /* b2GearJoint.cpp */; };
		6D36E04E16C3F2CA00BEBCCC /* b2Joint.cpp in Sources */ = {isa = PBXBuildFile; fileRef = 6D36DFDC16C3F2CA00BEBCCC /* b2Joint.cpp */; };
		6D36E04F16C3F2CA00BEBCCC /* b2MouseJoint.cpp in Sources */ = {isa = PBXBuildFile; fileRef = 6D36DFDE16C3F2CA00BEBCCC /* b2MouseJoint.cpp */; };
		6D36E05016C3F2CA00BEBCCC /* b2PrismaticJoint.cpp in Sources */ = {isa = PBXBuildFile; fileRef = 6D36DFE016C3F2CA00BEBCCC /* b2PrismaticJoint.cpp */; };
		6D36E05116C3F2CA00BEBCCC /* b2PulleyJoint.cpp in Sources */ = {isa = PBXBuildFile; fileRef = 6D36DFE216C3F2CA00BEBCCC /* b2PulleyJoint.cpp */; };
		6D36E05216C3F2CA00BEBCCC /* b2RevoluteJoint.cpp in Sources */ = {isa = PBXBuildFile; fileRef = 6D36DFE416C3F2CA00BEBCCC /* b2RevoluteJoint.cpp */; };
		6D36E05316C3F2CA00BEBCCC /* b2RopeJoint.cpp in Sources */ = {isa = PBXBuildFile; fileRef = 6D36DFE616C3F2CA00BEBCCC /* b2RopeJoint.cpp */; };
		6D36E05416C3F2CA00BEBCCC /* b2WeldJoint.cpp in Sources */ = {isa = PBXBuildFile; fileRef = 6D36DFE816C3F2CA00BEBCCC /* b2WeldJoint.cpp */; };
		6D36E05516C3F2CA00BEBCCC /* b2WheelJoint.cpp in Sources */ = {isa = PBXBuildFile; fileRef = 6D36DFEA16C3F2CA00BEBCCC /* b2WheelJoint.cpp */; };
		6D36E05616C3F2CA00BEBCCC /* b2Rope.cpp in Sources */ = {isa = PBXBuildFile; fileRef = 6D36DFED16C3F2CA00BEBCCC /* b2Rope.cpp */; };
		6D36E05716C3F2CA00BEBCCC /* lapi.c in Sources */ = {isa = PBXBuildFile; fileRef = 6D36DFF016C3F2CA00BEBCCC /* lapi.c */; };
		6D36E05816C3F2CA00BEBCCC /* lauxlib.c in Sources */ = {isa = PBXBuildFile; fileRef = 6D36DFF216C3F2CA00BEBCCC /* lauxlib.c */; };
		6D36E05916C3F2CA00BEBCCC /* lbaselib.c in Sources */ = {isa = PBXBuildFile; fileRef = 6D36DFF416C3F2CA00BEBCCC /* lbaselib.c */; };
		6D36E05A16C3F2CA00BEBCCC /* lcode.c in Sources */ = {isa = PBXBuildFile; fileRef = 6D36DFF516C3F2CA00BEBCCC /* lcode.c */; };
		6D36E05B16C3F2CA00BEBCCC /* ldblib.c in Sources */ = {isa = PBXBuildFile; fileRef = 6D36DFF716C3F2CA00BEBCCC /* ldblib.c */; };
		6D36E05C16C3F2CA00BEBCCC /* ldebug.c in Sources */ = {isa = PBXBuildFile; fileRef = 6D36DFF816C3F2CA00BEBCCC /* ldebug.c */; };
		6D36E05D16C3F2CA00BEBCCC /* ldo.c in Sources */ = {isa = PBXBuildFile; fileRef = 6D36DFFA16C3F2CA00BEBCCC /* ldo.c */; };
		6D36E05E16C3F2CA00BEBCCC /* ldump.c in Sources */ = {isa = PBXBuildFile; fileRef = 6D36DFFC16C3F2CA00BEBCCC /* ldump.c */; };
		6D36E05F16C3F2CA00BEBCCC /* lfunc.c in Sources */ = {isa = PBXBuildFile; fileRef = 6D36DFFD16C3F2CA00BEBCCC /* lfunc.c */; };
		6D36E06016C3F2CA00BEBCCC /* lgc.c in Sources */ = {isa = PBXBuildFile; fileRef = 6D36DFFF16C3F2CA00BEBCCC /* lgc.c */; };
		6D36E06116C3F2CA00BEBCCC /* linit.c in Sources */ = {isa = PBXBuildFile; fileRef = 6D36E00116C3F2CA00BEBCCC /* linit.c */; };
		6D36E06216C3F2CA00BEBCCC /* liolib.c in Sources */ = {isa = PBXBuildFile; fileRef = 6D36E00216C3F2CA00BEBCCC /* liolib.c */; };
		6D36E06316C3F2CA00BEBCCC /* llex.c in Sources */ = {isa = PBXBuildFile; fileRef = 6D36E00316C3F2CA00BEBCCC /* llex.c */; };
		6D36E06416C3F2CA00BEBCCC /* lmathlib.c in Sources */ = {isa = PBXBuildFile; fileRef = 6D36E00616C3F2CA00BEBCCC /* lmathlib.c */; };
		6D36E06516C3F2CA00BEBCCC /* lmem.c in Sources */ = {isa = PBXBuildFile; fileRef = 6D36E00716C3F2CA00BEBCCC /* lmem.c */; };
		6D36E06616C3F2CA00BEBCCC /* loadlib.c in Sources */ = {isa = PBXBuildFile; fileRef = 6D36E00916C3F2CA00BEBCCC /* loadlib.c */; };
		6D36E06716C3F2CA00BEBCCC /* lobject.c in Sources */ = {isa = PBXBuildFile; fileRef = 6D36E00A16C3F2CA00BEBCCC /* lobject.c */; };
		6D36E06816C3F2CA00BEBCCC /* lopcodes.c in Sources */ = {isa = PBXBuildFile; fileRef = 6D36E00C16C3F2CA00BEBCCC /* lopcodes.c */; };
		6D36E06916C3F2CA00BEBCCC /* loslib.c in Sources */ = {isa = PBXBuildFile; fileRef = 6D36E00E16C3F2CA00BEBCCC /* loslib.c */; };
		6D36E06A16C3F2CA00BEBCCC /* lparser.c in Sources */ = {isa = PBXBuildFile; fileRef = 6D36E00F16C3F2CA00BEBCCC /* lparser.c */; };
		6D36E06B16C3F2CA00BEBCCC /* lstate.c in Sources */ = {isa = PBXBuildFile; fileRef = 6D36E01116C3F2CA00BEBCCC /* lstate.c */; };
		6D36E06C16C3F2CA00BEBCCC /* lstring.c in Sources */ = {isa = PBXBuildFile; fileRef = 6D36E01316C3F2CA00BEBCCC /* lstring.c */; };
		6D36E06D16C3F2CA00BEBCCC /* lstrlib.c in Sources */ = {isa = PBXBuildFile; fileRef = 6D36E01516C3F2CA00BEBCCC /* lstrlib.c */; };
		6D36E06E16C3F2CA00BEBCCC /* ltable.c in Sources */ = {isa = PBXBuildFile; fileRef = 6D36E01616C3F2CA00BEBCCC /* ltable.c */; };
		6D36E06F16C3F2CA00BEBCCC /* ltablib.c in Sources */ = {isa = PBXBuildFile; fileRef = 6D36E01816C3F2CA00BEBCCC /* ltablib.c */; };
		6D36E07016C3F2CA00BEBCCC /* ltm.c in Sources */ = {isa = PBXBuildFile; fileRef = 6D36E01916C3F2CA00BEBCCC /* ltm.c */; };
		6D36E07116C3F2CA00BEBCCC /* lundump.c in Sources */ = {isa = PBXBuildFile; fileRef = 6D36E01F16C3F2CA00BEBCCC /* lundump.c */; };
		6D36E07216C3F2CA00BEBCCC /* lvm.c in Sources */ = {isa = PBXBuildFile; fileRef = 6D36E02116C3F2CA00BEBCCC /* lvm.c */; };
		6D36E07316C3F2CA00BEBCCC /* lzio.c in Sources */ = {isa = PBXBuildFile; fileRef = 6D36E02316C3F2CA00BEBCCC /* lzio.c */; };
		6D36E07416C3F2CA00BEBCCC /* print.c in Sources */ = {isa = PBXBuildFile; fileRef = 6D36E02516C3F2CA00BEBCCC /* print.c */; };
		75C139A716BE91E900F81C99 /* Cocoa.framework in Frameworks */ = {isa = PBXBuildFile; fileRef = 75C139A616BE91E900F81C99 /* Cocoa.framework */; };
		75C139B116BE91E900F81C99 /* InfoPlist.strings in Resources */ = {isa = PBXBuildFile; fileRef = 75C139AF16BE91E900F81C99 /* InfoPlist.strings */; };
		75C139B316BE91E900F81C99 /* main.m in Sources */ = {isa = PBXBuildFile; fileRef = 75C139B216BE91E900F81C99 /* main.m */; };
		75C139BD16BE91EA00F81C99 /* MainMenu.xib in Resources */ = {isa = PBXBuildFile; fileRef = 75C139BB16BE91EA00F81C99 /* MainMenu.xib */; };
		75C139C516BE927300F81C99 /* MainController.m in Sources */ = {isa = PBXBuildFile; fileRef = 75C139C416BE927300F81C99 /* MainController.m */; };
		75C139C816BE92AD00F81C99 /* OpenGLView.m in Sources */ = {isa = PBXBuildFile; fileRef = 75C139C716BE92AD00F81C99 /* OpenGLView.m */; };
		75C139CA16BE949A00F81C99 /* CoreGraphics.framework in Frameworks */ = {isa = PBXBuildFile; fileRef = 75C139C916BE949A00F81C99 /* CoreGraphics.framework */; };
		75C139CC16BE94A300F81C99 /* CoreVideo.framework in Frameworks */ = {isa = PBXBuildFile; fileRef = 75C139CB16BE94A300F81C99 /* CoreVideo.framework */; };
		75C139CE16BE94AA00F81C99 /* OpenGL.framework in Frameworks */ = {isa = PBXBuildFile; fileRef = 75C139CD16BE94AA00F81C99 /* OpenGL.framework */; };
		75C13C9B16BEA11B00F81C99 /* Renderer.cpp in Sources */ = {isa = PBXBuildFile; fileRef = 75C13C9916BEA11B00F81C99 /* Renderer.cpp */; };
/* End PBXBuildFile section */

/* Begin PBXFileReference section */
		6D36DF8616C3F2CA00BEBCCC /* Box2D.h */ = {isa = PBXFileReference; fileEncoding = 4; lastKnownFileType = sourcecode.c.h; path = Box2D.h; sourceTree = "<group>"; };
		6D36DF8716C3F2CA00BEBCCC /* Box2DConfig.cmake */ = {isa = PBXFileReference; fileEncoding = 4; lastKnownFileType = text; path = Box2DConfig.cmake; sourceTree = "<group>"; };
		6D36DF8816C3F2CA00BEBCCC /* CMakeLists.txt */ = {isa = PBXFileReference; fileEncoding = 4; lastKnownFileType = text; path = CMakeLists.txt; sourceTree = "<group>"; };
		6D36DF8A16C3F2CA00BEBCCC /* b2BroadPhase.cpp */ = {isa = PBXFileReference; fileEncoding = 4; lastKnownFileType = sourcecode.cpp.cpp; path = b2BroadPhase.cpp; sourceTree = "<group>"; };
		6D36DF8B16C3F2CA00BEBCCC /* b2BroadPhase.h */ = {isa = PBXFileReference; fileEncoding = 4; lastKnownFileType = sourcecode.c.h; path = b2BroadPhase.h; sourceTree = "<group>"; };
		6D36DF8C16C3F2CA00BEBCCC /* b2CollideCircle.cpp */ = {isa = PBXFileReference; fileEncoding = 4; lastKnownFileType = sourcecode.cpp.cpp; path = b2CollideCircle.cpp; sourceTree = "<group>"; };
		6D36DF8D16C3F2CA00BEBCCC /* b2CollideEdge.cpp */ = {isa = PBXFileReference; fileEncoding = 4; lastKnownFileType = sourcecode.cpp.cpp; path = b2CollideEdge.cpp; sourceTree = "<group>"; };
		6D36DF8E16C3F2CA00BEBCCC /* b2CollidePolygon.cpp */ = {isa = PBXFileReference; fileEncoding = 4; lastKnownFileType = sourcecode.cpp.cpp; path = b2CollidePolygon.cpp; sourceTree = "<group>"; };
		6D36DF8F16C3F2CA00BEBCCC /* b2Collision.cpp */ = {isa = PBXFileReference; fileEncoding = 4; lastKnownFileType = sourcecode.cpp.cpp; path = b2Collision.cpp; sourceTree = "<group>"; };
		6D36DF9016C3F2CA00BEBCCC /* b2Collision.h */ = {isa = PBXFileReference; fileEncoding = 4; lastKnownFileType = sourcecode.c.h; path = b2Collision.h; sourceTree = "<group>"; };
		6D36DF9116C3F2CA00BEBCCC /* b2Distance.cpp */ = {isa = PBXFileReference; fileEncoding = 4; lastKnownFileType = sourcecode.cpp.cpp; path = b2Distance.cpp; sourceTree = "<group>"; };
		6D36DF9216C3F2CA00BEBCCC /* b2Distance.h */ = {isa = PBXFileReference; fileEncoding = 4; lastKnownFileType = sourcecode.c.h; path = b2Distance.h; sourceTree = "<group>"; };
		6D36DF9316C3F2CA00BEBCCC /* b2DynamicTree.cpp */ = {isa = PBXFileReference; fileEncoding = 4; lastKnownFileType = sourcecode.cpp.cpp; path = b2DynamicTree.cpp; sourceTree = "<group>"; };
		6D36DF9416C3F2CA00BEBCCC /* b2DynamicTree.h */ = {isa = PBXFileReference; fileEncoding = 4; lastKnownFileType = sourcecode.c.h; path = b2DynamicTree.h; sourceTree = "<group>"; };
		6D36DF9516C3F2CA00BEBCCC /* b2TimeOfImpact.cpp */ = {isa = PBXFileReference; fileEncoding = 4; lastKnownFileType = sourcecode.cpp.cpp; path = b2TimeOfImpact.cpp; sourceTree = "<group>"; };
		6D36DF9616C3F2CA00BEBCCC /* b2TimeOfImpact.h */ = {isa = PBXFileReference; fileEncoding = 4; lastKnownFileType = sourcecode.c.h; path = b2TimeOfImpact.h; sourceTree = "<group>"; };
		6D36DF9816C3F2CA00BEBCCC /* b2ChainShape.cpp */ = {isa = PBXFileReference; fileEncoding = 4; lastKnownFileType = sourcecode.cpp.cpp; path = b2ChainShape.cpp; sourceTree = "<group>"; };
		6D36DF9916C3F2CA00BEBCCC /* b2ChainShape.h */ = {isa = PBXFileReference; fileEncoding = 4; lastKnownFileType = sourcecode.c.h; path = b2ChainShape.h; sourceTree = "<group>"; };
		6D36DF9A16C3F2CA00BEBCCC /* b2CircleShape.cpp */ = {isa = PBXFileReference; fileEncoding = 4; lastKnownFileType = sourcecode.cpp.cpp; path = b2CircleShape.cpp; sourceTree = "<group>"; };
		6D36DF9B16C3F2CA00BEBCCC /* b2CircleShape.h */ = {isa = PBXFileReference; fileEncoding = 4; lastKnownFileType = sourcecode.c.h; path = b2CircleShape.h; sourceTree = "<group>"; };
		6D36DF9C16C3F2CA00BEBCCC /* b2EdgeShape.cpp */ = {isa = PBXFileReference; fileEncoding = 4; lastKnownFileType = sourcecode.cpp.cpp; path = b2EdgeShape.cpp; sourceTree = "<group>"; };
		6D36DF9D16C3F2CA00BEBCCC /* b2EdgeShape.h */ = {isa = PBXFileReference; fileEncoding = 4; lastKnownFileType = sourcecode.c.h; path = b2EdgeShape.h; sourceTree = "<group>"; };
		6D36DF9E16C3F2CA00BEBCCC /* b2PolygonShape.cpp */ = {isa = PBXFileReference; fileEncoding = 4; lastKnownFileType = sourcecode.cpp.cpp; path = b2PolygonShape.cpp; sourceTree = "<group>"; };
		6D36DF9F16C3F2CA00BEBCCC /* b2PolygonShape.h */ = {isa = PBXFileReference; fileEncoding = 4; lastKnownFileType = sourcecode.c.h; path = b2PolygonShape.h; sourceTree = "<group>"; };
		6D36DFA016C3F2CA00BEBCCC /* b2Shape.h */ = {isa = PBXFileReference; fileEncoding = 4; lastKnownFileType = sourcecode.c.h; path = b2Shape.h; sourceTree = "<group>"; };
		6D36DFA216C3F2CA00BEBCCC /* b2BlockAllocator.cpp */ = {isa = PBXFileReference; fileEncoding = 4; lastKnownFileType = sourcecode.cpp.cpp; path = b2BlockAllocator.cpp; sourceTree = "<group>"; };
		6D36DFA316C3F2CA00BEBCCC /* b2BlockAllocator.h */ = {isa = PBXFileReference; fileEncoding = 4; lastKnownFileType = sourcecode.c.h; path = b2BlockAllocator.h; sourceTree = "<group>"; };
		6D36DFA416C3F2CA00BEBCCC /* b2Draw.cpp */ = {isa = PBXFileReference; fileEncoding = 4; lastKnownFileType = sourcecode.cpp.cpp; path = b2Draw.cpp; sourceTree = "<group>"; };
		6D36DFA516C3F2CA00BEBCCC /* b2Draw.h */ = {isa = PBXFileReference; fileEncoding = 4; lastKnownFileType = sourcecode.c.h; path = b2Draw.h; sourceTree = "<group>"; };
		6D36DFA616C3F2CA00BEBCCC /* b2GrowableStack.h */ = {isa = PBXFileReference; fileEncoding = 4; lastKnownFileType = sourcecode.c.h; path = b2GrowableStack.h; sourceTree = "<group>"; };
		6D36DFA716C3F2CA00BEBCCC /* b2Math.cpp */ = {isa = PBXFileReference; fileEncoding = 4; lastKnownFileType = sourcecode.cpp.cpp; path = b2Math.cpp; sourceTree = "<group>"; };
		6D36DFA816C3F2CA00BEBCCC /* b2Math.h */ = {isa = PBXFileReference; fileEncoding = 4; lastKnownFileType = sourcecode.c.h; path = b2Math.h; sourceTree = "<group>"; };
		6D36DFA916C3F2CA00BEBCCC /* b2Settings.cpp */ = {isa = PBXFileReference; fileEncoding = 4; lastKnownFileType = sourcecode.cpp.cpp; path = b2Settings.cpp; sourceTree = "<group>"; };
		6D36DFAA16C3F2CA00BEBCCC /* b2Settings.h */ = {isa = PBXFileReference; fileEncoding = 4; lastKnownFileType = sourcecode.c.h; path = b2Settings.h; sourceTree = "<group>"; };
		6D36DFAB16C3F2CA00BEBCCC /* b2StackAllocator.cpp */ = {isa = PBXFileReference; fileEncoding = 4; lastKnownFileType = sourcecode.cpp.cpp; path = b2StackAllocator.cpp; sourceTree = "<group>"; };
		6D36DFAC16C3F2CA00BEBCCC /* b2StackAllocator.h */ = {isa = PBXFileReference; fileEncoding = 4; lastKnownFileType = sourcecode.c.h; path = b2StackAllocator.h; sourceTree = "<group>"; };
		6D36DFAD16C3F2CA00BEBCCC /* b2Timer.cpp */ = {isa = PBXFileReference; fileEncoding = 4; lastKnownFileType = sourcecode.cpp.cpp; path = b2Timer.cpp; sourceTree = "<group>"; };
		6D36DFAE16C3F2CA00BEBCCC /* b2Timer.h */ = {isa = PBXFileReference; fileEncoding = 4; lastKnownFileType = sourcecode.c.h; path = b2Timer.h; sourceTree = "<group>"; };
		6D36DFB016C3F2CA00BEBCCC /* b2Polygon.cpp */ = {isa = PBXFileReference; fileEncoding = 4; lastKnownFileType = sourcecode.cpp.cpp; path = b2Polygon.cpp; sourceTree = "<group>"; };
		6D36DFB116C3F2CA00BEBCCC /* b2Polygon.h */ = {isa = PBXFileReference; fileEncoding = 4; lastKnownFileType = sourcecode.c.h; path = b2Polygon.h; sourceTree = "<group>"; };
		6D36DFB216C3F2CA00BEBCCC /* b2Triangle.cpp */ = {isa = PBXFileReference; fileEncoding = 4; lastKnownFileType = sourcecode.cpp.cpp; path = b2Triangle.cpp; sourceTree = "<group>"; };
		6D36DFB316C3F2CA00BEBCCC /* b2Triangle.h */ = {isa = PBXFileReference; fileEncoding = 4; lastKnownFileType = sourcecode.c.h; path = b2Triangle.h; sourceTree = "<group>"; };
		6D36DFB516C3F2CA00BEBCCC /* b2Body.cpp */ = {isa = PBXFileReference; fileEncoding = 4; lastKnownFileType = sourcecode.cpp.cpp; path = b2Body.cpp; sourceTree = "<group>"; };
		6D36DFB616C3F2CA00BEBCCC /* b2Body.h */ = {isa = PBXFileReference; fileEncoding = 4; lastKnownFileType = sourcecode.c.h; path = b2Body.h; sourceTree = "<group>"; };
		6D36DFB716C3F2CA00BEBCCC /* b2ContactManager.cpp */ = {isa = PBXFileReference; fileEncoding = 4; lastKnownFileType = sourcecode.cpp.cpp; path = b2ContactManager.cpp; sourceTree = "<group>"; };
		6D36DFB816C3F2CA00BEBCCC /* b2ContactManager.h */ = {isa = PBXFileReference; fileEncoding = 4; lastKnownFileType = sourcecode.c.h; path = b2ContactManager.h; sourceTree = "<group>"; };
		6D36DFB916C3F2CA00BEBCCC /* b2Fixture.cpp */ = {isa = PBXFileReference; fileEncoding = 4; lastKnownFileType = sourcecode.cpp.cpp; path = b2Fixture.cpp; sourceTree = "<group>"; };
		6D36DFBA16C3F2CA00BEBCCC /* b2Fixture.h */ = {isa = PBXFileReference; fileEncoding = 4; lastKnownFileType = sourcecode.c.h; path = b2Fixture.h; sourceTree = "<group>"; };
		6D36DFBB16C3F2CA00BEBCCC /* b2Island.cpp */ = {isa = PBXFileReference; fileEncoding = 4; lastKnownFileType = sourcecode.cpp.cpp; path = b2Island.cpp; sourceTree = "<group>"; };
		6D36DFBC16C3F2CA00BEBCCC /* b2Island.h */ = {isa = PBXFileReference; fileEncoding = 4; lastKnownFileType = sourcecode.c.h; path = b2Island.h; sourceTree = "<group>"; };
		6D36DFBD16C3F2CA00BEBCCC /* b2TimeStep.h */ = {isa = PBXFileReference; fileEncoding = 4; lastKnownFileType = sourcecode.c.h; path = b2TimeStep.h; sourceTree = "<group>"; };
		6D36DFBE16C3F2CA00BEBCCC /* b2World.cpp */ = {isa = PBXFileReference; fileEncoding = 4; lastKnownFileType = sourcecode.cpp.cpp; path = b2World.cpp; sourceTree = "<group>"; };
		6D36DFBF16C3F2CA00BEBCCC /* b2World.h */ = {isa = PBXFileReference; fileEncoding = 4; lastKnownFileType = sourcecode.c.h; path = b2World.h; sourceTree = "<group>"; };
		6D36DFC016C3F2CA00BEBCCC /* b2WorldCallbacks.cpp */ = {isa = PBXFileReference; fileEncoding = 4; lastKnownFileType = sourcecode.cpp.cpp; path = b2WorldCallbacks.cpp; sourceTree = "<group>"; };
		6D36DFC116C3F2CA00BEBCCC /* b2WorldCallbacks.h */ = {isa = PBXFileReference; fileEncoding = 4; lastKnownFileType = sourcecode.c.h; path = b2WorldCallbacks.h; sourceTree = "<group>"; };
		6D36DFC316C3F2CA00BEBCCC /* b2ChainAndCircleContact.cpp */ = {isa = PBXFileReference; fileEncoding = 4; lastKnownFileType = sourcecode.cpp.cpp; path = b2ChainAndCircleContact.cpp; sourceTree = "<group>"; };
		6D36DFC416C3F2CA00BEBCCC /* b2ChainAndCircleContact.h */ = {isa = PBXFileReference; fileEncoding = 4; lastKnownFileType = sourcecode.c.h; path = b2ChainAndCircleContact.h; sourceTree = "<group>"; };
		6D36DFC516C3F2CA00BEBCCC /* b2ChainAndPolygonContact.cpp */ = {isa = PBXFileReference; fileEncoding = 4; lastKnownFileType = sourcecode.cpp.cpp; path = b2ChainAndPolygonContact.cpp; sourceTree = "<group>"; };
		6D36DFC616C3F2CA00BEBCCC /* b2ChainAndPolygonContact.h */ = {isa = PBXFileReference; fileEncoding = 4; lastKnownFileType = sourcecode.c.h; path = b2ChainAndPolygonContact.h; sourceTree = "<group>"; };
		6D36DFC716C3F2CA00BEBCCC /* b2CircleContact.cpp */ = {isa = PBXFileReference; fileEncoding = 4; lastKnownFileType = sourcecode.cpp.cpp; path = b2CircleContact.cpp; sourceTree = "<group>"; };
		6D36DFC816C3F2CA00BEBCCC /* b2CircleContact.h */ = {isa = PBXFileReference; fileEncoding = 4; lastKnownFileType = sourcecode.c.h; path = b2CircleContact.h; sourceTree = "<group>"; };
		6D36DFC916C3F2CA00BEBCCC /* b2Contact.cpp */ = {isa = PBXFileReference; fileEncoding = 4; lastKnownFileType = sourcecode.cpp.cpp; path = b2Contact.cpp; sourceTree = "<group>"; };
		6D36DFCA16C3F2CA00BEBCCC /* b2Contact.h */ = {isa = PBXFileReference; fileEncoding = 4; lastKnownFileType = sourcecode.c.h; path = b2Contact.h; sourceTree = "<group>"; };
		6D36DFCB16C3F2CA00BEBCCC /* b2ContactSolver.cpp */ = {isa = PBXFileReference; fileEncoding = 4; lastKnownFileType = sourcecode.cpp.cpp; path = b2ContactSolver.cpp; sourceTree = "<group>"; };
		6D36DFCC16C3F2CA00BEBCCC /* b2ContactSolver.h */ = {isa = PBXFileReference; fileEncoding = 4; lastKnownFileType = sourcecode.c.h; path = b2ContactSolver.h; sourceTree = "<group>"; };
		6D36DFCD16C3F2CA00BEBCCC /* b2EdgeAndCircleContact.cpp */ = {isa = PBXFileReference; fileEncoding = 4; lastKnownFileType = sourcecode.cpp.cpp; path = b2EdgeAndCircleContact.cpp; sourceTree = "<group>"; };
		6D36DFCE16C3F2CA00BEBCCC /* b2EdgeAndCircleContact.h */ = {isa = PBXFileReference; fileEncoding = 4; lastKnownFileType = sourcecode.c.h; path = b2EdgeAndCircleContact.h; sourceTree = "<group>"; };
		6D36DFCF16C3F2CA00BEBCCC /* b2EdgeAndPolygonContact.cpp */ = {isa = PBXFileReference; fileEncoding = 4; lastKnownFileType = sourcecode.cpp.cpp; path = b2EdgeAndPolygonContact.cpp; sourceTree = "<group>"; };
		6D36DFD016C3F2CA00BEBCCC /* b2EdgeAndPolygonContact.h */ = {isa = PBXFileReference; fileEncoding = 4; lastKnownFileType = sourcecode.c.h; path = b2EdgeAndPolygonContact.h; sourceTree = "<group>"; };
		6D36DFD116C3F2CA00BEBCCC /* b2PolygonAndCircleContact.cpp */ = {isa = PBXFileReference; fileEncoding = 4; lastKnownFileType = sourcecode.cpp.cpp; path = b2PolygonAndCircleContact.cpp; sourceTree = "<group>"; };
		6D36DFD216C3F2CA00BEBCCC /* b2PolygonAndCircleContact.h */ = {isa = PBXFileReference; fileEncoding = 4; lastKnownFileType = sourcecode.c.h; path = b2PolygonAndCircleContact.h; sourceTree = "<group>"; };
		6D36DFD316C3F2CA00BEBCCC /* b2PolygonContact.cpp */ = {isa = PBXFileReference; fileEncoding = 4; lastKnownFileType = sourcecode.cpp.cpp; path = b2PolygonContact.cpp; sourceTree = "<group>"; };
		6D36DFD416C3F2CA00BEBCCC /* b2PolygonContact.h */ = {isa = PBXFileReference; fileEncoding = 4; lastKnownFileType = sourcecode.c.h; path = b2PolygonContact.h; sourceTree = "<group>"; };
		6D36DFD616C3F2CA00BEBCCC /* b2DistanceJoint.cpp */ = {isa = PBXFileReference; fileEncoding = 4; lastKnownFileType = sourcecode.cpp.cpp; path = b2DistanceJoint.cpp; sourceTree = "<group>"; };
		6D36DFD716C3F2CA00BEBCCC /* b2DistanceJoint.h */ = {isa = PBXFileReference; fileEncoding = 4; lastKnownFileType = sourcecode.c.h; path = b2DistanceJoint.h; sourceTree = "<group>"; };
		6D36DFD816C3F2CA00BEBCCC /* b2FrictionJoint.cpp */ = {isa = PBXFileReference; fileEncoding = 4; lastKnownFileType = sourcecode.cpp.cpp; path = b2FrictionJoint.cpp; sourceTree = "<group>"; };
		6D36DFD916C3F2CA00BEBCCC /* b2FrictionJoint.h */ = {isa = PBXFileReference; fileEncoding = 4; lastKnownFileType = sourcecode.c.h; path = b2FrictionJoint.h; sourceTree = "<group>"; };
		6D36DFDA16C3F2CA00BEBCCC /* b2GearJoint.cpp */ = {isa = PBXFileReference; fileEncoding = 4; lastKnownFileType = sourcecode.cpp.cpp; path = b2GearJoint.cpp; sourceTree = "<group>"; };
		6D36DFDB16C3F2CA00BEBCCC /* b2GearJoint.h */ = {isa = PBXFileReference; fileEncoding = 4; lastKnownFileType = sourcecode.c.h; path = b2GearJoint.h; sourceTree = "<group>"; };
		6D36DFDC16C3F2CA00BEBCCC /* b2Joint.cpp */ = {isa = PBXFileReference; fileEncoding = 4; lastKnownFileType = sourcecode.cpp.cpp; path = b2Joint.cpp; sourceTree = "<group>"; };
		6D36DFDD16C3F2CA00BEBCCC /* b2Joint.h */ = {isa = PBXFileReference; fileEncoding = 4; lastKnownFileType = sourcecode.c.h; path = b2Joint.h; sourceTree = "<group>"; };
		6D36DFDE16C3F2CA00BEBCCC /* b2MouseJoint.cpp */ = {isa = PBXFileReference; fileEncoding = 4; lastKnownFileType = sourcecode.cpp.cpp; path = b2MouseJoint.cpp; sourceTree = "<group>"; };
		6D36DFDF16C3F2CA00BEBCCC /* b2MouseJoint.h */ = {isa = PBXFileReference; fileEncoding = 4; lastKnownFileType = sourcecode.c.h; path = b2MouseJoint.h; sourceTree = "<group>"; };
		6D36DFE016C3F2CA00BEBCCC /* b2PrismaticJoint.cpp */ = {isa = PBXFileReference; fileEncoding = 4; lastKnownFileType = sourcecode.cpp.cpp; path = b2PrismaticJoint.cpp; sourceTree = "<group>"; };
		6D36DFE116C3F2CA00BEBCCC /* b2PrismaticJoint.h */ = {isa = PBXFileReference; fileEncoding = 4; lastKnownFileType = sourcecode.c.h; path = b2PrismaticJoint.h; sourceTree = "<group>"; };
		6D36DFE216C3F2CA00BEBCCC /* b2PulleyJoint.cpp */ = {isa = PBXFileReference; fileEncoding = 4; lastKnownFileType = sourcecode.cpp.cpp; path = b2PulleyJoint.cpp; sourceTree = "<group>"; };
		6D36DFE316C3F2CA00BEBCCC /* b2PulleyJoint.h */ = {isa = PBXFileReference; fileEncoding = 4; lastKnownFileType = sourcecode.c.h; path = b2PulleyJoint.h; sourceTree = "<group>"; };
		6D36DFE416C3F2CA00BEBCCC /* b2RevoluteJoint.cpp */ = {isa = PBXFileReference; fileEncoding = 4; lastKnownFileType = sourcecode.cpp.cpp; path = b2RevoluteJoint.cpp; sourceTree = "<group>"; };
		6D36DFE516C3F2CA00BEBCCC /* b2RevoluteJoint.h */ = {isa = PBXFileReference; fileEncoding = 4; lastKnownFileType = sourcecode.c.h; path = b2RevoluteJoint.h; sourceTree = "<group>"; };
		6D36DFE616C3F2CA00BEBCCC /* b2RopeJoint.cpp */ = {isa = PBXFileReference; fileEncoding = 4; lastKnownFileType = sourcecode.cpp.cpp; path = b2RopeJoint.cpp; sourceTree = "<group>"; };
		6D36DFE716C3F2CA00BEBCCC /* b2RopeJoint.h */ = {isa = PBXFileReference; fileEncoding = 4; lastKnownFileType = sourcecode.c.h; path = b2RopeJoint.h; sourceTree = "<group>"; };
		6D36DFE816C3F2CA00BEBCCC /* b2WeldJoint.cpp */ = {isa = PBXFileReference; fileEncoding = 4; lastKnownFileType = sourcecode.cpp.cpp; path = b2WeldJoint.cpp; sourceTree = "<group>"; };
		6D36DFE916C3F2CA00BEBCCC /* b2WeldJoint.h */ = {isa = PBXFileReference; fileEncoding = 4; lastKnownFileType = sourcecode.c.h; path = b2WeldJoint.h; sourceTree = "<group>"; };
		6D36DFEA16C3F2CA00BEBCCC /* b2WheelJoint.cpp */ = {isa = PBXFileReference; fileEncoding = 4; lastKnownFileType = sourcecode.cpp.cpp; path = b2WheelJoint.cpp; sourceTree = "<group>"; };
		6D36DFEB16C3F2CA00BEBCCC /* b2WheelJoint.h */ = {isa = PBXFileReference; fileEncoding = 4; lastKnownFileType = sourcecode.c.h; path = b2WheelJoint.h; sourceTree = "<group>"; };
		6D36DFED16C3F2CA00BEBCCC /* b2Rope.cpp */ = {isa = PBXFileReference; fileEncoding = 4; lastKnownFileType = sourcecode.cpp.cpp; path = b2Rope.cpp; sourceTree = "<group>"; };
		6D36DFEE16C3F2CA00BEBCCC /* b2Rope.h */ = {isa = PBXFileReference; fileEncoding = 4; lastKnownFileType = sourcecode.c.h; path = b2Rope.h; sourceTree = "<group>"; };
		6D36DFF016C3F2CA00BEBCCC /* lapi.c */ = {isa = PBXFileReference; fileEncoding = 4; lastKnownFileType = sourcecode.c.c; path = lapi.c; sourceTree = "<group>"; };
		6D36DFF116C3F2CA00BEBCCC /* lapi.h */ = {isa = PBXFileReference; fileEncoding = 4; lastKnownFileType = sourcecode.c.h; path = lapi.h; sourceTree = "<group>"; };
		6D36DFF216C3F2CA00BEBCCC /* lauxlib.c */ = {isa = PBXFileReference; fileEncoding = 4; lastKnownFileType = sourcecode.c.c; path = lauxlib.c; sourceTree = "<group>"; };
		6D36DFF316C3F2CA00BEBCCC /* lauxlib.h */ = {isa = PBXFileReference; fileEncoding = 4; lastKnownFileType = sourcecode.c.h; path = lauxlib.h; sourceTree = "<group>"; };
		6D36DFF416C3F2CA00BEBCCC /* lbaselib.c */ = {isa = PBXFileReference; fileEncoding = 4; lastKnownFileType = sourcecode.c.c; path = lbaselib.c; sourceTree = "<group>"; };
		6D36DFF516C3F2CA00BEBCCC /* lcode.c */ = {isa = PBXFileReference; fileEncoding = 4; lastKnownFileType = sourcecode.c.c; path = lcode.c; sourceTree = "<group>"; };
		6D36DFF616C3F2CA00BEBCCC /* lcode.h */ = {isa = PBXFileReference; fileEncoding = 4; lastKnownFileType = sourcecode.c.h; path = lcode.h; sourceTree = "<group>"; };
		6D36DFF716C3F2CA00BEBCCC /* ldblib.c */ = {isa = PBXFileReference; fileEncoding = 4; lastKnownFileType = sourcecode.c.c; path = ldblib.c; sourceTree = "<group>"; };
		6D36DFF816C3F2CA00BEBCCC /* ldebug.c */ = {isa = PBXFileReference; fileEncoding = 4; lastKnownFileType = sourcecode.c.c; path = ldebug.c; sourceTree = "<group>"; };
		6D36DFF916C3F2CA00BEBCCC /* ldebug.h */ = {isa = PBXFileReference; fileEncoding = 4; lastKnownFileType = sourcecode.c.h; path = ldebug.h; sourceTree = "<group>"; };
		6D36DFFA16C3F2CA00BEBCCC /* ldo.c */ = {isa = PBXFileReference; fileEncoding = 4; lastKnownFileType = sourcecode.c.c; path = ldo.c; sourceTree = "<group>"; };
		6D36DFFB16C3F2CA00BEBCCC /* ldo.h */ = {isa = PBXFileReference; fileEncoding = 4; lastKnownFileType = sourcecode.c.h; path = ldo.h; sourceTree = "<group>"; };
		6D36DFFC16C3F2CA00BEBCCC /* ldump.c */ = {isa = PBXFileReference; fileEncoding = 4; lastKnownFileType = sourcecode.c.c; path = ldump.c; sourceTree = "<group>"; };
		6D36DFFD16C3F2CA00BEBCCC /* lfunc.c */ = {isa = PBXFileReference; fileEncoding = 4; lastKnownFileType = sourcecode.c.c; path = lfunc.c; sourceTree = "<group>"; };
		6D36DFFE16C3F2CA00BEBCCC /* lfunc.h */ = {isa = PBXFileReference; fileEncoding = 4; lastKnownFileType = sourcecode.c.h; path = lfunc.h; sourceTree = "<group>"; };
		6D36DFFF16C3F2CA00BEBCCC /* lgc.c */ = {isa = PBXFileReference; fileEncoding = 4; lastKnownFileType = sourcecode.c.c; path = lgc.c; sourceTree = "<group>"; };
		6D36E00016C3F2CA00BEBCCC /* lgc.h */ = {isa = PBXFileReference; fileEncoding = 4; lastKnownFileType = sourcecode.c.h; path = lgc.h; sourceTree = "<group>"; };
		6D36E00116C3F2CA00BEBCCC /* linit.c */ = {isa = PBXFileReference; fileEncoding = 4; lastKnownFileType = sourcecode.c.c; path = linit.c; sourceTree = "<group>"; };
		6D36E00216C3F2CA00BEBCCC /* liolib.c */ = {isa = PBXFileReference; fileEncoding = 4; lastKnownFileType = sourcecode.c.c; path = liolib.c; sourceTree = "<group>"; };
		6D36E00316C3F2CA00BEBCCC /* llex.c */ = {isa = PBXFileReference; fileEncoding = 4; lastKnownFileType = sourcecode.c.c; path = llex.c; sourceTree = "<group>"; };
		6D36E00416C3F2CA00BEBCCC /* llex.h */ = {isa = PBXFileReference; fileEncoding = 4; lastKnownFileType = sourcecode.c.h; path = llex.h; sourceTree = "<group>"; };
		6D36E00516C3F2CA00BEBCCC /* llimits.h */ = {isa = PBXFileReference; fileEncoding = 4; lastKnownFileType = sourcecode.c.h; path = llimits.h; sourceTree = "<group>"; };
		6D36E00616C3F2CA00BEBCCC /* lmathlib.c */ = {isa = PBXFileReference; fileEncoding = 4; lastKnownFileType = sourcecode.c.c; path = lmathlib.c; sourceTree = "<group>"; };
		6D36E00716C3F2CA00BEBCCC /* lmem.c */ = {isa = PBXFileReference; fileEncoding = 4; lastKnownFileType = sourcecode.c.c; path = lmem.c; sourceTree = "<group>"; };
		6D36E00816C3F2CA00BEBCCC /* lmem.h */ = {isa = PBXFileReference; fileEncoding = 4; lastKnownFileType = sourcecode.c.h; path = lmem.h; sourceTree = "<group>"; };
		6D36E00916C3F2CA00BEBCCC /* loadlib.c */ = {isa = PBXFileReference; fileEncoding = 4; lastKnownFileType = sourcecode.c.c; path = loadlib.c; sourceTree = "<group>"; };
		6D36E00A16C3F2CA00BEBCCC /* lobject.c */ = {isa = PBXFileReference; fileEncoding = 4; lastKnownFileType = sourcecode.c.c; path = lobject.c; sourceTree = "<group>"; };
		6D36E00B16C3F2CA00BEBCCC /* lobject.h */ = {isa = PBXFileReference; fileEncoding = 4; lastKnownFileType = sourcecode.c.h; path = lobject.h; sourceTree = "<group>"; };
		6D36E00C16C3F2CA00BEBCCC /* lopcodes.c */ = {isa = PBXFileReference; fileEncoding = 4; lastKnownFileType = sourcecode.c.c; path = lopcodes.c; sourceTree = "<group>"; };
		6D36E00D16C3F2CA00BEBCCC /* lopcodes.h */ = {isa = PBXFileReference; fileEncoding = 4; lastKnownFileType = sourcecode.c.h; path = lopcodes.h; sourceTree = "<group>"; };
		6D36E00E16C3F2CA00BEBCCC /* loslib.c */ = {isa = PBXFileReference; fileEncoding = 4; lastKnownFileType = sourcecode.c.c; path = loslib.c; sourceTree = "<group>"; };
		6D36E00F16C3F2CA00BEBCCC /* lparser.c */ = {isa = PBXFileReference; fileEncoding = 4; lastKnownFileType = sourcecode.c.c; path = lparser.c; sourceTree = "<group>"; };
		6D36E01016C3F2CA00BEBCCC /* lparser.h */ = {isa = PBXFileReference; fileEncoding = 4; lastKnownFileType = sourcecode.c.h; path = lparser.h; sourceTree = "<group>"; };
		6D36E01116C3F2CA00BEBCCC /* lstate.c */ = {isa = PBXFileReference; fileEncoding = 4; lastKnownFileType = sourcecode.c.c; path = lstate.c; sourceTree = "<group>"; };
		6D36E01216C3F2CA00BEBCCC /* lstate.h */ = {isa = PBXFileReference; fileEncoding = 4; lastKnownFileType = sourcecode.c.h; path = lstate.h; sourceTree = "<group>"; };
		6D36E01316C3F2CA00BEBCCC /* lstring.c */ = {isa = PBXFileReference; fileEncoding = 4; lastKnownFileType = sourcecode.c.c; path = lstring.c; sourceTree = "<group>"; };
		6D36E01416C3F2CA00BEBCCC /* lstring.h */ = {isa = PBXFileReference; fileEncoding = 4; lastKnownFileType = sourcecode.c.h; path = lstring.h; sourceTree = "<group>"; };
		6D36E01516C3F2CA00BEBCCC /* lstrlib.c */ = {isa = PBXFileReference; fileEncoding = 4; lastKnownFileType = sourcecode.c.c; path = lstrlib.c; sourceTree = "<group>"; };
		6D36E01616C3F2CA00BEBCCC /* ltable.c */ = {isa = PBXFileReference; fileEncoding = 4; lastKnownFileType = sourcecode.c.c; path = ltable.c; sourceTree = "<group>"; };
		6D36E01716C3F2CA00BEBCCC /* ltable.h */ = {isa = PBXFileReference; fileEncoding = 4; lastKnownFileType = sourcecode.c.h; path = ltable.h; sourceTree = "<group>"; };
		6D36E01816C3F2CA00BEBCCC /* ltablib.c */ = {isa = PBXFileReference; fileEncoding = 4; lastKnownFileType = sourcecode.c.c; path = ltablib.c; sourceTree = "<group>"; };
		6D36E01916C3F2CA00BEBCCC /* ltm.c */ = {isa = PBXFileReference; fileEncoding = 4; lastKnownFileType = sourcecode.c.c; path = ltm.c; sourceTree = "<group>"; };
		6D36E01A16C3F2CA00BEBCCC /* ltm.h */ = {isa = PBXFileReference; fileEncoding = 4; lastKnownFileType = sourcecode.c.h; path = ltm.h; sourceTree = "<group>"; };
		6D36E01B16C3F2CA00BEBCCC /* Lua-Prefix.pch */ = {isa = PBXFileReference; fileEncoding = 4; lastKnownFileType = sourcecode.c.h; path = "Lua-Prefix.pch"; sourceTree = "<group>"; };
		6D36E01C16C3F2CA00BEBCCC /* lua.h */ = {isa = PBXFileReference; fileEncoding = 4; lastKnownFileType = sourcecode.c.h; path = lua.h; sourceTree = "<group>"; };
		6D36E01D16C3F2CA00BEBCCC /* luaconf.h */ = {isa = PBXFileReference; fileEncoding = 4; lastKnownFileType = sourcecode.c.h; path = luaconf.h; sourceTree = "<group>"; };
		6D36E01E16C3F2CA00BEBCCC /* lualib.h */ = {isa = PBXFileReference; fileEncoding = 4; lastKnownFileType = sourcecode.c.h; path = lualib.h; sourceTree = "<group>"; };
		6D36E01F16C3F2CA00BEBCCC /* lundump.c */ = {isa = PBXFileReference; fileEncoding = 4; lastKnownFileType = sourcecode.c.c; path = lundump.c; sourceTree = "<group>"; };
		6D36E02016C3F2CA00BEBCCC /* lundump.h */ = {isa = PBXFileReference; fileEncoding = 4; lastKnownFileType = sourcecode.c.h; path = lundump.h; sourceTree = "<group>"; };
		6D36E02116C3F2CA00BEBCCC /* lvm.c */ = {isa = PBXFileReference; fileEncoding = 4; lastKnownFileType = sourcecode.c.c; path = lvm.c; sourceTree = "<group>"; };
		6D36E02216C3F2CA00BEBCCC /* lvm.h */ = {isa = PBXFileReference; fileEncoding = 4; lastKnownFileType = sourcecode.c.h; path = lvm.h; sourceTree = "<group>"; };
		6D36E02316C3F2CA00BEBCCC /* lzio.c */ = {isa = PBXFileReference; fileEncoding = 4; lastKnownFileType = sourcecode.c.c; path = lzio.c; sourceTree = "<group>"; };
		6D36E02416C3F2CA00BEBCCC /* lzio.h */ = {isa = PBXFileReference; fileEncoding = 4; lastKnownFileType = sourcecode.c.h; path = lzio.h; sourceTree = "<group>"; };
		6D36E02516C3F2CA00BEBCCC /* print.c */ = {isa = PBXFileReference; fileEncoding = 4; lastKnownFileType = sourcecode.c.c; path = print.c; sourceTree = "<group>"; };
		75A8217816C2F64C00C2E102 /* Vector.h */ = {isa = PBXFileReference; lastKnownFileType = sourcecode.c.h; path = Vector.h; sourceTree = "<group>"; };
		75A8217916C2FC6B00C2E102 /* Matrix.h */ = {isa = PBXFileReference; lastKnownFileType = sourcecode.c.h; path = Matrix.h; sourceTree = "<group>"; };
		75C139A216BE91E900F81C99 /* Wonderland.app */ = {isa = PBXFileReference; explicitFileType = wrapper.application; includeInIndex = 0; path = Wonderland.app; sourceTree = BUILT_PRODUCTS_DIR; };
		75C139A616BE91E900F81C99 /* Cocoa.framework */ = {isa = PBXFileReference; lastKnownFileType = wrapper.framework; name = Cocoa.framework; path = System/Library/Frameworks/Cocoa.framework; sourceTree = SDKROOT; };
		75C139A916BE91E900F81C99 /* AppKit.framework */ = {isa = PBXFileReference; lastKnownFileType = wrapper.framework; name = AppKit.framework; path = System/Library/Frameworks/AppKit.framework; sourceTree = SDKROOT; };
		75C139AA16BE91E900F81C99 /* CoreData.framework */ = {isa = PBXFileReference; lastKnownFileType = wrapper.framework; name = CoreData.framework; path = System/Library/Frameworks/CoreData.framework; sourceTree = SDKROOT; };
		75C139AB16BE91E900F81C99 /* Foundation.framework */ = {isa = PBXFileReference; lastKnownFileType = wrapper.framework; name = Foundation.framework; path = System/Library/Frameworks/Foundation.framework; sourceTree = SDKROOT; };
		75C139AE16BE91E900F81C99 /* Wonderland-Info.plist */ = {isa = PBXFileReference; lastKnownFileType = text.plist.xml; path = "Wonderland-Info.plist"; sourceTree = "<group>"; };
		75C139B016BE91E900F81C99 /* en */ = {isa = PBXFileReference; lastKnownFileType = text.plist.strings; name = en; path = en.lproj/InfoPlist.strings; sourceTree = "<group>"; };
		75C139B216BE91E900F81C99 /* main.m */ = {isa = PBXFileReference; lastKnownFileType = sourcecode.c.objc; path = main.m; sourceTree = "<group>"; };
		75C139B416BE91E900F81C99 /* Wonderland-Prefix.pch */ = {isa = PBXFileReference; lastKnownFileType = sourcecode.c.h; path = "Wonderland-Prefix.pch"; sourceTree = "<group>"; };
		75C139BC16BE91EA00F81C99 /* en */ = {isa = PBXFileReference; lastKnownFileType = file.xib; name = en; path = en.lproj/MainMenu.xib; sourceTree = "<group>"; };
		75C139C316BE927300F81C99 /* MainController.h */ = {isa = PBXFileReference; fileEncoding = 4; lastKnownFileType = sourcecode.c.h; path = MainController.h; sourceTree = "<group>"; };
		75C139C416BE927300F81C99 /* MainController.m */ = {isa = PBXFileReference; fileEncoding = 4; lastKnownFileType = sourcecode.c.objc; path = MainController.m; sourceTree = "<group>"; };
		75C139C616BE92AD00F81C99 /* OpenGLView.h */ = {isa = PBXFileReference; fileEncoding = 4; lastKnownFileType = sourcecode.c.h; path = OpenGLView.h; sourceTree = "<group>"; };
		75C139C716BE92AD00F81C99 /* OpenGLView.m */ = {isa = PBXFileReference; fileEncoding = 4; lastKnownFileType = sourcecode.c.objc; path = OpenGLView.m; sourceTree = "<group>"; };
		75C139C916BE949A00F81C99 /* CoreGraphics.framework */ = {isa = PBXFileReference; lastKnownFileType = wrapper.framework; name = CoreGraphics.framework; path = System/Library/Frameworks/CoreGraphics.framework; sourceTree = SDKROOT; };
		75C139CB16BE94A300F81C99 /* CoreVideo.framework */ = {isa = PBXFileReference; lastKnownFileType = wrapper.framework; name = CoreVideo.framework; path = System/Library/Frameworks/CoreVideo.framework; sourceTree = SDKROOT; };
		75C139CD16BE94AA00F81C99 /* OpenGL.framework */ = {isa = PBXFileReference; lastKnownFileType = wrapper.framework; name = OpenGL.framework; path = System/Library/Frameworks/OpenGL.framework; sourceTree = SDKROOT; };
		75C13C9916BEA11B00F81C99 /* Renderer.cpp */ = {isa = PBXFileReference; fileEncoding = 4; lastKnownFileType = sourcecode.cpp.cpp; path = Renderer.cpp; sourceTree = "<group>"; };
		75C13C9A16BEA11B00F81C99 /* Renderer.h */ = {isa = PBXFileReference; fileEncoding = 4; lastKnownFileType = sourcecode.c.h; path = Renderer.h; sourceTree = "<group>"; };
/* End PBXFileReference section */

/* Begin PBXFrameworksBuildPhase section */
		75C1399F16BE91E900F81C99 /* Frameworks */ = {
			isa = PBXFrameworksBuildPhase;
			buildActionMask = 2147483647;
			files = (
				75C139CE16BE94AA00F81C99 /* OpenGL.framework in Frameworks */,
				75C139CC16BE94A300F81C99 /* CoreVideo.framework in Frameworks */,
				75C139CA16BE949A00F81C99 /* CoreGraphics.framework in Frameworks */,
				75C139A716BE91E900F81C99 /* Cocoa.framework in Frameworks */,
			);
			runOnlyForDeploymentPostprocessing = 0;
		};
/* End PBXFrameworksBuildPhase section */

/* Begin PBXGroup section */
		6D36DF8516C3F2CA00BEBCCC /* Box2D */ = {
			isa = PBXGroup;
			children = (
				6D36DF8616C3F2CA00BEBCCC /* Box2D.h */,
				6D36DF8716C3F2CA00BEBCCC /* Box2DConfig.cmake */,
				6D36DF8816C3F2CA00BEBCCC /* CMakeLists.txt */,
				6D36DF8916C3F2CA00BEBCCC /* Collision */,
				6D36DFA116C3F2CA00BEBCCC /* Common */,
				6D36DFAF16C3F2CA00BEBCCC /* ConvexDecomposition */,
				6D36DFB416C3F2CA00BEBCCC /* Dynamics */,
				6D36DFEC16C3F2CA00BEBCCC /* Rope */,
			);
			path = Box2D;
			sourceTree = "<group>";
		};
		6D36DF8916C3F2CA00BEBCCC /* Collision */ = {
			isa = PBXGroup;
			children = (
				6D36DF8A16C3F2CA00BEBCCC /* b2BroadPhase.cpp */,
				6D36DF8B16C3F2CA00BEBCCC /* b2BroadPhase.h */,
				6D36DF8C16C3F2CA00BEBCCC /* b2CollideCircle.cpp */,
				6D36DF8D16C3F2CA00BEBCCC /* b2CollideEdge.cpp */,
				6D36DF8E16C3F2CA00BEBCCC /* b2CollidePolygon.cpp */,
				6D36DF8F16C3F2CA00BEBCCC /* b2Collision.cpp */,
				6D36DF9016C3F2CA00BEBCCC /* b2Collision.h */,
				6D36DF9116C3F2CA00BEBCCC /* b2Distance.cpp */,
				6D36DF9216C3F2CA00BEBCCC /* b2Distance.h */,
				6D36DF9316C3F2CA00BEBCCC /* b2DynamicTree.cpp */,
				6D36DF9416C3F2CA00BEBCCC /* b2DynamicTree.h */,
				6D36DF9516C3F2CA00BEBCCC /* b2TimeOfImpact.cpp */,
				6D36DF9616C3F2CA00BEBCCC /* b2TimeOfImpact.h */,
				6D36DF9716C3F2CA00BEBCCC /* Shapes */,
			);
			path = Collision;
			sourceTree = "<group>";
		};
		6D36DF9716C3F2CA00BEBCCC /* Shapes */ = {
			isa = PBXGroup;
			children = (
				6D36DF9816C3F2CA00BEBCCC /* b2ChainShape.cpp */,
				6D36DF9916C3F2CA00BEBCCC /* b2ChainShape.h */,
				6D36DF9A16C3F2CA00BEBCCC /* b2CircleShape.cpp */,
				6D36DF9B16C3F2CA00BEBCCC /* b2CircleShape.h */,
				6D36DF9C16C3F2CA00BEBCCC /* b2EdgeShape.cpp */,
				6D36DF9D16C3F2CA00BEBCCC /* b2EdgeShape.h */,
				6D36DF9E16C3F2CA00BEBCCC /* b2PolygonShape.cpp */,
				6D36DF9F16C3F2CA00BEBCCC /* b2PolygonShape.h */,
				6D36DFA016C3F2CA00BEBCCC /* b2Shape.h */,
			);
			path = Shapes;
			sourceTree = "<group>";
		};
		6D36DFA116C3F2CA00BEBCCC /* Common */ = {
			isa = PBXGroup;
			children = (
				6D36DFA216C3F2CA00BEBCCC /* b2BlockAllocator.cpp */,
				6D36DFA316C3F2CA00BEBCCC /* b2BlockAllocator.h */,
				6D36DFA416C3F2CA00BEBCCC /* b2Draw.cpp */,
				6D36DFA516C3F2CA00BEBCCC /* b2Draw.h */,
				6D36DFA616C3F2CA00BEBCCC /* b2GrowableStack.h */,
				6D36DFA716C3F2CA00BEBCCC /* b2Math.cpp */,
				6D36DFA816C3F2CA00BEBCCC /* b2Math.h */,
				6D36DFA916C3F2CA00BEBCCC /* b2Settings.cpp */,
				6D36DFAA16C3F2CA00BEBCCC /* b2Settings.h */,
				6D36DFAB16C3F2CA00BEBCCC /* b2StackAllocator.cpp */,
				6D36DFAC16C3F2CA00BEBCCC /* b2StackAllocator.h */,
				6D36DFAD16C3F2CA00BEBCCC /* b2Timer.cpp */,
				6D36DFAE16C3F2CA00BEBCCC /* b2Timer.h */,
			);
			path = Common;
			sourceTree = "<group>";
		};
		6D36DFAF16C3F2CA00BEBCCC /* ConvexDecomposition */ = {
			isa = PBXGroup;
			children = (
				6D36DFB016C3F2CA00BEBCCC /* b2Polygon.cpp */,
				6D36DFB116C3F2CA00BEBCCC /* b2Polygon.h */,
				6D36DFB216C3F2CA00BEBCCC /* b2Triangle.cpp */,
				6D36DFB316C3F2CA00BEBCCC /* b2Triangle.h */,
			);
			path = ConvexDecomposition;
			sourceTree = "<group>";
		};
		6D36DFB416C3F2CA00BEBCCC /* Dynamics */ = {
			isa = PBXGroup;
			children = (
				6D36DFB516C3F2CA00BEBCCC /* b2Body.cpp */,
				6D36DFB616C3F2CA00BEBCCC /* b2Body.h */,
				6D36DFB716C3F2CA00BEBCCC /* b2ContactManager.cpp */,
				6D36DFB816C3F2CA00BEBCCC /* b2ContactManager.h */,
				6D36DFB916C3F2CA00BEBCCC /* b2Fixture.cpp */,
				6D36DFBA16C3F2CA00BEBCCC /* b2Fixture.h */,
				6D36DFBB16C3F2CA00BEBCCC /* b2Island.cpp */,
				6D36DFBC16C3F2CA00BEBCCC /* b2Island.h */,
				6D36DFBD16C3F2CA00BEBCCC /* b2TimeStep.h */,
				6D36DFBE16C3F2CA00BEBCCC /* b2World.cpp */,
				6D36DFBF16C3F2CA00BEBCCC /* b2World.h */,
				6D36DFC016C3F2CA00BEBCCC /* b2WorldCallbacks.cpp */,
				6D36DFC116C3F2CA00BEBCCC /* b2WorldCallbacks.h */,
				6D36DFC216C3F2CA00BEBCCC /* Contacts */,
				6D36DFD516C3F2CA00BEBCCC /* Joints */,
			);
			path = Dynamics;
			sourceTree = "<group>";
		};
		6D36DFC216C3F2CA00BEBCCC /* Contacts */ = {
			isa = PBXGroup;
			children = (
				6D36DFC316C3F2CA00BEBCCC /* b2ChainAndCircleContact.cpp */,
				6D36DFC416C3F2CA00BEBCCC /* b2ChainAndCircleContact.h */,
				6D36DFC516C3F2CA00BEBCCC /* b2ChainAndPolygonContact.cpp */,
				6D36DFC616C3F2CA00BEBCCC /* b2ChainAndPolygonContact.h */,
				6D36DFC716C3F2CA00BEBCCC /* b2CircleContact.cpp */,
				6D36DFC816C3F2CA00BEBCCC /* b2CircleContact.h */,
				6D36DFC916C3F2CA00BEBCCC /* b2Contact.cpp */,
				6D36DFCA16C3F2CA00BEBCCC /* b2Contact.h */,
				6D36DFCB16C3F2CA00BEBCCC /* b2ContactSolver.cpp */,
				6D36DFCC16C3F2CA00BEBCCC /* b2ContactSolver.h */,
				6D36DFCD16C3F2CA00BEBCCC /* b2EdgeAndCircleContact.cpp */,
				6D36DFCE16C3F2CA00BEBCCC /* b2EdgeAndCircleContact.h */,
				6D36DFCF16C3F2CA00BEBCCC /* b2EdgeAndPolygonContact.cpp */,
				6D36DFD016C3F2CA00BEBCCC /* b2EdgeAndPolygonContact.h */,
				6D36DFD116C3F2CA00BEBCCC /* b2PolygonAndCircleContact.cpp */,
				6D36DFD216C3F2CA00BEBCCC /* b2PolygonAndCircleContact.h */,
				6D36DFD316C3F2CA00BEBCCC /* b2PolygonContact.cpp */,
				6D36DFD416C3F2CA00BEBCCC /* b2PolygonContact.h */,
			);
			path = Contacts;
			sourceTree = "<group>";
		};
		6D36DFD516C3F2CA00BEBCCC /* Joints */ = {
			isa = PBXGroup;
			children = (
				6D36DFD616C3F2CA00BEBCCC /* b2DistanceJoint.cpp */,
				6D36DFD716C3F2CA00BEBCCC /* b2DistanceJoint.h */,
				6D36DFD816C3F2CA00BEBCCC /* b2FrictionJoint.cpp */,
				6D36DFD916C3F2CA00BEBCCC /* b2FrictionJoint.h */,
				6D36DFDA16C3F2CA00BEBCCC /* b2GearJoint.cpp */,
				6D36DFDB16C3F2CA00BEBCCC /* b2GearJoint.h */,
				6D36DFDC16C3F2CA00BEBCCC /* b2Joint.cpp */,
				6D36DFDD16C3F2CA00BEBCCC /* b2Joint.h */,
				6D36DFDE16C3F2CA00BEBCCC /* b2MouseJoint.cpp */,
				6D36DFDF16C3F2CA00BEBCCC /* b2MouseJoint.h */,
				6D36DFE016C3F2CA00BEBCCC /* b2PrismaticJoint.cpp */,
				6D36DFE116C3F2CA00BEBCCC /* b2PrismaticJoint.h */,
				6D36DFE216C3F2CA00BEBCCC /* b2PulleyJoint.cpp */,
				6D36DFE316C3F2CA00BEBCCC /* b2PulleyJoint.h */,
				6D36DFE416C3F2CA00BEBCCC /* b2RevoluteJoint.cpp */,
				6D36DFE516C3F2CA00BEBCCC /* b2RevoluteJoint.h */,
				6D36DFE616C3F2CA00BEBCCC /* b2RopeJoint.cpp */,
				6D36DFE716C3F2CA00BEBCCC /* b2RopeJoint.h */,
				6D36DFE816C3F2CA00BEBCCC /* b2WeldJoint.cpp */,
				6D36DFE916C3F2CA00BEBCCC /* b2WeldJoint.h */,
				6D36DFEA16C3F2CA00BEBCCC /* b2WheelJoint.cpp */,
				6D36DFEB16C3F2CA00BEBCCC /* b2WheelJoint.h */,
			);
			path = Joints;
			sourceTree = "<group>";
		};
		6D36DFEC16C3F2CA00BEBCCC /* Rope */ = {
			isa = PBXGroup;
			children = (
				6D36DFED16C3F2CA00BEBCCC /* b2Rope.cpp */,
				6D36DFEE16C3F2CA00BEBCCC /* b2Rope.h */,
			);
			path = Rope;
			sourceTree = "<group>";
		};
		6D36DFEF16C3F2CA00BEBCCC /* Lua */ = {
			isa = PBXGroup;
			children = (
				6D36DFF016C3F2CA00BEBCCC /* lapi.c */,
				6D36DFF116C3F2CA00BEBCCC /* lapi.h */,
				6D36DFF216C3F2CA00BEBCCC /* lauxlib.c */,
				6D36DFF316C3F2CA00BEBCCC /* lauxlib.h */,
				6D36DFF416C3F2CA00BEBCCC /* lbaselib.c */,
				6D36DFF516C3F2CA00BEBCCC /* lcode.c */,
				6D36DFF616C3F2CA00BEBCCC /* lcode.h */,
				6D36DFF716C3F2CA00BEBCCC /* ldblib.c */,
				6D36DFF816C3F2CA00BEBCCC /* ldebug.c */,
				6D36DFF916C3F2CA00BEBCCC /* ldebug.h */,
				6D36DFFA16C3F2CA00BEBCCC /* ldo.c */,
				6D36DFFB16C3F2CA00BEBCCC /* ldo.h */,
				6D36DFFC16C3F2CA00BEBCCC /* ldump.c */,
				6D36DFFD16C3F2CA00BEBCCC /* lfunc.c */,
				6D36DFFE16C3F2CA00BEBCCC /* lfunc.h */,
				6D36DFFF16C3F2CA00BEBCCC /* lgc.c */,
				6D36E00016C3F2CA00BEBCCC /* lgc.h */,
				6D36E00116C3F2CA00BEBCCC /* linit.c */,
				6D36E00216C3F2CA00BEBCCC /* liolib.c */,
				6D36E00316C3F2CA00BEBCCC /* llex.c */,
				6D36E00416C3F2CA00BEBCCC /* llex.h */,
				6D36E00516C3F2CA00BEBCCC /* llimits.h */,
				6D36E00616C3F2CA00BEBCCC /* lmathlib.c */,
				6D36E00716C3F2CA00BEBCCC /* lmem.c */,
				6D36E00816C3F2CA00BEBCCC /* lmem.h */,
				6D36E00916C3F2CA00BEBCCC /* loadlib.c */,
				6D36E00A16C3F2CA00BEBCCC /* lobject.c */,
				6D36E00B16C3F2CA00BEBCCC /* lobject.h */,
				6D36E00C16C3F2CA00BEBCCC /* lopcodes.c */,
				6D36E00D16C3F2CA00BEBCCC /* lopcodes.h */,
				6D36E00E16C3F2CA00BEBCCC /* loslib.c */,
				6D36E00F16C3F2CA00BEBCCC /* lparser.c */,
				6D36E01016C3F2CA00BEBCCC /* lparser.h */,
				6D36E01116C3F2CA00BEBCCC /* lstate.c */,
				6D36E01216C3F2CA00BEBCCC /* lstate.h */,
				6D36E01316C3F2CA00BEBCCC /* lstring.c */,
				6D36E01416C3F2CA00BEBCCC /* lstring.h */,
				6D36E01516C3F2CA00BEBCCC /* lstrlib.c */,
				6D36E01616C3F2CA00BEBCCC /* ltable.c */,
				6D36E01716C3F2CA00BEBCCC /* ltable.h */,
				6D36E01816C3F2CA00BEBCCC /* ltablib.c */,
				6D36E01916C3F2CA00BEBCCC /* ltm.c */,
				6D36E01A16C3F2CA00BEBCCC /* ltm.h */,
				6D36E01B16C3F2CA00BEBCCC /* Lua-Prefix.pch */,
				6D36E01C16C3F2CA00BEBCCC /* lua.h */,
				6D36E01D16C3F2CA00BEBCCC /* luaconf.h */,
				6D36E01E16C3F2CA00BEBCCC /* lualib.h */,
				6D36E01F16C3F2CA00BEBCCC /* lundump.c */,
				6D36E02016C3F2CA00BEBCCC /* lundump.h */,
				6D36E02116C3F2CA00BEBCCC /* lvm.c */,
				6D36E02216C3F2CA00BEBCCC /* lvm.h */,
				6D36E02316C3F2CA00BEBCCC /* lzio.c */,
				6D36E02416C3F2CA00BEBCCC /* lzio.h */,
				6D36E02516C3F2CA00BEBCCC /* print.c */,
			);
			path = Lua;
			sourceTree = "<group>";
		};
		75A8217716C2F61A00C2E102 /* Math */ = {
			isa = PBXGroup;
			children = (
				75A8217816C2F64C00C2E102 /* Vector.h */,
				75A8217916C2FC6B00C2E102 /* Matrix.h */,
			);
			name = Math;
			path = ../../Math;
			sourceTree = "<group>";
		};
		75C1399716BE91E800F81C99 = {
			isa = PBXGroup;
			children = (
				75A8217716C2F61A00C2E102 /* Math */,
				75C13C9416BEA0DB00F81C99 /* Renderer */,
				75C139CF16BE973700F81C99 /* External */,
				75C139AC16BE91E900F81C99 /* WonderlandMac */,
				75C139A516BE91E900F81C99 /* Frameworks */,
				75C139A316BE91E900F81C99 /* Products */,
			);
			sourceTree = "<group>";
		};
		75C139A316BE91E900F81C99 /* Products */ = {
			isa = PBXGroup;
			children = (
				75C139A216BE91E900F81C99 /* Wonderland.app */,
			);
			name = Products;
			sourceTree = "<group>";
		};
		75C139A516BE91E900F81C99 /* Frameworks */ = {
			isa = PBXGroup;
			children = (
				75C139CD16BE94AA00F81C99 /* OpenGL.framework */,
				75C139CB16BE94A300F81C99 /* CoreVideo.framework */,
				75C139C916BE949A00F81C99 /* CoreGraphics.framework */,
				75C139A616BE91E900F81C99 /* Cocoa.framework */,
				75C139A816BE91E900F81C99 /* Other Frameworks */,
			);
			name = Frameworks;
			sourceTree = "<group>";
		};
		75C139A816BE91E900F81C99 /* Other Frameworks */ = {
			isa = PBXGroup;
			children = (
				75C139A916BE91E900F81C99 /* AppKit.framework */,
				75C139AA16BE91E900F81C99 /* CoreData.framework */,
				75C139AB16BE91E900F81C99 /* Foundation.framework */,
			);
			name = "Other Frameworks";
			sourceTree = "<group>";
		};
		75C139AC16BE91E900F81C99 /* WonderlandMac */ = {
			isa = PBXGroup;
			children = (
				75C139BB16BE91EA00F81C99 /* MainMenu.xib */,
				75C139AD16BE91E900F81C99 /* Supporting Files */,
				75C139C316BE927300F81C99 /* MainController.h */,
				75C139C416BE927300F81C99 /* MainController.m */,
				75C139C616BE92AD00F81C99 /* OpenGLView.h */,
				75C139C716BE92AD00F81C99 /* OpenGLView.m */,
			);
			path = WonderlandMac;
			sourceTree = "<group>";
		};
		75C139AD16BE91E900F81C99 /* Supporting Files */ = {
			isa = PBXGroup;
			children = (
				75C139AE16BE91E900F81C99 /* Wonderland-Info.plist */,
				75C139AF16BE91E900F81C99 /* InfoPlist.strings */,
				75C139B216BE91E900F81C99 /* main.m */,
				75C139B416BE91E900F81C99 /* Wonderland-Prefix.pch */,
			);
			name = "Supporting Files";
			sourceTree = "<group>";
		};
		75C139CF16BE973700F81C99 /* External */ = {
			isa = PBXGroup;
			children = (
				6D36DF8516C3F2CA00BEBCCC /* Box2D */,
				6D36DFEF16C3F2CA00BEBCCC /* Lua */,
			);
			name = External;
			path = ../../External;
			sourceTree = "<group>";
		};
		75C13C9416BEA0DB00F81C99 /* Renderer */ = {
			isa = PBXGroup;
			children = (
				75C13C9916BEA11B00F81C99 /* Renderer.cpp */,
				75C13C9A16BEA11B00F81C99 /* Renderer.h */,
			);
			name = Renderer;
			path = ../../Renderer;
			sourceTree = "<group>";
		};
/* End PBXGroup section */

/* Begin PBXNativeTarget section */
		75C139A116BE91E900F81C99 /* Wonderland */ = {
			isa = PBXNativeTarget;
			buildConfigurationList = 75C139C016BE91EA00F81C99 /* Build configuration list for PBXNativeTarget "Wonderland" */;
			buildPhases = (
				75C1399E16BE91E900F81C99 /* Sources */,
				75C1399F16BE91E900F81C99 /* Frameworks */,
				75C139A016BE91E900F81C99 /* Resources */,
			);
			buildRules = (
			);
			dependencies = (
			);
			name = Wonderland;
			productName = CodeaMac;
			productReference = 75C139A216BE91E900F81C99 /* Wonderland.app */;
			productType = "com.apple.product-type.application";
		};
/* End PBXNativeTarget section */

/* Begin PBXProject section */
		75C1399916BE91E900F81C99 /* Project object */ = {
			isa = PBXProject;
			attributes = {
				LastUpgradeCheck = 0450;
				ORGANIZATIONNAME = "Artur Mazurek";
			};
			buildConfigurationList = 75C1399C16BE91E900F81C99 /* Build configuration list for PBXProject "Wonderland" */;
			compatibilityVersion = "Xcode 3.2";
			developmentRegion = English;
			hasScannedForEncodings = 0;
			knownRegions = (
				en,
			);
			mainGroup = 75C1399716BE91E800F81C99;
			productRefGroup = 75C139A316BE91E900F81C99 /* Products */;
			projectDirPath = "";
			projectRoot = "";
			targets = (
				75C139A116BE91E900F81C99 /* Wonderland */,
			);
		};
/* End PBXProject section */

/* Begin PBXResourcesBuildPhase section */
		75C139A016BE91E900F81C99 /* Resources */ = {
			isa = PBXResourcesBuildPhase;
			buildActionMask = 2147483647;
			files = (
				75C139B116BE91E900F81C99 /* InfoPlist.strings in Resources */,
				75C139BD16BE91EA00F81C99 /* MainMenu.xib in Resources */,
				6D36E02616C3F2CA00BEBCCC /* Box2DConfig.cmake in Resources */,
				6D36E02716C3F2CA00BEBCCC /* CMakeLists.txt in Resources */,
			);
			runOnlyForDeploymentPostprocessing = 0;
		};
/* End PBXResourcesBuildPhase section */

/* Begin PBXSourcesBuildPhase section */
		75C1399E16BE91E900F81C99 /* Sources */ = {
			isa = PBXSourcesBuildPhase;
			buildActionMask = 2147483647;
			files = (
				75C139B316BE91E900F81C99 /* main.m in Sources */,
				75C139C516BE927300F81C99 /* MainController.m in Sources */,
				75C139C816BE92AD00F81C99 /* OpenGLView.m in Sources */,
				75C13C9B16BEA11B00F81C99 /* Renderer.cpp in Sources */,
				6D36E02816C3F2CA00BEBCCC /* b2BroadPhase.cpp in Sources */,
				6D36E02916C3F2CA00BEBCCC /* b2CollideCircle.cpp in Sources */,
				6D36E02A16C3F2CA00BEBCCC /* b2CollideEdge.cpp in Sources */,
				6D36E02B16C3F2CA00BEBCCC /* b2CollidePolygon.cpp in Sources */,
				6D36E02C16C3F2CA00BEBCCC /* b2Collision.cpp in Sources */,
				6D36E02D16C3F2CA00BEBCCC /* b2Distance.cpp in Sources */,
				6D36E02E16C3F2CA00BEBCCC /* b2DynamicTree.cpp in Sources */,
				6D36E02F16C3F2CA00BEBCCC /* b2TimeOfImpact.cpp in Sources */,
				6D36E03016C3F2CA00BEBCCC /* b2ChainShape.cpp in Sources */,
				6D36E03116C3F2CA00BEBCCC /* b2CircleShape.cpp in Sources */,
				6D36E03216C3F2CA00BEBCCC /* b2EdgeShape.cpp in Sources */,
				6D36E03316C3F2CA00BEBCCC /* b2PolygonShape.cpp in Sources */,
				6D36E03416C3F2CA00BEBCCC /* b2BlockAllocator.cpp in Sources */,
				6D36E03516C3F2CA00BEBCCC /* b2Draw.cpp in Sources */,
				6D36E03616C3F2CA00BEBCCC /* b2Math.cpp in Sources */,
				6D36E03716C3F2CA00BEBCCC /* b2Settings.cpp in Sources */,
				6D36E03816C3F2CA00BEBCCC /* b2StackAllocator.cpp in Sources */,
				6D36E03916C3F2CA00BEBCCC /* b2Timer.cpp in Sources */,
				6D36E03A16C3F2CA00BEBCCC /* b2Polygon.cpp in Sources */,
				6D36E03B16C3F2CA00BEBCCC /* b2Triangle.cpp in Sources */,
				6D36E03C16C3F2CA00BEBCCC /* b2Body.cpp in Sources */,
				6D36E03D16C3F2CA00BEBCCC /* b2ContactManager.cpp in Sources */,
				6D36E03E16C3F2CA00BEBCCC /* b2Fixture.cpp in Sources */,
				6D36E03F16C3F2CA00BEBCCC /* b2Island.cpp in Sources */,
				6D36E04016C3F2CA00BEBCCC /* b2World.cpp in Sources */,
				6D36E04116C3F2CA00BEBCCC /* b2WorldCallbacks.cpp in Sources */,
				6D36E04216C3F2CA00BEBCCC /* b2ChainAndCircleContact.cpp in Sources */,
				6D36E04316C3F2CA00BEBCCC /* b2ChainAndPolygonContact.cpp in Sources */,
				6D36E04416C3F2CA00BEBCCC /* b2CircleContact.cpp in Sources */,
				6D36E04516C3F2CA00BEBCCC /* b2Contact.cpp in Sources */,
				6D36E04616C3F2CA00BEBCCC /* b2ContactSolver.cpp in Sources */,
				6D36E04716C3F2CA00BEBCCC /* b2EdgeAndCircleContact.cpp in Sources */,
				6D36E04816C3F2CA00BEBCCC /* b2EdgeAndPolygonContact.cpp in Sources */,
				6D36E04916C3F2CA00BEBCCC /* b2PolygonAndCircleContact.cpp in Sources */,
				6D36E04A16C3F2CA00BEBCCC /* b2PolygonContact.cpp in Sources */,
				6D36E04B16C3F2CA00BEBCCC /* b2DistanceJoint.cpp in Sources */,
				6D36E04C16C3F2CA00BEBCCC /* b2FrictionJoint.cpp in Sources */,
				6D36E04D16C3F2CA00BEBCCC /* b2GearJoint.cpp in Sources */,
				6D36E04E16C3F2CA00BEBCCC /* b2Joint.cpp in Sources */,
				6D36E04F16C3F2CA00BEBCCC /* b2MouseJoint.cpp in Sources */,
				6D36E05016C3F2CA00BEBCCC /* b2PrismaticJoint.cpp in Sources */,
				6D36E05116C3F2CA00BEBCCC /* b2PulleyJoint.cpp in Sources */,
				6D36E05216C3F2CA00BEBCCC /* b2RevoluteJoint.cpp in Sources */,
				6D36E05316C3F2CA00BEBCCC /* b2RopeJoint.cpp in Sources */,
				6D36E05416C3F2CA00BEBCCC /* b2WeldJoint.cpp in Sources */,
				6D36E05516C3F2CA00BEBCCC /* b2WheelJoint.cpp in Sources */,
				6D36E05616C3F2CA00BEBCCC /* b2Rope.cpp in Sources */,
				6D36E05716C3F2CA00BEBCCC /* lapi.c in Sources */,
				6D36E05816C3F2CA00BEBCCC /* lauxlib.c in Sources */,
				6D36E05916C3F2CA00BEBCCC /* lbaselib.c in Sources */,
				6D36E05A16C3F2CA00BEBCCC /* lcode.c in Sources */,
				6D36E05B16C3F2CA00BEBCCC /* ldblib.c in Sources */,
				6D36E05C16C3F2CA00BEBCCC /* ldebug.c in Sources */,
				6D36E05D16C3F2CA00BEBCCC /* ldo.c in Sources */,
				6D36E05E16C3F2CA00BEBCCC /* ldump.c in Sources */,
				6D36E05F16C3F2CA00BEBCCC /* lfunc.c in Sources */,
				6D36E06016C3F2CA00BEBCCC /* lgc.c in Sources */,
				6D36E06116C3F2CA00BEBCCC /* linit.c in Sources */,
				6D36E06216C3F2CA00BEBCCC /* liolib.c in Sources */,
				6D36E06316C3F2CA00BEBCCC /* llex.c in Sources */,
				6D36E06416C3F2CA00BEBCCC /* lmathlib.c in Sources */,
				6D36E06516C3F2CA00BEBCCC /* lmem.c in Sources */,
				6D36E06616C3F2CA00BEBCCC /* loadlib.c in Sources */,
				6D36E06716C3F2CA00BEBCCC /* lobject.c in Sources */,
				6D36E06816C3F2CA00BEBCCC /* lopcodes.c in Sources */,
				6D36E06916C3F2CA00BEBCCC /* loslib.c in Sources */,
				6D36E06A16C3F2CA00BEBCCC /* lparser.c in Sources */,
				6D36E06B16C3F2CA00BEBCCC /* lstate.c in Sources */,
				6D36E06C16C3F2CA00BEBCCC /* lstring.c in Sources */,
				6D36E06D16C3F2CA00BEBCCC /* lstrlib.c in Sources */,
				6D36E06E16C3F2CA00BEBCCC /* ltable.c in Sources */,
				6D36E06F16C3F2CA00BEBCCC /* ltablib.c in Sources */,
				6D36E07016C3F2CA00BEBCCC /* ltm.c in Sources */,
				6D36E07116C3F2CA00BEBCCC /* lundump.c in Sources */,
				6D36E07216C3F2CA00BEBCCC /* lvm.c in Sources */,
				6D36E07316C3F2CA00BEBCCC /* lzio.c in Sources */,
				6D36E07416C3F2CA00BEBCCC /* print.c in Sources */,
			);
			runOnlyForDeploymentPostprocessing = 0;
		};
/* End PBXSourcesBuildPhase section */

/* Begin PBXVariantGroup section */
		75C139AF16BE91E900F81C99 /* InfoPlist.strings */ = {
			isa = PBXVariantGroup;
			children = (
				75C139B016BE91E900F81C99 /* en */,
			);
			name = InfoPlist.strings;
			sourceTree = "<group>";
		};
		75C139BB16BE91EA00F81C99 /* MainMenu.xib */ = {
			isa = PBXVariantGroup;
			children = (
				75C139BC16BE91EA00F81C99 /* en */,
			);
			name = MainMenu.xib;
			sourceTree = "<group>";
		};
/* End PBXVariantGroup section */

/* Begin XCBuildConfiguration section */
		75C139BE16BE91EA00F81C99 /* Debug */ = {
			isa = XCBuildConfiguration;
			buildSettings = {
				ALWAYS_SEARCH_USER_PATHS = NO;
				ARCHS = "$(ARCHS_STANDARD_64_BIT)";
				CLANG_CXX_LANGUAGE_STANDARD = "gnu++0x";
				CLANG_CXX_LIBRARY = "libc++";
				CLANG_WARN_EMPTY_BODY = YES;
				CLANG_WARN__DUPLICATE_METHOD_MATCH = YES;
				COPY_PHASE_STRIP = NO;
				GCC_C_LANGUAGE_STANDARD = gnu99;
				GCC_DYNAMIC_NO_PIC = NO;
				GCC_ENABLE_OBJC_EXCEPTIONS = YES;
				GCC_OPTIMIZATION_LEVEL = 0;
				GCC_PREPROCESSOR_DEFINITIONS = (
					"DEBUG=1",
					"$(inherited)",
				);
				GCC_SYMBOLS_PRIVATE_EXTERN = NO;
				GCC_WARN_64_TO_32_BIT_CONVERSION = YES;
				GCC_WARN_ABOUT_RETURN_TYPE = YES;
				GCC_WARN_UNINITIALIZED_AUTOS = YES;
				GCC_WARN_UNUSED_VARIABLE = YES;
				MACOSX_DEPLOYMENT_TARGET = 10.8;
				ONLY_ACTIVE_ARCH = YES;
				SDKROOT = macosx;
			};
			name = Debug;
		};
		75C139BF16BE91EA00F81C99 /* Release */ = {
			isa = XCBuildConfiguration;
			buildSettings = {
				ALWAYS_SEARCH_USER_PATHS = NO;
				ARCHS = "$(ARCHS_STANDARD_64_BIT)";
				CLANG_CXX_LANGUAGE_STANDARD = "gnu++0x";
				CLANG_CXX_LIBRARY = "libc++";
				CLANG_WARN_EMPTY_BODY = YES;
				CLANG_WARN__DUPLICATE_METHOD_MATCH = YES;
				COPY_PHASE_STRIP = YES;
				DEBUG_INFORMATION_FORMAT = "dwarf-with-dsym";
				GCC_C_LANGUAGE_STANDARD = gnu99;
				GCC_ENABLE_OBJC_EXCEPTIONS = YES;
				GCC_WARN_64_TO_32_BIT_CONVERSION = YES;
				GCC_WARN_ABOUT_RETURN_TYPE = YES;
				GCC_WARN_UNINITIALIZED_AUTOS = YES;
				GCC_WARN_UNUSED_VARIABLE = YES;
				MACOSX_DEPLOYMENT_TARGET = 10.8;
				SDKROOT = macosx;
			};
			name = Release;
		};
		75C139C116BE91EA00F81C99 /* Debug */ = {
			isa = XCBuildConfiguration;
			buildSettings = {
				COMBINE_HIDPI_IMAGES = YES;
				GCC_PRECOMPILE_PREFIX_HEADER = YES;
				GCC_PREFIX_HEADER = "WonderlandMac/Wonderland-Prefix.pch";
				HEADER_SEARCH_PATHS = (
					../../External,
					../../,
				);
				INFOPLIST_FILE = "WonderlandMac/Wonderland-Info.plist";
				PRODUCT_NAME = Wonderland;
				WRAPPER_EXTENSION = app;
			};
			name = Debug;
		};
		75C139C216BE91EA00F81C99 /* Release */ = {
			isa = XCBuildConfiguration;
			buildSettings = {
				COMBINE_HIDPI_IMAGES = YES;
				GCC_PRECOMPILE_PREFIX_HEADER = YES;
				GCC_PREFIX_HEADER = "WonderlandMac/Wonderland-Prefix.pch";
				HEADER_SEARCH_PATHS = (
					../../External,
					../../,
				);
				INFOPLIST_FILE = "WonderlandMac/Wonderland-Info.plist";
				PRODUCT_NAME = Wonderland;
				WRAPPER_EXTENSION = app;
			};
			name = Release;
		};
/* End XCBuildConfiguration section */

/* Begin XCConfigurationList section */
		75C1399C16BE91E900F81C99 /* Build configuration list for PBXProject "Wonderland" */ = {
			isa = XCConfigurationList;
			buildConfigurations = (
				75C139BE16BE91EA00F81C99 /* Debug */,
				75C139BF16BE91EA00F81C99 /* Release */,
			);
			defaultConfigurationIsVisible = 0;
			defaultConfigurationName = Release;
		};
		75C139C016BE91EA00F81C99 /* Build configuration list for PBXNativeTarget "Wonderland" */ = {
			isa = XCConfigurationList;
			buildConfigurations = (
				75C139C116BE91EA00F81C99 /* Debug */,
				75C139C216BE91EA00F81C99 /* Release */,
			);
			defaultConfigurationIsVisible = 0;
			defaultConfigurationName = Release;
		};
/* End XCConfigurationList section */
	};
	rootObject = 75C1399916BE91E900F81C99 /* Project object */;
}
