// !$*UTF8*$!
{
	archiveVersion = 1;
	classes = {
	};
	objectVersion = 46;
	objects = {

/* Begin PBXBuildFile section */
		6D36E05716C3F2CA00BEBCCC /* lapi.c in Sources */ = {isa = PBXBuildFile; fileRef = 6D36DFF016C3F2CA00BEBCCC /* lapi.c */; };
		6D36E05816C3F2CA00BEBCCC /* lauxlib.c in Sources */ = {isa = PBXBuildFile; fileRef = 6D36DFF216C3F2CA00BEBCCC /* lauxlib.c */; };
		6D36E05916C3F2CA00BEBCCC /* lbaselib.c in Sources */ = {isa = PBXBuildFile; fileRef = 6D36DFF416C3F2CA00BEBCCC /* lbaselib.c */; };
		6D36E05A16C3F2CA00BEBCCC /* lcode.c in Sources */ = {isa = PBXBuildFile; fileRef = 6D36DFF516C3F2CA00BEBCCC /* lcode.c */; };
		6D36E05B16C3F2CA00BEBCCC /* ldblib.c in Sources */ = {isa = PBXBuildFile; fileRef = 6D36DFF716C3F2CA00BEBCCC /* ldblib.c */; };
		6D36E05C16C3F2CA00BEBCCC /* ldebug.c in Sources */ = {isa = PBXBuildFile; fileRef = 6D36DFF816C3F2CA00BEBCCC /* ldebug.c */; };
		6D36E05D16C3F2CA00BEBCCC /* ldo.c in Sources */ = {isa = PBXBuildFile; fileRef = 6D36DFFA16C3F2CA00BEBCCC /* ldo.c */; };
		6D36E05E16C3F2CA00BEBCCC /* ldump.c in Sources */ = {isa = PBXBuildFile; fileRef = 6D36DFFC16C3F2CA00BEBCCC /* ldump.c */; };
		6D36E05F16C3F2CA00BEBCCC /* lfunc.c in Sources */ = {isa = PBXBuildFile; fileRef = 6D36DFFD16C3F2CA00BEBCCC /* lfunc.c */; };
		6D36E06016C3F2CA00BEBCCC /* lgc.c in Sources */ = {isa = PBXBuildFile; fileRef = 6D36DFFF16C3F2CA00BEBCCC /* lgc.c */; };
		6D36E06116C3F2CA00BEBCCC /* linit.c in Sources */ = {isa = PBXBuildFile; fileRef = 6D36E00116C3F2CA00BEBCCC /* linit.c */; };
		6D36E06216C3F2CA00BEBCCC /* liolib.c in Sources */ = {isa = PBXBuildFile; fileRef = 6D36E00216C3F2CA00BEBCCC /* liolib.c */; };
		6D36E06316C3F2CA00BEBCCC /* llex.c in Sources */ = {isa = PBXBuildFile; fileRef = 6D36E00316C3F2CA00BEBCCC /* llex.c */; };
		6D36E06416C3F2CA00BEBCCC /* lmathlib.c in Sources */ = {isa = PBXBuildFile; fileRef = 6D36E00616C3F2CA00BEBCCC /* lmathlib.c */; };
		6D36E06516C3F2CA00BEBCCC /* lmem.c in Sources */ = {isa = PBXBuildFile; fileRef = 6D36E00716C3F2CA00BEBCCC /* lmem.c */; };
		6D36E06616C3F2CA00BEBCCC /* loadlib.c in Sources */ = {isa = PBXBuildFile; fileRef = 6D36E00916C3F2CA00BEBCCC /* loadlib.c */; };
		6D36E06716C3F2CA00BEBCCC /* lobject.c in Sources */ = {isa = PBXBuildFile; fileRef = 6D36E00A16C3F2CA00BEBCCC /* lobject.c */; };
		6D36E06816C3F2CA00BEBCCC /* lopcodes.c in Sources */ = {isa = PBXBuildFile; fileRef = 6D36E00C16C3F2CA00BEBCCC /* lopcodes.c */; };
		6D36E06916C3F2CA00BEBCCC /* loslib.c in Sources */ = {isa = PBXBuildFile; fileRef = 6D36E00E16C3F2CA00BEBCCC /* loslib.c */; };
		6D36E06A16C3F2CA00BEBCCC /* lparser.c in Sources */ = {isa = PBXBuildFile; fileRef = 6D36E00F16C3F2CA00BEBCCC /* lparser.c */; };
		6D36E06B16C3F2CA00BEBCCC /* lstate.c in Sources */ = {isa = PBXBuildFile; fileRef = 6D36E01116C3F2CA00BEBCCC /* lstate.c */; };
		6D36E06C16C3F2CA00BEBCCC /* lstring.c in Sources */ = {isa = PBXBuildFile; fileRef = 6D36E01316C3F2CA00BEBCCC /* lstring.c */; };
		6D36E06D16C3F2CA00BEBCCC /* lstrlib.c in Sources */ = {isa = PBXBuildFile; fileRef = 6D36E01516C3F2CA00BEBCCC /* lstrlib.c */; };
		6D36E06E16C3F2CA00BEBCCC /* ltable.c in Sources */ = {isa = PBXBuildFile; fileRef = 6D36E01616C3F2CA00BEBCCC /* ltable.c */; };
		6D36E06F16C3F2CA00BEBCCC /* ltablib.c in Sources */ = {isa = PBXBuildFile; fileRef = 6D36E01816C3F2CA00BEBCCC /* ltablib.c */; };
		6D36E07016C3F2CA00BEBCCC /* ltm.c in Sources */ = {isa = PBXBuildFile; fileRef = 6D36E01916C3F2CA00BEBCCC /* ltm.c */; };
		6D36E07116C3F2CA00BEBCCC /* lundump.c in Sources */ = {isa = PBXBuildFile; fileRef = 6D36E01F16C3F2CA00BEBCCC /* lundump.c */; };
		6D36E07216C3F2CA00BEBCCC /* lvm.c in Sources */ = {isa = PBXBuildFile; fileRef = 6D36E02116C3F2CA00BEBCCC /* lvm.c */; };
		6D36E07316C3F2CA00BEBCCC /* lzio.c in Sources */ = {isa = PBXBuildFile; fileRef = 6D36E02316C3F2CA00BEBCCC /* lzio.c */; };
		6D36E07416C3F2CA00BEBCCC /* print.c in Sources */ = {isa = PBXBuildFile; fileRef = 6D36E02516C3F2CA00BEBCCC /* print.c */; };
		6D36E07F16C3FBCF00BEBCCC /* Vertex.cpp in Sources */ = {isa = PBXBuildFile; fileRef = 6D36E07D16C3FBCF00BEBCCC /* Vertex.cpp */; };
		6D36E08216C3FC7800BEBCCC /* Surface.cpp in Sources */ = {isa = PBXBuildFile; fileRef = 6D36E08016C3FC7800BEBCCC /* Surface.cpp */; };
		6D36E0A316C413FC00BEBCCC /* RendererGL.cpp in Sources */ = {isa = PBXBuildFile; fileRef = 6D36E0A116C413FC00BEBCCC /* RendererGL.cpp */; };
		6D36E0A716C415DC00BEBCCC /* GameObject.cpp in Sources */ = {isa = PBXBuildFile; fileRef = 6D36E0A516C415DB00BEBCCC /* GameObject.cpp */; };
		6D36E0AA16C4160300BEBCCC /* Transform.cpp in Sources */ = {isa = PBXBuildFile; fileRef = 6D36E0A816C4160300BEBCCC /* Transform.cpp */; };
		6D36E0D816C54E3A00BEBCCC /* Game.cpp in Sources */ = {isa = PBXBuildFile; fileRef = 6D36E0D616C54E3A00BEBCCC /* Game.cpp */; };
		6D36E0DB16C552A400BEBCCC /* GameClock.cpp in Sources */ = {isa = PBXBuildFile; fileRef = 6D36E0D916C552A400BEBCCC /* GameClock.cpp */; };
		6D36E0DE16C557CF00BEBCCC /* StaticMesh.cpp in Sources */ = {isa = PBXBuildFile; fileRef = 6D36E0DC16C557CF00BEBCCC /* StaticMesh.cpp */; };
		6D36E0E216C5611C00BEBCCC /* Material.cpp in Sources */ = {isa = PBXBuildFile; fileRef = 6D36E0E016C5611C00BEBCCC /* Material.cpp */; };
		6D36E0E516C564F500BEBCCC /* ShaderGL.cpp in Sources */ = {isa = PBXBuildFile; fileRef = 6D36E0E316C564F500BEBCCC /* ShaderGL.cpp */; };
		6D36E0E816C5654E00BEBCCC /* Shader.cpp in Sources */ = {isa = PBXBuildFile; fileRef = 6D36E0E616C5654E00BEBCCC /* Shader.cpp */; };
		757C457A16C4513000487778 /* World.cpp in Sources */ = {isa = PBXBuildFile; fileRef = 757C457816C4513000487778 /* World.cpp */; };
		757C457D16C4595100487778 /* SceneNode.cpp in Sources */ = {isa = PBXBuildFile; fileRef = 757C457B16C4595100487778 /* SceneNode.cpp */; };
		757C458816C5A45800487778 /* ShaderCache.cpp in Sources */ = {isa = PBXBuildFile; fileRef = 757C458616C5A45800487778 /* ShaderCache.cpp */; };
		757C459716C5A63C00487778 /* dense_hash_map in Resources */ = {isa = PBXBuildFile; fileRef = 757C458B16C5A63C00487778 /* dense_hash_map */; };
		757C459816C5A63C00487778 /* dense_hash_set in Resources */ = {isa = PBXBuildFile; fileRef = 757C458C16C5A63C00487778 /* dense_hash_set */; };
		757C459916C5A63C00487778 /* sparse_hash_map in Resources */ = {isa = PBXBuildFile; fileRef = 757C459216C5A63C00487778 /* sparse_hash_map */; };
		757C459A16C5A63C00487778 /* sparse_hash_set in Resources */ = {isa = PBXBuildFile; fileRef = 757C459316C5A63C00487778 /* sparse_hash_set */; };
		757C459B16C5A63C00487778 /* sparsetable in Resources */ = {isa = PBXBuildFile; fileRef = 757C459416C5A63C00487778 /* sparsetable */; };
		75C139A716BE91E900F81C99 /* Cocoa.framework in Frameworks */ = {isa = PBXBuildFile; fileRef = 75C139A616BE91E900F81C99 /* Cocoa.framework */; };
		75C139B116BE91E900F81C99 /* InfoPlist.strings in Resources */ = {isa = PBXBuildFile; fileRef = 75C139AF16BE91E900F81C99 /* InfoPlist.strings */; };
		75C139B316BE91E900F81C99 /* main.m in Sources */ = {isa = PBXBuildFile; fileRef = 75C139B216BE91E900F81C99 /* main.m */; };
		75C139BD16BE91EA00F81C99 /* MainMenu.xib in Resources */ = {isa = PBXBuildFile; fileRef = 75C139BB16BE91EA00F81C99 /* MainMenu.xib */; };
		75C139C516BE927300F81C99 /* MainController.m in Sources */ = {isa = PBXBuildFile; fileRef = 75C139C416BE927300F81C99 /* MainController.m */; };
		75C139C816BE92AD00F81C99 /* OpenGLView.m in Sources */ = {isa = PBXBuildFile; fileRef = 75C139C716BE92AD00F81C99 /* OpenGLView.m */; };
		75C139CA16BE949A00F81C99 /* CoreGraphics.framework in Frameworks */ = {isa = PBXBuildFile; fileRef = 75C139C916BE949A00F81C99 /* CoreGraphics.framework */; };
		75C139CC16BE94A300F81C99 /* CoreVideo.framework in Frameworks */ = {isa = PBXBuildFile; fileRef = 75C139CB16BE94A300F81C99 /* CoreVideo.framework */; };
		75C139CE16BE94AA00F81C99 /* OpenGL.framework in Frameworks */ = {isa = PBXBuildFile; fileRef = 75C139CD16BE94AA00F81C99 /* OpenGL.framework */; };
		75C13C9B16BEA11B00F81C99 /* Renderer.cpp in Sources */ = {isa = PBXBuildFile; fileRef = 75C13C9916BEA11B00F81C99 /* Renderer.cpp */; };
/* End PBXBuildFile section */

/* Begin PBXFileReference section */
		6D36DFF016C3F2CA00BEBCCC /* lapi.c */ = {isa = PBXFileReference; fileEncoding = 4; lastKnownFileType = sourcecode.c.c; path = lapi.c; sourceTree = "<group>"; };
		6D36DFF116C3F2CA00BEBCCC /* lapi.h */ = {isa = PBXFileReference; fileEncoding = 4; lastKnownFileType = sourcecode.c.h; path = lapi.h; sourceTree = "<group>"; };
		6D36DFF216C3F2CA00BEBCCC /* lauxlib.c */ = {isa = PBXFileReference; fileEncoding = 4; lastKnownFileType = sourcecode.c.c; path = lauxlib.c; sourceTree = "<group>"; };
		6D36DFF316C3F2CA00BEBCCC /* lauxlib.h */ = {isa = PBXFileReference; fileEncoding = 4; lastKnownFileType = sourcecode.c.h; path = lauxlib.h; sourceTree = "<group>"; };
		6D36DFF416C3F2CA00BEBCCC /* lbaselib.c */ = {isa = PBXFileReference; fileEncoding = 4; lastKnownFileType = sourcecode.c.c; path = lbaselib.c; sourceTree = "<group>"; };
		6D36DFF516C3F2CA00BEBCCC /* lcode.c */ = {isa = PBXFileReference; fileEncoding = 4; lastKnownFileType = sourcecode.c.c; path = lcode.c; sourceTree = "<group>"; };
		6D36DFF616C3F2CA00BEBCCC /* lcode.h */ = {isa = PBXFileReference; fileEncoding = 4; lastKnownFileType = sourcecode.c.h; path = lcode.h; sourceTree = "<group>"; };
		6D36DFF716C3F2CA00BEBCCC /* ldblib.c */ = {isa = PBXFileReference; fileEncoding = 4; lastKnownFileType = sourcecode.c.c; path = ldblib.c; sourceTree = "<group>"; };
		6D36DFF816C3F2CA00BEBCCC /* ldebug.c */ = {isa = PBXFileReference; fileEncoding = 4; lastKnownFileType = sourcecode.c.c; path = ldebug.c; sourceTree = "<group>"; };
		6D36DFF916C3F2CA00BEBCCC /* ldebug.h */ = {isa = PBXFileReference; fileEncoding = 4; lastKnownFileType = sourcecode.c.h; path = ldebug.h; sourceTree = "<group>"; };
		6D36DFFA16C3F2CA00BEBCCC /* ldo.c */ = {isa = PBXFileReference; fileEncoding = 4; lastKnownFileType = sourcecode.c.c; path = ldo.c; sourceTree = "<group>"; };
		6D36DFFB16C3F2CA00BEBCCC /* ldo.h */ = {isa = PBXFileReference; fileEncoding = 4; lastKnownFileType = sourcecode.c.h; path = ldo.h; sourceTree = "<group>"; };
		6D36DFFC16C3F2CA00BEBCCC /* ldump.c */ = {isa = PBXFileReference; fileEncoding = 4; lastKnownFileType = sourcecode.c.c; path = ldump.c; sourceTree = "<group>"; };
		6D36DFFD16C3F2CA00BEBCCC /* lfunc.c */ = {isa = PBXFileReference; fileEncoding = 4; lastKnownFileType = sourcecode.c.c; path = lfunc.c; sourceTree = "<group>"; };
		6D36DFFE16C3F2CA00BEBCCC /* lfunc.h */ = {isa = PBXFileReference; fileEncoding = 4; lastKnownFileType = sourcecode.c.h; path = lfunc.h; sourceTree = "<group>"; };
		6D36DFFF16C3F2CA00BEBCCC /* lgc.c */ = {isa = PBXFileReference; fileEncoding = 4; lastKnownFileType = sourcecode.c.c; path = lgc.c; sourceTree = "<group>"; };
		6D36E00016C3F2CA00BEBCCC /* lgc.h */ = {isa = PBXFileReference; fileEncoding = 4; lastKnownFileType = sourcecode.c.h; path = lgc.h; sourceTree = "<group>"; };
		6D36E00116C3F2CA00BEBCCC /* linit.c */ = {isa = PBXFileReference; fileEncoding = 4; lastKnownFileType = sourcecode.c.c; path = linit.c; sourceTree = "<group>"; };
		6D36E00216C3F2CA00BEBCCC /* liolib.c */ = {isa = PBXFileReference; fileEncoding = 4; lastKnownFileType = sourcecode.c.c; path = liolib.c; sourceTree = "<group>"; };
		6D36E00316C3F2CA00BEBCCC /* llex.c */ = {isa = PBXFileReference; fileEncoding = 4; lastKnownFileType = sourcecode.c.c; path = llex.c; sourceTree = "<group>"; };
		6D36E00416C3F2CA00BEBCCC /* llex.h */ = {isa = PBXFileReference; fileEncoding = 4; lastKnownFileType = sourcecode.c.h; path = llex.h; sourceTree = "<group>"; };
		6D36E00516C3F2CA00BEBCCC /* llimits.h */ = {isa = PBXFileReference; fileEncoding = 4; lastKnownFileType = sourcecode.c.h; path = llimits.h; sourceTree = "<group>"; };
		6D36E00616C3F2CA00BEBCCC /* lmathlib.c */ = {isa = PBXFileReference; fileEncoding = 4; lastKnownFileType = sourcecode.c.c; path = lmathlib.c; sourceTree = "<group>"; };
		6D36E00716C3F2CA00BEBCCC /* lmem.c */ = {isa = PBXFileReference; fileEncoding = 4; lastKnownFileType = sourcecode.c.c; path = lmem.c; sourceTree = "<group>"; };
		6D36E00816C3F2CA00BEBCCC /* lmem.h */ = {isa = PBXFileReference; fileEncoding = 4; lastKnownFileType = sourcecode.c.h; path = lmem.h; sourceTree = "<group>"; };
		6D36E00916C3F2CA00BEBCCC /* loadlib.c */ = {isa = PBXFileReference; fileEncoding = 4; lastKnownFileType = sourcecode.c.c; path = loadlib.c; sourceTree = "<group>"; };
		6D36E00A16C3F2CA00BEBCCC /* lobject.c */ = {isa = PBXFileReference; fileEncoding = 4; lastKnownFileType = sourcecode.c.c; path = lobject.c; sourceTree = "<group>"; };
		6D36E00B16C3F2CA00BEBCCC /* lobject.h */ = {isa = PBXFileReference; fileEncoding = 4; lastKnownFileType = sourcecode.c.h; path = lobject.h; sourceTree = "<group>"; };
		6D36E00C16C3F2CA00BEBCCC /* lopcodes.c */ = {isa = PBXFileReference; fileEncoding = 4; lastKnownFileType = sourcecode.c.c; path = lopcodes.c; sourceTree = "<group>"; };
		6D36E00D16C3F2CA00BEBCCC /* lopcodes.h */ = {isa = PBXFileReference; fileEncoding = 4; lastKnownFileType = sourcecode.c.h; path = lopcodes.h; sourceTree = "<group>"; };
		6D36E00E16C3F2CA00BEBCCC /* loslib.c */ = {isa = PBXFileReference; fileEncoding = 4; lastKnownFileType = sourcecode.c.c; path = loslib.c; sourceTree = "<group>"; };
		6D36E00F16C3F2CA00BEBCCC /* lparser.c */ = {isa = PBXFileReference; fileEncoding = 4; lastKnownFileType = sourcecode.c.c; path = lparser.c; sourceTree = "<group>"; };
		6D36E01016C3F2CA00BEBCCC /* lparser.h */ = {isa = PBXFileReference; fileEncoding = 4; lastKnownFileType = sourcecode.c.h; path = lparser.h; sourceTree = "<group>"; };
		6D36E01116C3F2CA00BEBCCC /* lstate.c */ = {isa = PBXFileReference; fileEncoding = 4; lastKnownFileType = sourcecode.c.c; path = lstate.c; sourceTree = "<group>"; };
		6D36E01216C3F2CA00BEBCCC /* lstate.h */ = {isa = PBXFileReference; fileEncoding = 4; lastKnownFileType = sourcecode.c.h; path = lstate.h; sourceTree = "<group>"; };
		6D36E01316C3F2CA00BEBCCC /* lstring.c */ = {isa = PBXFileReference; fileEncoding = 4; lastKnownFileType = sourcecode.c.c; path = lstring.c; sourceTree = "<group>"; };
		6D36E01416C3F2CA00BEBCCC /* lstring.h */ = {isa = PBXFileReference; fileEncoding = 4; lastKnownFileType = sourcecode.c.h; path = lstring.h; sourceTree = "<group>"; };
		6D36E01516C3F2CA00BEBCCC /* lstrlib.c */ = {isa = PBXFileReference; fileEncoding = 4; lastKnownFileType = sourcecode.c.c; path = lstrlib.c; sourceTree = "<group>"; };
		6D36E01616C3F2CA00BEBCCC /* ltable.c */ = {isa = PBXFileReference; fileEncoding = 4; lastKnownFileType = sourcecode.c.c; path = ltable.c; sourceTree = "<group>"; };
		6D36E01716C3F2CA00BEBCCC /* ltable.h */ = {isa = PBXFileReference; fileEncoding = 4; lastKnownFileType = sourcecode.c.h; path = ltable.h; sourceTree = "<group>"; };
		6D36E01816C3F2CA00BEBCCC /* ltablib.c */ = {isa = PBXFileReference; fileEncoding = 4; lastKnownFileType = sourcecode.c.c; path = ltablib.c; sourceTree = "<group>"; };
		6D36E01916C3F2CA00BEBCCC /* ltm.c */ = {isa = PBXFileReference; fileEncoding = 4; lastKnownFileType = sourcecode.c.c; path = ltm.c; sourceTree = "<group>"; };
		6D36E01A16C3F2CA00BEBCCC /* ltm.h */ = {isa = PBXFileReference; fileEncoding = 4; lastKnownFileType = sourcecode.c.h; path = ltm.h; sourceTree = "<group>"; };
		6D36E01B16C3F2CA00BEBCCC /* Lua-Prefix.pch */ = {isa = PBXFileReference; fileEncoding = 4; lastKnownFileType = sourcecode.c.h; path = "Lua-Prefix.pch"; sourceTree = "<group>"; };
		6D36E01C16C3F2CA00BEBCCC /* lua.h */ = {isa = PBXFileReference; fileEncoding = 4; lastKnownFileType = sourcecode.c.h; path = lua.h; sourceTree = "<group>"; };
		6D36E01D16C3F2CA00BEBCCC /* luaconf.h */ = {isa = PBXFileReference; fileEncoding = 4; lastKnownFileType = sourcecode.c.h; path = luaconf.h; sourceTree = "<group>"; };
		6D36E01E16C3F2CA00BEBCCC /* lualib.h */ = {isa = PBXFileReference; fileEncoding = 4; lastKnownFileType = sourcecode.c.h; path = lualib.h; sourceTree = "<group>"; };
		6D36E01F16C3F2CA00BEBCCC /* lundump.c */ = {isa = PBXFileReference; fileEncoding = 4; lastKnownFileType = sourcecode.c.c; path = lundump.c; sourceTree = "<group>"; };
		6D36E02016C3F2CA00BEBCCC /* lundump.h */ = {isa = PBXFileReference; fileEncoding = 4; lastKnownFileType = sourcecode.c.h; path = lundump.h; sourceTree = "<group>"; };
		6D36E02116C3F2CA00BEBCCC /* lvm.c */ = {isa = PBXFileReference; fileEncoding = 4; lastKnownFileType = sourcecode.c.c; path = lvm.c; sourceTree = "<group>"; };
		6D36E02216C3F2CA00BEBCCC /* lvm.h */ = {isa = PBXFileReference; fileEncoding = 4; lastKnownFileType = sourcecode.c.h; path = lvm.h; sourceTree = "<group>"; };
		6D36E02316C3F2CA00BEBCCC /* lzio.c */ = {isa = PBXFileReference; fileEncoding = 4; lastKnownFileType = sourcecode.c.c; path = lzio.c; sourceTree = "<group>"; };
		6D36E02416C3F2CA00BEBCCC /* lzio.h */ = {isa = PBXFileReference; fileEncoding = 4; lastKnownFileType = sourcecode.c.h; path = lzio.h; sourceTree = "<group>"; };
		6D36E02516C3F2CA00BEBCCC /* print.c */ = {isa = PBXFileReference; fileEncoding = 4; lastKnownFileType = sourcecode.c.c; path = print.c; sourceTree = "<group>"; };
		6D36E07D16C3FBCF00BEBCCC /* Vertex.cpp */ = {isa = PBXFileReference; fileEncoding = 4; lastKnownFileType = sourcecode.cpp.cpp; path = Vertex.cpp; sourceTree = "<group>"; };
		6D36E07E16C3FBCF00BEBCCC /* Vertex.h */ = {isa = PBXFileReference; fileEncoding = 4; lastKnownFileType = sourcecode.c.h; path = Vertex.h; sourceTree = "<group>"; };
		6D36E08016C3FC7800BEBCCC /* Surface.cpp */ = {isa = PBXFileReference; fileEncoding = 4; lastKnownFileType = sourcecode.cpp.cpp; path = Surface.cpp; sourceTree = "<group>"; };
		6D36E08116C3FC7800BEBCCC /* Surface.h */ = {isa = PBXFileReference; fileEncoding = 4; lastKnownFileType = sourcecode.c.h; path = Surface.h; sourceTree = "<group>"; };
		6D36E0A116C413FC00BEBCCC /* RendererGL.cpp */ = {isa = PBXFileReference; fileEncoding = 4; lastKnownFileType = sourcecode.cpp.cpp; name = RendererGL.cpp; path = GL/RendererGL.cpp; sourceTree = "<group>"; };
		6D36E0A216C413FC00BEBCCC /* RendererGL.h */ = {isa = PBXFileReference; fileEncoding = 4; lastKnownFileType = sourcecode.c.h; name = RendererGL.h; path = GL/RendererGL.h; sourceTree = "<group>"; };
		6D36E0A516C415DB00BEBCCC /* GameObject.cpp */ = {isa = PBXFileReference; fileEncoding = 4; lastKnownFileType = sourcecode.cpp.cpp; name = GameObject.cpp; path = ../../Core/GameObject.cpp; sourceTree = "<group>"; };
		6D36E0A616C415DC00BEBCCC /* GameObject.h */ = {isa = PBXFileReference; fileEncoding = 4; lastKnownFileType = sourcecode.c.h; name = GameObject.h; path = ../../Core/GameObject.h; sourceTree = "<group>"; };
		6D36E0A816C4160300BEBCCC /* Transform.cpp */ = {isa = PBXFileReference; fileEncoding = 4; lastKnownFileType = sourcecode.cpp.cpp; name = Transform.cpp; path = ../../Core/Transform.cpp; sourceTree = "<group>"; };
		6D36E0A916C4160300BEBCCC /* Transform.h */ = {isa = PBXFileReference; fileEncoding = 4; lastKnownFileType = sourcecode.c.h; name = Transform.h; path = ../../Core/Transform.h; sourceTree = "<group>"; };
		6D36E0D616C54E3A00BEBCCC /* Game.cpp */ = {isa = PBXFileReference; fileEncoding = 4; lastKnownFileType = sourcecode.cpp.cpp; name = Game.cpp; path = ../../Game/Game.cpp; sourceTree = "<group>"; };
		6D36E0D716C54E3A00BEBCCC /* Game.h */ = {isa = PBXFileReference; fileEncoding = 4; lastKnownFileType = sourcecode.c.h; name = Game.h; path = ../../Game/Game.h; sourceTree = "<group>"; };
		6D36E0D916C552A400BEBCCC /* GameClock.cpp */ = {isa = PBXFileReference; fileEncoding = 4; lastKnownFileType = sourcecode.cpp.cpp; name = GameClock.cpp; path = ../../Game/GameClock.cpp; sourceTree = "<group>"; };
		6D36E0DA16C552A400BEBCCC /* GameClock.h */ = {isa = PBXFileReference; fileEncoding = 4; lastKnownFileType = sourcecode.c.h; name = GameClock.h; path = ../../Game/GameClock.h; sourceTree = "<group>"; };
		6D36E0DC16C557CF00BEBCCC /* StaticMesh.cpp */ = {isa = PBXFileReference; fileEncoding = 4; lastKnownFileType = sourcecode.cpp.cpp; path = StaticMesh.cpp; sourceTree = "<group>"; };
		6D36E0DD16C557CF00BEBCCC /* StaticMesh.h */ = {isa = PBXFileReference; fileEncoding = 4; lastKnownFileType = sourcecode.c.h; path = StaticMesh.h; sourceTree = "<group>"; };
		6D36E0DF16C5595500BEBCCC /* LinkedList.h */ = {isa = PBXFileReference; lastKnownFileType = sourcecode.c.h; name = LinkedList.h; path = ../../Util/LinkedList.h; sourceTree = "<group>"; };
		6D36E0E016C5611C00BEBCCC /* Material.cpp */ = {isa = PBXFileReference; fileEncoding = 4; lastKnownFileType = sourcecode.cpp.cpp; path = Material.cpp; sourceTree = "<group>"; };
		6D36E0E116C5611C00BEBCCC /* Material.h */ = {isa = PBXFileReference; fileEncoding = 4; lastKnownFileType = sourcecode.c.h; path = Material.h; sourceTree = "<group>"; };
		6D36E0E316C564F500BEBCCC /* ShaderGL.cpp */ = {isa = PBXFileReference; fileEncoding = 4; lastKnownFileType = sourcecode.cpp.cpp; name = ShaderGL.cpp; path = GL/ShaderGL.cpp; sourceTree = "<group>"; };
		6D36E0E416C564F500BEBCCC /* ShaderGL.h */ = {isa = PBXFileReference; fileEncoding = 4; lastKnownFileType = sourcecode.c.h; name = ShaderGL.h; path = GL/ShaderGL.h; sourceTree = "<group>"; };
		6D36E0E616C5654E00BEBCCC /* Shader.cpp */ = {isa = PBXFileReference; fileEncoding = 4; lastKnownFileType = sourcecode.cpp.cpp; path = Shader.cpp; sourceTree = "<group>"; };
		6D36E0E716C5654E00BEBCCC /* Shader.h */ = {isa = PBXFileReference; fileEncoding = 4; lastKnownFileType = sourcecode.c.h; path = Shader.h; sourceTree = "<group>"; };
		757C457516C443B000487778 /* List.h */ = {isa = PBXFileReference; lastKnownFileType = sourcecode.c.h; name = List.h; path = Util/List.h; sourceTree = "<group>"; };
		757C457716C444C900487778 /* Log.h */ = {isa = PBXFileReference; lastKnownFileType = sourcecode.c.h; name = Log.h; path = ../../Util/Log.h; sourceTree = "<group>"; };
		757C457816C4513000487778 /* World.cpp */ = {isa = PBXFileReference; fileEncoding = 4; lastKnownFileType = sourcecode.cpp.cpp; name = World.cpp; path = ../../Core/World.cpp; sourceTree = "<group>"; };
		757C457916C4513000487778 /* World.h */ = {isa = PBXFileReference; fileEncoding = 4; lastKnownFileType = sourcecode.c.h; name = World.h; path = ../../Core/World.h; sourceTree = "<group>"; };
		757C457B16C4595100487778 /* SceneNode.cpp */ = {isa = PBXFileReference; fileEncoding = 4; lastKnownFileType = sourcecode.cpp.cpp; name = SceneNode.cpp; path = ../../Core/SceneNode.cpp; sourceTree = "<group>"; };
		757C457C16C4595100487778 /* SceneNode.h */ = {isa = PBXFileReference; fileEncoding = 4; lastKnownFileType = sourcecode.c.h; name = SceneNode.h; path = ../../Core/SceneNode.h; sourceTree = "<group>"; };
		757C458616C5A45800487778 /* ShaderCache.cpp */ = {isa = PBXFileReference; fileEncoding = 4; lastKnownFileType = sourcecode.cpp.cpp; path = ShaderCache.cpp; sourceTree = "<group>"; };
		757C458716C5A45800487778 /* ShaderCache.h */ = {isa = PBXFileReference; fileEncoding = 4; lastKnownFileType = sourcecode.c.h; path = ShaderCache.h; sourceTree = "<group>"; };
		757C458B16C5A63C00487778 /* dense_hash_map */ = {isa = PBXFileReference; fileEncoding = 4; lastKnownFileType = text; path = dense_hash_map; sourceTree = "<group>"; };
		757C458C16C5A63C00487778 /* dense_hash_set */ = {isa = PBXFileReference; fileEncoding = 4; lastKnownFileType = text; path = dense_hash_set; sourceTree = "<group>"; };
		757C458E16C5A63C00487778 /* densehashtable.h */ = {isa = PBXFileReference; fileEncoding = 4; lastKnownFileType = sourcecode.c.h; path = densehashtable.h; sourceTree = "<group>"; };
		757C458F16C5A63C00487778 /* hashtable-common.h */ = {isa = PBXFileReference; fileEncoding = 4; lastKnownFileType = sourcecode.c.h; path = "hashtable-common.h"; sourceTree = "<group>"; };
		757C459016C5A63C00487778 /* libc_allocator_with_realloc.h */ = {isa = PBXFileReference; fileEncoding = 4; lastKnownFileType = sourcecode.c.h; path = libc_allocator_with_realloc.h; sourceTree = "<group>"; };
		757C459116C5A63C00487778 /* sparsehashtable.h */ = {isa = PBXFileReference; fileEncoding = 4; lastKnownFileType = sourcecode.c.h; path = sparsehashtable.h; sourceTree = "<group>"; };
		757C459216C5A63C00487778 /* sparse_hash_map */ = {isa = PBXFileReference; fileEncoding = 4; lastKnownFileType = text; path = sparse_hash_map; sourceTree = "<group>"; };
		757C459316C5A63C00487778 /* sparse_hash_set */ = {isa = PBXFileReference; fileEncoding = 4; lastKnownFileType = text; path = sparse_hash_set; sourceTree = "<group>"; };
		757C459416C5A63C00487778 /* sparsetable */ = {isa = PBXFileReference; fileEncoding = 4; lastKnownFileType = text; path = sparsetable; sourceTree = "<group>"; };
		757C459516C5A63C00487778 /* template_util.h */ = {isa = PBXFileReference; fileEncoding = 4; lastKnownFileType = sourcecode.c.h; path = template_util.h; sourceTree = "<group>"; };
		757C459616C5A63C00487778 /* type_traits.h */ = {isa = PBXFileReference; fileEncoding = 4; lastKnownFileType = sourcecode.c.h; path = type_traits.h; sourceTree = "<group>"; };
		757C459C16C5A6AB00487778 /* HashMap.h */ = {isa = PBXFileReference; lastKnownFileType = sourcecode.c.h; name = HashMap.h; path = ../../Util/HashMap.h; sourceTree = "<group>"; };
		75A8217816C2F64C00C2E102 /* Vector.h */ = {isa = PBXFileReference; lastKnownFileType = sourcecode.c.h; path = Vector.h; sourceTree = "<group>"; };
		75A8217916C2FC6B00C2E102 /* Matrix.h */ = {isa = PBXFileReference; lastKnownFileType = sourcecode.c.h; path = Matrix.h; sourceTree = "<group>"; };
		75C139A216BE91E900F81C99 /* Wonderland.app */ = {isa = PBXFileReference; explicitFileType = wrapper.application; includeInIndex = 0; path = Wonderland.app; sourceTree = BUILT_PRODUCTS_DIR; };
		75C139A616BE91E900F81C99 /* Cocoa.framework */ = {isa = PBXFileReference; lastKnownFileType = wrapper.framework; name = Cocoa.framework; path = System/Library/Frameworks/Cocoa.framework; sourceTree = SDKROOT; };
		75C139A916BE91E900F81C99 /* AppKit.framework */ = {isa = PBXFileReference; lastKnownFileType = wrapper.framework; name = AppKit.framework; path = System/Library/Frameworks/AppKit.framework; sourceTree = SDKROOT; };
		75C139AA16BE91E900F81C99 /* CoreData.framework */ = {isa = PBXFileReference; lastKnownFileType = wrapper.framework; name = CoreData.framework; path = System/Library/Frameworks/CoreData.framework; sourceTree = SDKROOT; };
		75C139AB16BE91E900F81C99 /* Foundation.framework */ = {isa = PBXFileReference; lastKnownFileType = wrapper.framework; name = Foundation.framework; path = System/Library/Frameworks/Foundation.framework; sourceTree = SDKROOT; };
		75C139AE16BE91E900F81C99 /* Wonderland-Info.plist */ = {isa = PBXFileReference; lastKnownFileType = text.plist.xml; path = "Wonderland-Info.plist"; sourceTree = "<group>"; };
		75C139B016BE91E900F81C99 /* en */ = {isa = PBXFileReference; lastKnownFileType = text.plist.strings; name = en; path = en.lproj/InfoPlist.strings; sourceTree = "<group>"; };
		75C139B216BE91E900F81C99 /* main.m */ = {isa = PBXFileReference; lastKnownFileType = sourcecode.c.objc; path = main.m; sourceTree = "<group>"; };
		75C139B416BE91E900F81C99 /* Wonderland-Prefix.pch */ = {isa = PBXFileReference; lastKnownFileType = sourcecode.c.h; path = "Wonderland-Prefix.pch"; sourceTree = "<group>"; };
		75C139BC16BE91EA00F81C99 /* en */ = {isa = PBXFileReference; lastKnownFileType = file.xib; name = en; path = en.lproj/MainMenu.xib; sourceTree = "<group>"; };
		75C139C316BE927300F81C99 /* MainController.h */ = {isa = PBXFileReference; fileEncoding = 4; lastKnownFileType = sourcecode.c.h; path = MainController.h; sourceTree = "<group>"; };
		75C139C416BE927300F81C99 /* MainController.m */ = {isa = PBXFileReference; fileEncoding = 4; lastKnownFileType = sourcecode.c.objc; path = MainController.m; sourceTree = "<group>"; };
		75C139C616BE92AD00F81C99 /* OpenGLView.h */ = {isa = PBXFileReference; fileEncoding = 4; lastKnownFileType = sourcecode.c.h; path = OpenGLView.h; sourceTree = "<group>"; };
		75C139C716BE92AD00F81C99 /* OpenGLView.m */ = {isa = PBXFileReference; fileEncoding = 4; lastKnownFileType = sourcecode.c.objc; path = OpenGLView.m; sourceTree = "<group>"; };
		75C139C916BE949A00F81C99 /* CoreGraphics.framework */ = {isa = PBXFileReference; lastKnownFileType = wrapper.framework; name = CoreGraphics.framework; path = System/Library/Frameworks/CoreGraphics.framework; sourceTree = SDKROOT; };
		75C139CB16BE94A300F81C99 /* CoreVideo.framework */ = {isa = PBXFileReference; lastKnownFileType = wrapper.framework; name = CoreVideo.framework; path = System/Library/Frameworks/CoreVideo.framework; sourceTree = SDKROOT; };
		75C139CD16BE94AA00F81C99 /* OpenGL.framework */ = {isa = PBXFileReference; lastKnownFileType = wrapper.framework; name = OpenGL.framework; path = System/Library/Frameworks/OpenGL.framework; sourceTree = SDKROOT; };
		75C13C9916BEA11B00F81C99 /* Renderer.cpp */ = {isa = PBXFileReference; fileEncoding = 4; lastKnownFileType = sourcecode.cpp.cpp; path = Renderer.cpp; sourceTree = "<group>"; };
		75C13C9A16BEA11B00F81C99 /* Renderer.h */ = {isa = PBXFileReference; fileEncoding = 4; lastKnownFileType = sourcecode.c.h; path = Renderer.h; sourceTree = "<group>"; };
/* End PBXFileReference section */

/* Begin PBXFrameworksBuildPhase section */
		75C1399F16BE91E900F81C99 /* Frameworks */ = {
			isa = PBXFrameworksBuildPhase;
			buildActionMask = 2147483647;
			files = (
				75C139CE16BE94AA00F81C99 /* OpenGL.framework in Frameworks */,
				75C139CC16BE94A300F81C99 /* CoreVideo.framework in Frameworks */,
				75C139CA16BE949A00F81C99 /* CoreGraphics.framework in Frameworks */,
				75C139A716BE91E900F81C99 /* Cocoa.framework in Frameworks */,
			);
			runOnlyForDeploymentPostprocessing = 0;
		};
/* End PBXFrameworksBuildPhase section */

/* Begin PBXGroup section */
		6D36DFEF16C3F2CA00BEBCCC /* Lua */ = {
			isa = PBXGroup;
			children = (
				6D36DFF016C3F2CA00BEBCCC /* lapi.c */,
				6D36DFF116C3F2CA00BEBCCC /* lapi.h */,
				6D36DFF216C3F2CA00BEBCCC /* lauxlib.c */,
				6D36DFF316C3F2CA00BEBCCC /* lauxlib.h */,
				6D36DFF416C3F2CA00BEBCCC /* lbaselib.c */,
				6D36DFF516C3F2CA00BEBCCC /* lcode.c */,
				6D36DFF616C3F2CA00BEBCCC /* lcode.h */,
				6D36DFF716C3F2CA00BEBCCC /* ldblib.c */,
				6D36DFF816C3F2CA00BEBCCC /* ldebug.c */,
				6D36DFF916C3F2CA00BEBCCC /* ldebug.h */,
				6D36DFFA16C3F2CA00BEBCCC /* ldo.c */,
				6D36DFFB16C3F2CA00BEBCCC /* ldo.h */,
				6D36DFFC16C3F2CA00BEBCCC /* ldump.c */,
				6D36DFFD16C3F2CA00BEBCCC /* lfunc.c */,
				6D36DFFE16C3F2CA00BEBCCC /* lfunc.h */,
				6D36DFFF16C3F2CA00BEBCCC /* lgc.c */,
				6D36E00016C3F2CA00BEBCCC /* lgc.h */,
				6D36E00116C3F2CA00BEBCCC /* linit.c */,
				6D36E00216C3F2CA00BEBCCC /* liolib.c */,
				6D36E00316C3F2CA00BEBCCC /* llex.c */,
				6D36E00416C3F2CA00BEBCCC /* llex.h */,
				6D36E00516C3F2CA00BEBCCC /* llimits.h */,
				6D36E00616C3F2CA00BEBCCC /* lmathlib.c */,
				6D36E00716C3F2CA00BEBCCC /* lmem.c */,
				6D36E00816C3F2CA00BEBCCC /* lmem.h */,
				6D36E00916C3F2CA00BEBCCC /* loadlib.c */,
				6D36E00A16C3F2CA00BEBCCC /* lobject.c */,
				6D36E00B16C3F2CA00BEBCCC /* lobject.h */,
				6D36E00C16C3F2CA00BEBCCC /* lopcodes.c */,
				6D36E00D16C3F2CA00BEBCCC /* lopcodes.h */,
				6D36E00E16C3F2CA00BEBCCC /* loslib.c */,
				6D36E00F16C3F2CA00BEBCCC /* lparser.c */,
				6D36E01016C3F2CA00BEBCCC /* lparser.h */,
				6D36E01116C3F2CA00BEBCCC /* lstate.c */,
				6D36E01216C3F2CA00BEBCCC /* lstate.h */,
				6D36E01316C3F2CA00BEBCCC /* lstring.c */,
				6D36E01416C3F2CA00BEBCCC /* lstring.h */,
				6D36E01516C3F2CA00BEBCCC /* lstrlib.c */,
				6D36E01616C3F2CA00BEBCCC /* ltable.c */,
				6D36E01716C3F2CA00BEBCCC /* ltable.h */,
				6D36E01816C3F2CA00BEBCCC /* ltablib.c */,
				6D36E01916C3F2CA00BEBCCC /* ltm.c */,
				6D36E01A16C3F2CA00BEBCCC /* ltm.h */,
				6D36E01B16C3F2CA00BEBCCC /* Lua-Prefix.pch */,
				6D36E01C16C3F2CA00BEBCCC /* lua.h */,
				6D36E01D16C3F2CA00BEBCCC /* luaconf.h */,
				6D36E01E16C3F2CA00BEBCCC /* lualib.h */,
				6D36E01F16C3F2CA00BEBCCC /* lundump.c */,
				6D36E02016C3F2CA00BEBCCC /* lundump.h */,
				6D36E02116C3F2CA00BEBCCC /* lvm.c */,
				6D36E02216C3F2CA00BEBCCC /* lvm.h */,
				6D36E02316C3F2CA00BEBCCC /* lzio.c */,
				6D36E02416C3F2CA00BEBCCC /* lzio.h */,
				6D36E02516C3F2CA00BEBCCC /* print.c */,
			);
			path = Lua;
			sourceTree = "<group>";
		};
		6D36E0A016C413EC00BEBCCC /* GL */ = {
			isa = PBXGroup;
			children = (
				6D36E0A116C413FC00BEBCCC /* RendererGL.cpp */,
				6D36E0A216C413FC00BEBCCC /* RendererGL.h */,
				6D36E0E316C564F500BEBCCC /* ShaderGL.cpp */,
				6D36E0E416C564F500BEBCCC /* ShaderGL.h */,
			);
			name = GL;
			sourceTree = "<group>";
		};
		6D36E0A416C415CA00BEBCCC /* Core */ = {
			isa = PBXGroup;
			children = (
				6D36E0A516C415DB00BEBCCC /* GameObject.cpp */,
				6D36E0A616C415DC00BEBCCC /* GameObject.h */,
				6D36E0A816C4160300BEBCCC /* Transform.cpp */,
				6D36E0A916C4160300BEBCCC /* Transform.h */,
				757C457816C4513000487778 /* World.cpp */,
				757C457916C4513000487778 /* World.h */,
				757C457B16C4595100487778 /* SceneNode.cpp */,
				757C457C16C4595100487778 /* SceneNode.h */,
			);
			name = Core;
			sourceTree = "<group>";
		};
		6D36E0D416C54E0C00BEBCCC /* Game */ = {
			isa = PBXGroup;
			children = (
				6D36E0D616C54E3A00BEBCCC /* Game.cpp */,
				6D36E0D716C54E3A00BEBCCC /* Game.h */,
				6D36E0D916C552A400BEBCCC /* GameClock.cpp */,
				6D36E0DA16C552A400BEBCCC /* GameClock.h */,
			);
			name = Game;
			sourceTree = "<group>";
		};
		757C457316C4439200487778 /* Util */ = {
			isa = PBXGroup;
			children = (
				757C457516C443B000487778 /* List.h */,
			);
			name = Util;
			sourceTree = "<group>";
		};
		757C457616C444AF00487778 /* Util */ = {
			isa = PBXGroup;
			children = (
				757C457716C444C900487778 /* Log.h */,
				6D36E0DF16C5595500BEBCCC /* LinkedList.h */,
				757C459C16C5A6AB00487778 /* HashMap.h */,
			);
			name = Util;
			sourceTree = "<group>";
		};
		757C458A16C5A63C00487778 /* sparsehash */ = {
			isa = PBXGroup;
			children = (
				757C458B16C5A63C00487778 /* dense_hash_map */,
				757C458C16C5A63C00487778 /* dense_hash_set */,
				757C458D16C5A63C00487778 /* internal */,
				757C459216C5A63C00487778 /* sparse_hash_map */,
				757C459316C5A63C00487778 /* sparse_hash_set */,
				757C459416C5A63C00487778 /* sparsetable */,
				757C459516C5A63C00487778 /* template_util.h */,
				757C459616C5A63C00487778 /* type_traits.h */,
			);
			path = sparsehash;
			sourceTree = "<group>";
		};
		757C458D16C5A63C00487778 /* internal */ = {
			isa = PBXGroup;
			children = (
				757C458E16C5A63C00487778 /* densehashtable.h */,
				757C458F16C5A63C00487778 /* hashtable-common.h */,
				757C459016C5A63C00487778 /* libc_allocator_with_realloc.h */,
				757C459116C5A63C00487778 /* sparsehashtable.h */,
			);
			path = internal;
			sourceTree = "<group>";
		};
		75A8217716C2F61A00C2E102 /* Math */ = {
			isa = PBXGroup;
			children = (
				75A8217816C2F64C00C2E102 /* Vector.h */,
				75A8217916C2FC6B00C2E102 /* Matrix.h */,
			);
			name = Math;
			path = ../../Math;
			sourceTree = "<group>";
		};
		75C1399716BE91E800F81C99 = {
			isa = PBXGroup;
			children = (
				6D36E0D416C54E0C00BEBCCC /* Game */,
				757C457616C444AF00487778 /* Util */,
				6D36E0A416C415CA00BEBCCC /* Core */,
				75A8217716C2F61A00C2E102 /* Math */,
				75C13C9416BEA0DB00F81C99 /* Renderer */,
				75C139CF16BE973700F81C99 /* External */,
				75C139AC16BE91E900F81C99 /* WonderlandMac */,
				75C139A516BE91E900F81C99 /* Frameworks */,
				75C139A316BE91E900F81C99 /* Products */,
			);
			sourceTree = "<group>";
		};
		75C139A316BE91E900F81C99 /* Products */ = {
			isa = PBXGroup;
			children = (
				75C139A216BE91E900F81C99 /* Wonderland.app */,
			);
			name = Products;
			sourceTree = "<group>";
		};
		75C139A516BE91E900F81C99 /* Frameworks */ = {
			isa = PBXGroup;
			children = (
				75C139CD16BE94AA00F81C99 /* OpenGL.framework */,
				75C139CB16BE94A300F81C99 /* CoreVideo.framework */,
				75C139C916BE949A00F81C99 /* CoreGraphics.framework */,
				75C139A616BE91E900F81C99 /* Cocoa.framework */,
				75C139A816BE91E900F81C99 /* Other Frameworks */,
			);
			name = Frameworks;
			sourceTree = "<group>";
		};
		75C139A816BE91E900F81C99 /* Other Frameworks */ = {
			isa = PBXGroup;
			children = (
				75C139A916BE91E900F81C99 /* AppKit.framework */,
				75C139AA16BE91E900F81C99 /* CoreData.framework */,
				75C139AB16BE91E900F81C99 /* Foundation.framework */,
			);
			name = "Other Frameworks";
			sourceTree = "<group>";
		};
		75C139AC16BE91E900F81C99 /* WonderlandMac */ = {
			isa = PBXGroup;
			children = (
				75C139BB16BE91EA00F81C99 /* MainMenu.xib */,
				75C139AD16BE91E900F81C99 /* Supporting Files */,
				75C139C316BE927300F81C99 /* MainController.h */,
				75C139C416BE927300F81C99 /* MainController.m */,
				75C139C616BE92AD00F81C99 /* OpenGLView.h */,
				75C139C716BE92AD00F81C99 /* OpenGLView.m */,
			);
			path = WonderlandMac;
			sourceTree = "<group>";
		};
		75C139AD16BE91E900F81C99 /* Supporting Files */ = {
			isa = PBXGroup;
			children = (
				75C139AE16BE91E900F81C99 /* Wonderland-Info.plist */,
				75C139AF16BE91E900F81C99 /* InfoPlist.strings */,
				75C139B216BE91E900F81C99 /* main.m */,
				75C139B416BE91E900F81C99 /* Wonderland-Prefix.pch */,
			);
			name = "Supporting Files";
			sourceTree = "<group>";
		};
		75C139CF16BE973700F81C99 /* External */ = {
			isa = PBXGroup;
			children = (
				757C458A16C5A63C00487778 /* sparsehash */,
				757C457316C4439200487778 /* Util */,
				6D36DFEF16C3F2CA00BEBCCC /* Lua */,
			);
			name = External;
			path = ../../External;
			sourceTree = "<group>";
		};
		75C13C9416BEA0DB00F81C99 /* Renderer */ = {
			isa = PBXGroup;
			children = (
				6D36E0A016C413EC00BEBCCC /* GL */,
				75C13C9916BEA11B00F81C99 /* Renderer.cpp */,
				75C13C9A16BEA11B00F81C99 /* Renderer.h */,
				6D36E07D16C3FBCF00BEBCCC /* Vertex.cpp */,
				6D36E07E16C3FBCF00BEBCCC /* Vertex.h */,
				6D36E08016C3FC7800BEBCCC /* Surface.cpp */,
				6D36E08116C3FC7800BEBCCC /* Surface.h */,
				6D36E0DC16C557CF00BEBCCC /* StaticMesh.cpp */,
				6D36E0DD16C557CF00BEBCCC /* StaticMesh.h */,
				6D36E0E016C5611C00BEBCCC /* Material.cpp */,
				6D36E0E116C5611C00BEBCCC /* Material.h */,
				6D36E0E616C5654E00BEBCCC /* Shader.cpp */,
				6D36E0E716C5654E00BEBCCC /* Shader.h */,
				757C458616C5A45800487778 /* ShaderCache.cpp */,
				757C458716C5A45800487778 /* ShaderCache.h */,
			);
			name = Renderer;
			path = ../../Renderer;
			sourceTree = "<group>";
		};
/* End PBXGroup section */

/* Begin PBXNativeTarget section */
		75C139A116BE91E900F81C99 /* Wonderland */ = {
			isa = PBXNativeTarget;
			buildConfigurationList = 75C139C016BE91EA00F81C99 /* Build configuration list for PBXNativeTarget "Wonderland" */;
			buildPhases = (
				75C1399E16BE91E900F81C99 /* Sources */,
				75C1399F16BE91E900F81C99 /* Frameworks */,
				75C139A016BE91E900F81C99 /* Resources */,
			);
			buildRules = (
			);
			dependencies = (
			);
			name = Wonderland;
			productName = CodeaMac;
			productReference = 75C139A216BE91E900F81C99 /* Wonderland.app */;
			productType = "com.apple.product-type.application";
		};
/* End PBXNativeTarget section */

/* Begin PBXProject section */
		75C1399916BE91E900F81C99 /* Project object */ = {
			isa = PBXProject;
			attributes = {
				LastUpgradeCheck = 0450;
				ORGANIZATIONNAME = "Artur Mazurek";
			};
			buildConfigurationList = 75C1399C16BE91E900F81C99 /* Build configuration list for PBXProject "Wonderland" */;
			compatibilityVersion = "Xcode 3.2";
			developmentRegion = English;
			hasScannedForEncodings = 0;
			knownRegions = (
				en,
			);
			mainGroup = 75C1399716BE91E800F81C99;
			productRefGroup = 75C139A316BE91E900F81C99 /* Products */;
			projectDirPath = "";
			projectRoot = "";
			targets = (
				75C139A116BE91E900F81C99 /* Wonderland */,
			);
		};
/* End PBXProject section */

/* Begin PBXResourcesBuildPhase section */
		75C139A016BE91E900F81C99 /* Resources */ = {
			isa = PBXResourcesBuildPhase;
			buildActionMask = 2147483647;
			files = (
				75C139B116BE91E900F81C99 /* InfoPlist.strings in Resources */,
				75C139BD16BE91EA00F81C99 /* MainMenu.xib in Resources */,
				757C459716C5A63C00487778 /* dense_hash_map in Resources */,
				757C459816C5A63C00487778 /* dense_hash_set in Resources */,
				757C459916C5A63C00487778 /* sparse_hash_map in Resources */,
				757C459A16C5A63C00487778 /* sparse_hash_set in Resources */,
				757C459B16C5A63C00487778 /* sparsetable in Resources */,
			);
			runOnlyForDeploymentPostprocessing = 0;
		};
/* End PBXResourcesBuildPhase section */

/* Begin PBXSourcesBuildPhase section */
		75C1399E16BE91E900F81C99 /* Sources */ = {
			isa = PBXSourcesBuildPhase;
			buildActionMask = 2147483647;
			files = (
				75C139B316BE91E900F81C99 /* main.m in Sources */,
				75C139C516BE927300F81C99 /* MainController.m in Sources */,
				75C139C816BE92AD00F81C99 /* OpenGLView.m in Sources */,
				75C13C9B16BEA11B00F81C99 /* Renderer.cpp in Sources */,
				6D36E05716C3F2CA00BEBCCC /* lapi.c in Sources */,
				6D36E05816C3F2CA00BEBCCC /* lauxlib.c in Sources */,
				6D36E05916C3F2CA00BEBCCC /* lbaselib.c in Sources */,
				6D36E05A16C3F2CA00BEBCCC /* lcode.c in Sources */,
				6D36E05B16C3F2CA00BEBCCC /* ldblib.c in Sources */,
				6D36E05C16C3F2CA00BEBCCC /* ldebug.c in Sources */,
				6D36E05D16C3F2CA00BEBCCC /* ldo.c in Sources */,
				6D36E05E16C3F2CA00BEBCCC /* ldump.c in Sources */,
				6D36E05F16C3F2CA00BEBCCC /* lfunc.c in Sources */,
				6D36E06016C3F2CA00BEBCCC /* lgc.c in Sources */,
				6D36E06116C3F2CA00BEBCCC /* linit.c in Sources */,
				6D36E06216C3F2CA00BEBCCC /* liolib.c in Sources */,
				6D36E06316C3F2CA00BEBCCC /* llex.c in Sources */,
				6D36E06416C3F2CA00BEBCCC /* lmathlib.c in Sources */,
				6D36E06516C3F2CA00BEBCCC /* lmem.c in Sources */,
				6D36E06616C3F2CA00BEBCCC /* loadlib.c in Sources */,
				6D36E06716C3F2CA00BEBCCC /* lobject.c in Sources */,
				6D36E06816C3F2CA00BEBCCC /* lopcodes.c in Sources */,
				6D36E06916C3F2CA00BEBCCC /* loslib.c in Sources */,
				6D36E06A16C3F2CA00BEBCCC /* lparser.c in Sources */,
				6D36E06B16C3F2CA00BEBCCC /* lstate.c in Sources */,
				6D36E06C16C3F2CA00BEBCCC /* lstring.c in Sources */,
				6D36E06D16C3F2CA00BEBCCC /* lstrlib.c in Sources */,
				6D36E06E16C3F2CA00BEBCCC /* ltable.c in Sources */,
				6D36E06F16C3F2CA00BEBCCC /* ltablib.c in Sources */,
				6D36E07016C3F2CA00BEBCCC /* ltm.c in Sources */,
				6D36E07116C3F2CA00BEBCCC /* lundump.c in Sources */,
				6D36E07216C3F2CA00BEBCCC /* lvm.c in Sources */,
				6D36E07316C3F2CA00BEBCCC /* lzio.c in Sources */,
				6D36E07416C3F2CA00BEBCCC /* print.c in Sources */,
				6D36E07F16C3FBCF00BEBCCC /* Vertex.cpp in Sources */,
				6D36E08216C3FC7800BEBCCC /* Surface.cpp in Sources */,
				6D36E0A316C413FC00BEBCCC /* RendererGL.cpp in Sources */,
				6D36E0A716C415DC00BEBCCC /* GameObject.cpp in Sources */,
				6D36E0AA16C4160300BEBCCC /* Transform.cpp in Sources */,
				757C457A16C4513000487778 /* World.cpp in Sources */,
				757C457D16C4595100487778 /* SceneNode.cpp in Sources */,
				6D36E0D816C54E3A00BEBCCC /* Game.cpp in Sources */,
				6D36E0DB16C552A400BEBCCC /* GameClock.cpp in Sources */,
				6D36E0DE16C557CF00BEBCCC /* StaticMesh.cpp in Sources */,
				6D36E0E216C5611C00BEBCCC /* Material.cpp in Sources */,
				6D36E0E516C564F500BEBCCC /* ShaderGL.cpp in Sources */,
				6D36E0E816C5654E00BEBCCC /* Shader.cpp in Sources */,
				757C458816C5A45800487778 /* ShaderCache.cpp in Sources */,
			);
			runOnlyForDeploymentPostprocessing = 0;
		};
/* End PBXSourcesBuildPhase section */

/* Begin PBXVariantGroup section */
		75C139AF16BE91E900F81C99 /* InfoPlist.strings */ = {
			isa = PBXVariantGroup;
			children = (
				75C139B016BE91E900F81C99 /* en */,
			);
			name = InfoPlist.strings;
			sourceTree = "<group>";
		};
		75C139BB16BE91EA00F81C99 /* MainMenu.xib */ = {
			isa = PBXVariantGroup;
			children = (
				75C139BC16BE91EA00F81C99 /* en */,
			);
			name = MainMenu.xib;
			sourceTree = "<group>";
		};
/* End PBXVariantGroup section */

/* Begin XCBuildConfiguration section */
		75C139BE16BE91EA00F81C99 /* Debug */ = {
			isa = XCBuildConfiguration;
			buildSettings = {
				ALWAYS_SEARCH_USER_PATHS = NO;
				ARCHS = "$(ARCHS_STANDARD_64_BIT)";
				CLANG_CXX_LANGUAGE_STANDARD = "gnu++0x";
				CLANG_CXX_LIBRARY = "libc++";
				CLANG_WARN_EMPTY_BODY = YES;
				CLANG_WARN__DUPLICATE_METHOD_MATCH = YES;
				COPY_PHASE_STRIP = NO;
				GCC_C_LANGUAGE_STANDARD = gnu99;
				GCC_DYNAMIC_NO_PIC = NO;
				GCC_ENABLE_OBJC_EXCEPTIONS = YES;
				GCC_OPTIMIZATION_LEVEL = 0;
				GCC_PREPROCESSOR_DEFINITIONS = (
					"DEBUG=1",
					"$(inherited)",
				);
				GCC_SYMBOLS_PRIVATE_EXTERN = NO;
				GCC_WARN_64_TO_32_BIT_CONVERSION = YES;
				GCC_WARN_ABOUT_RETURN_TYPE = YES;
				GCC_WARN_UNINITIALIZED_AUTOS = YES;
				GCC_WARN_UNUSED_VARIABLE = YES;
				MACOSX_DEPLOYMENT_TARGET = 10.8;
				ONLY_ACTIVE_ARCH = YES;
				SDKROOT = macosx;
			};
			name = Debug;
		};
		75C139BF16BE91EA00F81C99 /* Release */ = {
			isa = XCBuildConfiguration;
			buildSettings = {
				ALWAYS_SEARCH_USER_PATHS = NO;
				ARCHS = "$(ARCHS_STANDARD_64_BIT)";
				CLANG_CXX_LANGUAGE_STANDARD = "gnu++0x";
				CLANG_CXX_LIBRARY = "libc++";
				CLANG_WARN_EMPTY_BODY = YES;
				CLANG_WARN__DUPLICATE_METHOD_MATCH = YES;
				COPY_PHASE_STRIP = YES;
				DEBUG_INFORMATION_FORMAT = "dwarf-with-dsym";
				GCC_C_LANGUAGE_STANDARD = gnu99;
				GCC_ENABLE_OBJC_EXCEPTIONS = YES;
				GCC_WARN_64_TO_32_BIT_CONVERSION = YES;
				GCC_WARN_ABOUT_RETURN_TYPE = YES;
				GCC_WARN_UNINITIALIZED_AUTOS = YES;
				GCC_WARN_UNUSED_VARIABLE = YES;
				MACOSX_DEPLOYMENT_TARGET = 10.8;
				SDKROOT = macosx;
			};
			name = Release;
		};
		75C139C116BE91EA00F81C99 /* Debug */ = {
			isa = XCBuildConfiguration;
			buildSettings = {
				COMBINE_HIDPI_IMAGES = YES;
				GCC_PRECOMPILE_PREFIX_HEADER = YES;
				GCC_PREFIX_HEADER = "WonderlandMac/Wonderland-Prefix.pch";
				HEADER_SEARCH_PATHS = (
					../../External,
					../../,
				);
				INFOPLIST_FILE = "WonderlandMac/Wonderland-Info.plist";
				PRODUCT_NAME = Wonderland;
				WRAPPER_EXTENSION = app;
			};
			name = Debug;
		};
		75C139C216BE91EA00F81C99 /* Release */ = {
			isa = XCBuildConfiguration;
			buildSettings = {
				COMBINE_HIDPI_IMAGES = YES;
				GCC_PRECOMPILE_PREFIX_HEADER = YES;
				GCC_PREFIX_HEADER = "WonderlandMac/Wonderland-Prefix.pch";
				HEADER_SEARCH_PATHS = (
					../../External,
					../../,
				);
				INFOPLIST_FILE = "WonderlandMac/Wonderland-Info.plist";
				PRODUCT_NAME = Wonderland;
				WRAPPER_EXTENSION = app;
			};
			name = Release;
		};
/* End XCBuildConfiguration section */

/* Begin XCConfigurationList section */
		75C1399C16BE91E900F81C99 /* Build configuration list for PBXProject "Wonderland" */ = {
			isa = XCConfigurationList;
			buildConfigurations = (
				75C139BE16BE91EA00F81C99 /* Debug */,
				75C139BF16BE91EA00F81C99 /* Release */,
			);
			defaultConfigurationIsVisible = 0;
			defaultConfigurationName = Release;
		};
		75C139C016BE91EA00F81C99 /* Build configuration list for PBXNativeTarget "Wonderland" */ = {
			isa = XCConfigurationList;
			buildConfigurations = (
				75C139C116BE91EA00F81C99 /* Debug */,
				75C139C216BE91EA00F81C99 /* Release */,
			);
			defaultConfigurationIsVisible = 0;
			defaultConfigurationName = Release;
		};
/* End XCConfigurationList section */
	};
	rootObject = 75C1399916BE91E900F81C99 /* Project object */;
}
